Microsoft Visual Studio Solution File, Format Version 7.00
Project("{8BC9CEB8-8B4A-11D0-8D11-00A0C91BC942}") = "BKE_blenkernel", "blenkernel\BKE_blenkernel.vcproj", "{CAE37E91-6570-43AC-A4B4-7A37A4B0FC94}"
EndProject
Project("{8BC9CEB8-8B4A-11D0-8D11-00A0C91BC942}") = "BLI_blenlib", "blenlib\BLI_blenlib.vcproj", "{31628053-825D-4C06-8A21-D13883489718}"
EndProject
Project("{8BC9CEB8-8B4A-11D0-8D11-00A0C91BC942}") = "BLO_deflate", "BLO_deflate\BLO_deflate.vcproj", "{8F315DC5-38F7-4AFD-A871-89590A5012FF}"
EndProject
Project("{8BC9CEB8-8B4A-11D0-8D11-00A0C91BC942}") = "BLO_inflate", "BLO_inflate\BLO_inflate.vcproj", "{E37B5120-344F-480D-A801-45144D34173F}"
EndProject
Project("{8BC9CEB8-8B4A-11D0-8D11-00A0C91BC942}") = "BLO_loader", "loader\BLO_loader.vcproj", "{E5F2F004-C704-4DCC-A08F-6EB1E38EAB9F}"
EndProject
Project("{8BC9CEB8-8B4A-11D0-8D11-00A0C91BC942}") = "BLO_readblenfile", "BLO_readblenfile\BLO_readblenfile.vcproj", "{DB6BE55D-B6D9-494D-856A-8764FF7BA91D}"
EndProject
Project("{8BC9CEB8-8B4A-11D0-8D11-00A0C91BC942}") = "BLO_readstreamglue", "BLO_readstreamglue\BLO_readstreamglue.vcproj", "{D3AFF1CF-DCC7-494B-A7BC-F2A7F57B3DF3}"
EndProject
Project("{8BC9CEB8-8B4A-11D0-8D11-00A0C91BC942}") = "BLO_writeblenfile", "BLO_writeblenfile\BLO_writeblenfile.vcproj", "{9D4FC346-270C-4AD7-9D8E-2CF577B2947E}"
EndProject
Project("{8BC9CEB8-8B4A-11D0-8D11-00A0C91BC942}") = "BLO_writestreamglue", "BLO_writestreamglue\BLO_writestreamglue.vcproj", "{FB51F57A-0C77-414C-92AC-DE6E1FC2DB7F}"
EndProject
Project("{8BC9CEB8-8B4A-11D0-8D11-00A0C91BC942}") = "BLO_writestreamglue_stub", "BLO_writestreamglue_stub\BLO_writestreamglue_stub.vcproj", "{7A54A261-2A17-48B1-9BD6-F7990F1E4084}"
EndProject
Project("{8BC9CEB8-8B4A-11D0-8D11-00A0C91BC942}") = "BL_avi", "avi\BL_avi.vcproj", "{9A307EE5-CD77-47BC-BD87-62508C7E19D8}"
EndProject
Project("{8BC9CEB8-8B4A-11D0-8D11-00A0C91BC942}") = "BL_imbuf", "imbuf\BL_imbuf.vcproj", "{415BFD6E-64CF-422B-AF88-C07F040A7292}"
EndProject
Project("{8BC9CEB8-8B4A-11D0-8D11-00A0C91BC942}") = "BL_img", "img\BL_img.vcproj", "{0BB7E1A8-689A-4F02-A073-A3E06F989B25}"
EndProject
Project("{8BC9CEB8-8B4A-11D0-8D11-00A0C91BC942}") = "BL_src", "src\BL_src.vcproj", "{FB88301F-F725-401B-ACD7-D2ABBF333B71}"
EndProject
Project("{8BC9CEB8-8B4A-11D0-8D11-00A0C91BC942}") = "BL_src_cre", "src\BL_src_cre.vcproj", "{64019BFA-8C14-4FA6-B275-D7598D821FF6}"
EndProject
Project("{8BC9CEB8-8B4A-11D0-8D11-00A0C91BC942}") = "BPY_python", "BPY_python\BPY_python.vcproj", "{5A2EA6DC-1A53-4E87-9166-52870CE3B4EA}"
EndProject
Project("{8BC9CEB8-8B4A-11D0-8D11-00A0C91BC942}") = "BRA_radiosity", "radiosity\BRA_radiosity.vcproj", "{2AE0D2D9-6A7A-44DE-9EFF-99C9E3257B49}"
EndProject
Project("{8BC9CEB8-8B4A-11D0-8D11-00A0C91BC942}") = "BRE_render", "render\BRE_render.vcproj", "{106AE171-0083-41D6-A949-20DB0E8DC251}"
EndProject
Project("{8BC9CEB8-8B4A-11D0-8D11-00A0C91BC942}") = "BRE_renderconverter", "renderconverter\BRE_renderconverter.vcproj", "{5B1C904C-BBBD-44A0-843A-447CBD6176AF}"
EndProject
Project("{8BC9CEB8-8B4A-11D0-8D11-00A0C91BC942}") = "DNA_makesdna", "makesdna\DNA_makesdna.vcproj", "{E013786A-9575-4F34-81B2-33290357EE87}"
EndProject
Project("{8BC9CEB8-8B4A-11D0-8D11-00A0C91BC942}") = "EXP_expressions", "..\gameengine\expression\EXP_expressions.vcproj", "{EADC3C5A-6C51-4F03-8038-1553E7D7F740}"
EndProject
Project("{8BC9CEB8-8B4A-11D0-8D11-00A0C91BC942}") = "FTF_ftfont", "ftfont\FTF_ftfont.vcproj", "{A1CCF5B0-08E1-4F00-B417-8BFAC34E5E90}"
EndProject
Project("{8BC9CEB8-8B4A-11D0-8D11-00A0C91BC942}") = "GP_axctl", "..\gameengine\gameplayer\axctl\GP_axctl.vcproj", "{DF25E6F2-780C-438B-8AAD-D10CF8B3820A}"
EndProject
Project("{8BC9CEB8-8B4A-11D0-8D11-00A0C91BC942}") = "GP_common", "..\gameengine\gameplayer\common\GP_common.vcproj", "{D8ABD6A5-1B36-4D62-934E-B5C6801130B0}"
EndProject
Project("{8BC9CEB8-8B4A-11D0-8D11-00A0C91BC942}") = "GP_ghost", "..\gameengine\gameplayer\ghost\GP_ghost.vcproj", "{3D310C60-6771-48E4-BCCA-D2718CDED898}"
EndProject
Project("{8BC9CEB8-8B4A-11D0-8D11-00A0C91BC942}") = "KX_blenderhook", "..\gameengine\blenderhook\KX_blenderhook.vcproj", "{8154A59A-CAED-403D-AB94-BC4E7C032666}"
EndProject
Project("{8BC9CEB8-8B4A-11D0-8D11-00A0C91BC942}") = "KX_converter", "..\gameengine\converter\KX_converter.vcproj", "{F90BD995-FFA4-4B18-81E8-FA4322C939E8}"
EndProject
Project("{8BC9CEB8-8B4A-11D0-8D11-00A0C91BC942}") = "KX_ketsji", "..\gameengine\ketsji\KX_ketsji.vcproj", "{E645CC32-4823-463E-82F0-46ADDE664018}"
EndProject
Project("{8BC9CEB8-8B4A-11D0-8D11-00A0C91BC942}") = "KX_network", "..\gameengine\ketsji\network\KX_network.vcproj", "{6E24BF09-9653-4166-A871-F65CC9E98A9B}"
EndProject
Project("{8BC9CEB8-8B4A-11D0-8D11-00A0C91BC942}") = "NG_loopbacknetwork", "..\gameengine\network\loopbacknetwork\NG_loopbacknetwork.vcproj", "{6B801390-5F95-4F07-81A7-97FBA046AACC}"
EndProject
Project("{8BC9CEB8-8B4A-11D0-8D11-00A0C91BC942}") = "NG_network", "..\gameengine\network\network\NG_network.vcproj", "{0A73055E-4DED-40CD-9F72-9093ED3EEC7E}"
EndProject
Project("{8BC9CEB8-8B4A-11D0-8D11-00A0C91BC942}") = "PHY_Dummy", "..\GAMEENGINE\PHYSICS\PHY_PHYSICS\PHY_Dummy\PHY_Dummy.vcproj", "{3648FB9A-C36F-43AB-AED0-1F1361E67FC7}"
EndProject
Project("{8BC9CEB8-8B4A-11D0-8D11-00A0C91BC942}") = "PHY_Ode", "..\gameengine\physics\PHY_Physics\PHY_Ode\PHY_Ode.vcproj", "{EC405272-28E3-4840-AAC2-53D6DE4E163D}"
EndProject
Project("{8BC9CEB8-8B4A-11D0-8D11-00A0C91BC942}") = "PHY_Physics", "..\gameengine\physics\PHY_Physics\PHY_Physics.vcproj", "{E109F1A5-FDD3-4F56-A1C4-96867EEA4C5B}"
EndProject
Project("{8BC9CEB8-8B4A-11D0-8D11-00A0C91BC942}") = "RAS_openglrasterizer", "..\gameengine\rasterizer\openglrasterizer\RAS_openglrasterizer.vcproj", "{AB590CED-F71F-4A17-A89B-18583ECD633D}"
EndProject
Project("{8BC9CEB8-8B4A-11D0-8D11-00A0C91BC942}") = "RAS_rasterizer", "..\gameengine\rasterizer\RAS_rasterizer.vcproj", "{51FB3D48-2467-4BFA-A321-D848252B437E}"
EndProject
Project("{8BC9CEB8-8B4A-11D0-8D11-00A0C91BC942}") = "SCA_GameLogic", "..\gameengine\gamelogic\SCA_GameLogic.vcproj", "{32CC75E2-EE85-45E6-8E3D-513F58464F43}"
EndProject
Project("{8BC9CEB8-8B4A-11D0-8D11-00A0C91BC942}") = "SG_SceneGraph", "..\gameengine\scenegraph\SG_SceneGraph.vcproj", "{09222F5E-1625-4FF3-A89A-384D16875EE5}"
EndProject
Project("{8BC9CEB8-8B4A-11D0-8D11-00A0C91BC942}") = "SYS_system", "..\kernel\system\SYS_system.vcproj", "{BAAE3F2B-BCF8-4E84-B8BA-CFB2D64945FE}"
EndProject
Project("{8BC9CEB8-8B4A-11D0-8D11-00A0C91BC942}") = "blender", "blender.vcproj", "{F78B7FC9-DE32-465E-9F26-BB0B6B7A2EAF}"
EndProject
Project("{8BC9CEB8-8B4A-11D0-8D11-00A0C91BC942}") = "blenpluginapi", "blenpluginapi\blenpluginapi\blenpluginapi.vcproj", "{BB6AA598-B336-4F8B-9DF9-8CAE7BE71C23}"
EndProject
Project("{8BC9CEB8-8B4A-11D0-8D11-00A0C91BC942}") = "gen_messaging", "..\KERNEL\gen_messaging\gen_messaging.vcproj", "{727F90AC-ABE6-40BF-8937-C2F2F1D13DEA}"
EndProject
Project("{8BC9CEB8-8B4A-11D0-8D11-00A0C91BC942}") = "PHY_Sumo", "..\gameengine\physics\PHY_Physics\PHY_Sumo\PHY_Sumo.vcproj", "{9625642D-6F20-4FB6-A089-BE7441B223E3}"
EndProject
Project("{8BC9CEB8-8B4A-11D0-8D11-00A0C91BC942}") = "BRE_yafray", "yafray\BRE_yafray.vcproj", "{9991A3C3-83FE-4AFE-9E18-9D01CB57E879}"
EndProject
Global
	GlobalSection(SolutionConfiguration) = preSolution
		ConfigName.0 = Release
		ConfigName.1 = MT DLL Debug
		ConfigName.2 = MT DLL Release
		ConfigName.3 = Profile
		ConfigName.4 = Debug
	EndGlobalSection
	GlobalSection(ProjectDependencies) = postSolution
		{DF25E6F2-780C-438B-8AAD-D10CF8B3820A}.0 = {F90BD995-FFA4-4B18-81E8-FA4322C939E8}
		{DF25E6F2-780C-438B-8AAD-D10CF8B3820A}.1 = {EADC3C5A-6C51-4F03-8038-1553E7D7F740}
		{DF25E6F2-780C-438B-8AAD-D10CF8B3820A}.2 = {32CC75E2-EE85-45E6-8E3D-513F58464F43}
		{DF25E6F2-780C-438B-8AAD-D10CF8B3820A}.3 = {E645CC32-4823-463E-82F0-46ADDE664018}
		{DF25E6F2-780C-438B-8AAD-D10CF8B3820A}.4 = {09222F5E-1625-4FF3-A89A-384D16875EE5}
		{DF25E6F2-780C-438B-8AAD-D10CF8B3820A}.5 = {AB590CED-F71F-4A17-A89B-18583ECD633D}
		{DF25E6F2-780C-438B-8AAD-D10CF8B3820A}.6 = {51FB3D48-2467-4BFA-A321-D848252B437E}
		{DF25E6F2-780C-438B-8AAD-D10CF8B3820A}.7 = {BAAE3F2B-BCF8-4E84-B8BA-CFB2D64945FE}
		{DF25E6F2-780C-438B-8AAD-D10CF8B3820A}.8 = {D8ABD6A5-1B36-4D62-934E-B5C6801130B0}
		{DF25E6F2-780C-438B-8AAD-D10CF8B3820A}.9 = {6E24BF09-9653-4166-A871-F65CC9E98A9B}
		{DF25E6F2-780C-438B-8AAD-D10CF8B3820A}.10 = {6B801390-5F95-4F07-81A7-97FBA046AACC}
		{DF25E6F2-780C-438B-8AAD-D10CF8B3820A}.11 = {0A73055E-4DED-40CD-9F72-9093ED3EEC7E}
		{DF25E6F2-780C-438B-8AAD-D10CF8B3820A}.12 = {E013786A-9575-4F34-81B2-33290357EE87}
		{DF25E6F2-780C-438B-8AAD-D10CF8B3820A}.13 = {727F90AC-ABE6-40BF-8937-C2F2F1D13DEA}
		{DF25E6F2-780C-438B-8AAD-D10CF8B3820A}.14 = {7A54A261-2A17-48B1-9BD6-F7990F1E4084}
		{DF25E6F2-780C-438B-8AAD-D10CF8B3820A}.15 = {E37B5120-344F-480D-A801-45144D34173F}
		{DF25E6F2-780C-438B-8AAD-D10CF8B3820A}.16 = {E5F2F004-C704-4DCC-A08F-6EB1E38EAB9F}
		{DF25E6F2-780C-438B-8AAD-D10CF8B3820A}.17 = {DB6BE55D-B6D9-494D-856A-8764FF7BA91D}
		{DF25E6F2-780C-438B-8AAD-D10CF8B3820A}.18 = {D3AFF1CF-DCC7-494B-A7BC-F2A7F57B3DF3}
		{DF25E6F2-780C-438B-8AAD-D10CF8B3820A}.19 = {CAE37E91-6570-43AC-A4B4-7A37A4B0FC94}
		{DF25E6F2-780C-438B-8AAD-D10CF8B3820A}.20 = {9A307EE5-CD77-47BC-BD87-62508C7E19D8}
		{DF25E6F2-780C-438B-8AAD-D10CF8B3820A}.21 = {415BFD6E-64CF-422B-AF88-C07F040A7292}
		{DF25E6F2-780C-438B-8AAD-D10CF8B3820A}.22 = {31628053-825D-4C06-8A21-D13883489718}
		{DF25E6F2-780C-438B-8AAD-D10CF8B3820A}.23 = {E109F1A5-FDD3-4F56-A1C4-96867EEA4C5B}
		{DF25E6F2-780C-438B-8AAD-D10CF8B3820A}.24 = {EC405272-28E3-4840-AAC2-53D6DE4E163D}
		{DF25E6F2-780C-438B-8AAD-D10CF8B3820A}.25 = {3648FB9A-C36F-43AB-AED0-1F1361E67FC7}
		{3D310C60-6771-48E4-BCCA-D2718CDED898}.0 = {CAE37E91-6570-43AC-A4B4-7A37A4B0FC94}
		{3D310C60-6771-48E4-BCCA-D2718CDED898}.1 = {9A307EE5-CD77-47BC-BD87-62508C7E19D8}
		{3D310C60-6771-48E4-BCCA-D2718CDED898}.2 = {415BFD6E-64CF-422B-AF88-C07F040A7292}
		{3D310C60-6771-48E4-BCCA-D2718CDED898}.3 = {31628053-825D-4C06-8A21-D13883489718}
		{3D310C60-6771-48E4-BCCA-D2718CDED898}.4 = {E5F2F004-C704-4DCC-A08F-6EB1E38EAB9F}
		{3D310C60-6771-48E4-BCCA-D2718CDED898}.5 = {E013786A-9575-4F34-81B2-33290357EE87}
		{3D310C60-6771-48E4-BCCA-D2718CDED898}.6 = {EADC3C5A-6C51-4F03-8038-1553E7D7F740}
		{3D310C60-6771-48E4-BCCA-D2718CDED898}.7 = {F90BD995-FFA4-4B18-81E8-FA4322C939E8}
		{3D310C60-6771-48E4-BCCA-D2718CDED898}.8 = {E645CC32-4823-463E-82F0-46ADDE664018}
		{3D310C60-6771-48E4-BCCA-D2718CDED898}.9 = {6E24BF09-9653-4166-A871-F65CC9E98A9B}
		{3D310C60-6771-48E4-BCCA-D2718CDED898}.10 = {6B801390-5F95-4F07-81A7-97FBA046AACC}
		{3D310C60-6771-48E4-BCCA-D2718CDED898}.11 = {0A73055E-4DED-40CD-9F72-9093ED3EEC7E}
		{3D310C60-6771-48E4-BCCA-D2718CDED898}.12 = {AB590CED-F71F-4A17-A89B-18583ECD633D}
		{3D310C60-6771-48E4-BCCA-D2718CDED898}.13 = {51FB3D48-2467-4BFA-A321-D848252B437E}
		{3D310C60-6771-48E4-BCCA-D2718CDED898}.14 = {32CC75E2-EE85-45E6-8E3D-513F58464F43}
		{3D310C60-6771-48E4-BCCA-D2718CDED898}.15 = {09222F5E-1625-4FF3-A89A-384D16875EE5}
		{3D310C60-6771-48E4-BCCA-D2718CDED898}.16 = {BAAE3F2B-BCF8-4E84-B8BA-CFB2D64945FE}
		{3D310C60-6771-48E4-BCCA-D2718CDED898}.17 = {727F90AC-ABE6-40BF-8937-C2F2F1D13DEA}
		{3D310C60-6771-48E4-BCCA-D2718CDED898}.18 = {DB6BE55D-B6D9-494D-856A-8764FF7BA91D}
		{3D310C60-6771-48E4-BCCA-D2718CDED898}.19 = {D3AFF1CF-DCC7-494B-A7BC-F2A7F57B3DF3}
		{3D310C60-6771-48E4-BCCA-D2718CDED898}.20 = {E37B5120-344F-480D-A801-45144D34173F}
		{3D310C60-6771-48E4-BCCA-D2718CDED898}.21 = {7A54A261-2A17-48B1-9BD6-F7990F1E4084}
		{3D310C60-6771-48E4-BCCA-D2718CDED898}.22 = {D8ABD6A5-1B36-4D62-934E-B5C6801130B0}
		{3D310C60-6771-48E4-BCCA-D2718CDED898}.23 = {E109F1A5-FDD3-4F56-A1C4-96867EEA4C5B}
		{3D310C60-6771-48E4-BCCA-D2718CDED898}.24 = {3648FB9A-C36F-43AB-AED0-1F1361E67FC7}
		{3D310C60-6771-48E4-BCCA-D2718CDED898}.25 = {EC405272-28E3-4840-AAC2-53D6DE4E163D}
		{F78B7FC9-DE32-465E-9F26-BB0B6B7A2EAF}.0 = {E37B5120-344F-480D-A801-45144D34173F}
		{F78B7FC9-DE32-465E-9F26-BB0B6B7A2EAF}.1 = {9991A3C3-83FE-4AFE-9E18-9D01CB57E879}
		{F78B7FC9-DE32-465E-9F26-BB0B6B7A2EAF}.2 = {8F315DC5-38F7-4AFD-A871-89590A5012FF}
		{F78B7FC9-DE32-465E-9F26-BB0B6B7A2EAF}.3 = {9625642D-6F20-4FB6-A089-BE7441B223E3}
		{F78B7FC9-DE32-465E-9F26-BB0B6B7A2EAF}.4 = {9D4FC346-270C-4AD7-9D8E-2CF577B2947E}
		{F78B7FC9-DE32-465E-9F26-BB0B6B7A2EAF}.5 = {FB51F57A-0C77-414C-92AC-DE6E1FC2DB7F}
		{F78B7FC9-DE32-465E-9F26-BB0B6B7A2EAF}.6 = {2AE0D2D9-6A7A-44DE-9EFF-99C9E3257B49}
		{F78B7FC9-DE32-465E-9F26-BB0B6B7A2EAF}.7 = {106AE171-0083-41D6-A949-20DB0E8DC251}
		{F78B7FC9-DE32-465E-9F26-BB0B6B7A2EAF}.8 = {E013786A-9575-4F34-81B2-33290357EE87}
		{F78B7FC9-DE32-465E-9F26-BB0B6B7A2EAF}.9 = {727F90AC-ABE6-40BF-8937-C2F2F1D13DEA}
		{F78B7FC9-DE32-465E-9F26-BB0B6B7A2EAF}.10 = {6B801390-5F95-4F07-81A7-97FBA046AACC}
		{F78B7FC9-DE32-465E-9F26-BB0B6B7A2EAF}.11 = {0A73055E-4DED-40CD-9F72-9093ED3EEC7E}
		{F78B7FC9-DE32-465E-9F26-BB0B6B7A2EAF}.12 = {AB590CED-F71F-4A17-A89B-18583ECD633D}
		{F78B7FC9-DE32-465E-9F26-BB0B6B7A2EAF}.13 = {51FB3D48-2467-4BFA-A321-D848252B437E}
		{F78B7FC9-DE32-465E-9F26-BB0B6B7A2EAF}.14 = {32CC75E2-EE85-45E6-8E3D-513F58464F43}
		{F78B7FC9-DE32-465E-9F26-BB0B6B7A2EAF}.15 = {09222F5E-1625-4FF3-A89A-384D16875EE5}
		{F78B7FC9-DE32-465E-9F26-BB0B6B7A2EAF}.16 = {BAAE3F2B-BCF8-4E84-B8BA-CFB2D64945FE}
		{F78B7FC9-DE32-465E-9F26-BB0B6B7A2EAF}.17 = {5B1C904C-BBBD-44A0-843A-447CBD6176AF}
		{F78B7FC9-DE32-465E-9F26-BB0B6B7A2EAF}.18 = {BB6AA598-B336-4F8B-9DF9-8CAE7BE71C23}
		{F78B7FC9-DE32-465E-9F26-BB0B6B7A2EAF}.19 = {FB88301F-F725-401B-ACD7-D2ABBF333B71}
		{F78B7FC9-DE32-465E-9F26-BB0B6B7A2EAF}.20 = {3648FB9A-C36F-43AB-AED0-1F1361E67FC7}
		{F78B7FC9-DE32-465E-9F26-BB0B6B7A2EAF}.21 = {E109F1A5-FDD3-4F56-A1C4-96867EEA4C5B}
		{F78B7FC9-DE32-465E-9F26-BB0B6B7A2EAF}.22 = {EC405272-28E3-4840-AAC2-53D6DE4E163D}
		{F78B7FC9-DE32-465E-9F26-BB0B6B7A2EAF}.23 = {A1CCF5B0-08E1-4F00-B417-8BFAC34E5E90}
		{F78B7FC9-DE32-465E-9F26-BB0B6B7A2EAF}.24 = {5A2EA6DC-1A53-4E87-9166-52870CE3B4EA}
		{F78B7FC9-DE32-465E-9F26-BB0B6B7A2EAF}.25 = {31628053-825D-4C06-8A21-D13883489718}
		{F78B7FC9-DE32-465E-9F26-BB0B6B7A2EAF}.26 = {0BB7E1A8-689A-4F02-A073-A3E06F989B25}
		{F78B7FC9-DE32-465E-9F26-BB0B6B7A2EAF}.27 = {415BFD6E-64CF-422B-AF88-C07F040A7292}
		{F78B7FC9-DE32-465E-9F26-BB0B6B7A2EAF}.28 = {9A307EE5-CD77-47BC-BD87-62508C7E19D8}
		{F78B7FC9-DE32-465E-9F26-BB0B6B7A2EAF}.29 = {CAE37E91-6570-43AC-A4B4-7A37A4B0FC94}
		{F78B7FC9-DE32-465E-9F26-BB0B6B7A2EAF}.30 = {EADC3C5A-6C51-4F03-8038-1553E7D7F740}
		{F78B7FC9-DE32-465E-9F26-BB0B6B7A2EAF}.31 = {8154A59A-CAED-403D-AB94-BC4E7C032666}
		{F78B7FC9-DE32-465E-9F26-BB0B6B7A2EAF}.32 = {F90BD995-FFA4-4B18-81E8-FA4322C939E8}
		{F78B7FC9-DE32-465E-9F26-BB0B6B7A2EAF}.33 = {E645CC32-4823-463E-82F0-46ADDE664018}
		{F78B7FC9-DE32-465E-9F26-BB0B6B7A2EAF}.34 = {6E24BF09-9653-4166-A871-F65CC9E98A9B}
		{F78B7FC9-DE32-465E-9F26-BB0B6B7A2EAF}.35 = {D3AFF1CF-DCC7-494B-A7BC-F2A7F57B3DF3}
		{F78B7FC9-DE32-465E-9F26-BB0B6B7A2EAF}.36 = {DB6BE55D-B6D9-494D-856A-8764FF7BA91D}
		{F78B7FC9-DE32-465E-9F26-BB0B6B7A2EAF}.37 = {E5F2F004-C704-4DCC-A08F-6EB1E38EAB9F}
	EndGlobalSection
	GlobalSection(ProjectConfiguration) = postSolution
		{CAE37E91-6570-43AC-A4B4-7A37A4B0FC94}.Debug.ActiveCfg = Debug|Win32
		{CAE37E91-6570-43AC-A4B4-7A37A4B0FC94}.Debug.Build.0 = Debug|Win32
		{CAE37E91-6570-43AC-A4B4-7A37A4B0FC94}.MT DLL Debug.ActiveCfg = MT DLL Debug|Win32
		{CAE37E91-6570-43AC-A4B4-7A37A4B0FC94}.MT DLL Debug.Build.0 = MT DLL Debug|Win32
		{CAE37E91-6570-43AC-A4B4-7A37A4B0FC94}.MT DLL Release.ActiveCfg = MT DLL Release|Win32
		{CAE37E91-6570-43AC-A4B4-7A37A4B0FC94}.MT DLL Release.Build.0 = MT DLL Release|Win32
		{CAE37E91-6570-43AC-A4B4-7A37A4B0FC94}.Profile.ActiveCfg = MT DLL Release|Win32
		{CAE37E91-6570-43AC-A4B4-7A37A4B0FC94}.Profile.Build.0 = MT DLL Release|Win32
		{CAE37E91-6570-43AC-A4B4-7A37A4B0FC94}.Release.ActiveCfg = Release|Win32
		{CAE37E91-6570-43AC-A4B4-7A37A4B0FC94}.Release.Build.0 = Release|Win32
		{31628053-825D-4C06-8A21-D13883489718}.Debug.ActiveCfg = Debug|Win32
		{31628053-825D-4C06-8A21-D13883489718}.Debug.Build.0 = Debug|Win32
		{31628053-825D-4C06-8A21-D13883489718}.MT DLL Debug.ActiveCfg = MT DLL Debug|Win32
		{31628053-825D-4C06-8A21-D13883489718}.MT DLL Debug.Build.0 = MT DLL Debug|Win32
		{31628053-825D-4C06-8A21-D13883489718}.MT DLL Release.ActiveCfg = MT DLL Release|Win32
		{31628053-825D-4C06-8A21-D13883489718}.MT DLL Release.Build.0 = MT DLL Release|Win32
		{31628053-825D-4C06-8A21-D13883489718}.Profile.ActiveCfg = MT DLL Debug|Win32
		{31628053-825D-4C06-8A21-D13883489718}.Profile.Build.0 = MT DLL Debug|Win32
		{31628053-825D-4C06-8A21-D13883489718}.Release.ActiveCfg = Release|Win32
		{31628053-825D-4C06-8A21-D13883489718}.Release.Build.0 = Release|Win32
		{8F315DC5-38F7-4AFD-A871-89590A5012FF}.Debug.ActiveCfg = Debug|Win32
		{8F315DC5-38F7-4AFD-A871-89590A5012FF}.Debug.Build.0 = Debug|Win32
		{8F315DC5-38F7-4AFD-A871-89590A5012FF}.MT DLL Debug.ActiveCfg = MT DLL Debug|Win32
		{8F315DC5-38F7-4AFD-A871-89590A5012FF}.MT DLL Debug.Build.0 = MT DLL Debug|Win32
		{8F315DC5-38F7-4AFD-A871-89590A5012FF}.MT DLL Release.ActiveCfg = MT DLL Release|Win32
		{8F315DC5-38F7-4AFD-A871-89590A5012FF}.MT DLL Release.Build.0 = MT DLL Release|Win32
		{8F315DC5-38F7-4AFD-A871-89590A5012FF}.Profile.ActiveCfg = Release|Win32
		{8F315DC5-38F7-4AFD-A871-89590A5012FF}.Profile.Build.0 = Release|Win32
		{8F315DC5-38F7-4AFD-A871-89590A5012FF}.Release.ActiveCfg = Release|Win32
		{8F315DC5-38F7-4AFD-A871-89590A5012FF}.Release.Build.0 = Release|Win32
		{E37B5120-344F-480D-A801-45144D34173F}.Debug.ActiveCfg = Debug|Win32
		{E37B5120-344F-480D-A801-45144D34173F}.Debug.Build.0 = Debug|Win32
		{E37B5120-344F-480D-A801-45144D34173F}.MT DLL Debug.ActiveCfg = MT DLL Debug|Win32
		{E37B5120-344F-480D-A801-45144D34173F}.MT DLL Debug.Build.0 = MT DLL Debug|Win32
		{E37B5120-344F-480D-A801-45144D34173F}.MT DLL Release.ActiveCfg = MT DLL Release|Win32
		{E37B5120-344F-480D-A801-45144D34173F}.MT DLL Release.Build.0 = MT DLL Release|Win32
		{E37B5120-344F-480D-A801-45144D34173F}.Profile.ActiveCfg = MT DLL Release|Win32
		{E37B5120-344F-480D-A801-45144D34173F}.Profile.Build.0 = MT DLL Release|Win32
		{E37B5120-344F-480D-A801-45144D34173F}.Release.ActiveCfg = Release|Win32
		{E37B5120-344F-480D-A801-45144D34173F}.Release.Build.0 = Release|Win32
		{E5F2F004-C704-4DCC-A08F-6EB1E38EAB9F}.Debug.ActiveCfg = Debug|Win32
		{E5F2F004-C704-4DCC-A08F-6EB1E38EAB9F}.Debug.Build.0 = Debug|Win32
		{E5F2F004-C704-4DCC-A08F-6EB1E38EAB9F}.MT DLL Debug.ActiveCfg = MT DLL Debug|Win32
		{E5F2F004-C704-4DCC-A08F-6EB1E38EAB9F}.MT DLL Debug.Build.0 = MT DLL Debug|Win32
		{E5F2F004-C704-4DCC-A08F-6EB1E38EAB9F}.MT DLL Release.ActiveCfg = MT DLL Release|Win32
		{E5F2F004-C704-4DCC-A08F-6EB1E38EAB9F}.MT DLL Release.Build.0 = MT DLL Release|Win32
		{E5F2F004-C704-4DCC-A08F-6EB1E38EAB9F}.Profile.ActiveCfg = Release|Win32
		{E5F2F004-C704-4DCC-A08F-6EB1E38EAB9F}.Profile.Build.0 = Release|Win32
		{E5F2F004-C704-4DCC-A08F-6EB1E38EAB9F}.Release.ActiveCfg = Release|Win32
		{E5F2F004-C704-4DCC-A08F-6EB1E38EAB9F}.Release.Build.0 = Release|Win32
		{DB6BE55D-B6D9-494D-856A-8764FF7BA91D}.Debug.ActiveCfg = Debug|Win32
		{DB6BE55D-B6D9-494D-856A-8764FF7BA91D}.Debug.Build.0 = Debug|Win32
		{DB6BE55D-B6D9-494D-856A-8764FF7BA91D}.MT DLL Debug.ActiveCfg = MT DLL Debug|Win32
		{DB6BE55D-B6D9-494D-856A-8764FF7BA91D}.MT DLL Debug.Build.0 = MT DLL Debug|Win32
		{DB6BE55D-B6D9-494D-856A-8764FF7BA91D}.MT DLL Release.ActiveCfg = MT DLL Release|Win32
		{DB6BE55D-B6D9-494D-856A-8764FF7BA91D}.MT DLL Release.Build.0 = MT DLL Release|Win32
		{DB6BE55D-B6D9-494D-856A-8764FF7BA91D}.Profile.ActiveCfg = Release|Win32
		{DB6BE55D-B6D9-494D-856A-8764FF7BA91D}.Profile.Build.0 = Release|Win32
		{DB6BE55D-B6D9-494D-856A-8764FF7BA91D}.Release.ActiveCfg = Release|Win32
		{DB6BE55D-B6D9-494D-856A-8764FF7BA91D}.Release.Build.0 = Release|Win32
		{D3AFF1CF-DCC7-494B-A7BC-F2A7F57B3DF3}.Debug.ActiveCfg = Debug|Win32
		{D3AFF1CF-DCC7-494B-A7BC-F2A7F57B3DF3}.Debug.Build.0 = Debug|Win32
		{D3AFF1CF-DCC7-494B-A7BC-F2A7F57B3DF3}.MT DLL Debug.ActiveCfg = MT DLL Debug|Win32
		{D3AFF1CF-DCC7-494B-A7BC-F2A7F57B3DF3}.MT DLL Debug.Build.0 = MT DLL Debug|Win32
		{D3AFF1CF-DCC7-494B-A7BC-F2A7F57B3DF3}.MT DLL Release.ActiveCfg = MT DLL Release|Win32
		{D3AFF1CF-DCC7-494B-A7BC-F2A7F57B3DF3}.MT DLL Release.Build.0 = MT DLL Release|Win32
		{D3AFF1CF-DCC7-494B-A7BC-F2A7F57B3DF3}.Profile.ActiveCfg = Debug|Win32
		{D3AFF1CF-DCC7-494B-A7BC-F2A7F57B3DF3}.Profile.Build.0 = Debug|Win32
		{D3AFF1CF-DCC7-494B-A7BC-F2A7F57B3DF3}.Release.ActiveCfg = Release|Win32
		{D3AFF1CF-DCC7-494B-A7BC-F2A7F57B3DF3}.Release.Build.0 = Release|Win32
		{9D4FC346-270C-4AD7-9D8E-2CF577B2947E}.Debug.ActiveCfg = Debug|Win32
		{9D4FC346-270C-4AD7-9D8E-2CF577B2947E}.Debug.Build.0 = Debug|Win32
		{9D4FC346-270C-4AD7-9D8E-2CF577B2947E}.MT DLL Debug.ActiveCfg = Debug|Win32
		{9D4FC346-270C-4AD7-9D8E-2CF577B2947E}.MT DLL Debug.Build.0 = Debug|Win32
		{9D4FC346-270C-4AD7-9D8E-2CF577B2947E}.MT DLL Release.ActiveCfg = Release|Win32
		{9D4FC346-270C-4AD7-9D8E-2CF577B2947E}.MT DLL Release.Build.0 = Release|Win32
		{9D4FC346-270C-4AD7-9D8E-2CF577B2947E}.Profile.ActiveCfg = Debug|Win32
		{9D4FC346-270C-4AD7-9D8E-2CF577B2947E}.Profile.Build.0 = Debug|Win32
		{9D4FC346-270C-4AD7-9D8E-2CF577B2947E}.Release.ActiveCfg = Release|Win32
		{9D4FC346-270C-4AD7-9D8E-2CF577B2947E}.Release.Build.0 = Release|Win32
		{FB51F57A-0C77-414C-92AC-DE6E1FC2DB7F}.Debug.ActiveCfg = Debug|Win32
		{FB51F57A-0C77-414C-92AC-DE6E1FC2DB7F}.Debug.Build.0 = Debug|Win32
		{FB51F57A-0C77-414C-92AC-DE6E1FC2DB7F}.MT DLL Debug.ActiveCfg = MT DLL Debug|Win32
		{FB51F57A-0C77-414C-92AC-DE6E1FC2DB7F}.MT DLL Debug.Build.0 = MT DLL Debug|Win32
		{FB51F57A-0C77-414C-92AC-DE6E1FC2DB7F}.MT DLL Release.ActiveCfg = MT DLL Release|Win32
		{FB51F57A-0C77-414C-92AC-DE6E1FC2DB7F}.MT DLL Release.Build.0 = MT DLL Release|Win32
		{FB51F57A-0C77-414C-92AC-DE6E1FC2DB7F}.Profile.ActiveCfg = MT DLL Release|Win32
		{FB51F57A-0C77-414C-92AC-DE6E1FC2DB7F}.Profile.Build.0 = MT DLL Release|Win32
		{FB51F57A-0C77-414C-92AC-DE6E1FC2DB7F}.Release.ActiveCfg = Release|Win32
		{FB51F57A-0C77-414C-92AC-DE6E1FC2DB7F}.Release.Build.0 = Release|Win32
		{7A54A261-2A17-48B1-9BD6-F7990F1E4084}.Debug.ActiveCfg = Debug|Win32
		{7A54A261-2A17-48B1-9BD6-F7990F1E4084}.Debug.Build.0 = Debug|Win32
		{7A54A261-2A17-48B1-9BD6-F7990F1E4084}.MT DLL Debug.ActiveCfg = MT DLL Debug|Win32
		{7A54A261-2A17-48B1-9BD6-F7990F1E4084}.MT DLL Debug.Build.0 = MT DLL Debug|Win32
		{7A54A261-2A17-48B1-9BD6-F7990F1E4084}.MT DLL Release.ActiveCfg = MT DLL Release|Win32
		{7A54A261-2A17-48B1-9BD6-F7990F1E4084}.MT DLL Release.Build.0 = MT DLL Release|Win32
		{7A54A261-2A17-48B1-9BD6-F7990F1E4084}.Profile.ActiveCfg = Release|Win32
		{7A54A261-2A17-48B1-9BD6-F7990F1E4084}.Profile.Build.0 = Release|Win32
		{7A54A261-2A17-48B1-9BD6-F7990F1E4084}.Release.ActiveCfg = Release|Win32
		{7A54A261-2A17-48B1-9BD6-F7990F1E4084}.Release.Build.0 = Release|Win32
		{9A307EE5-CD77-47BC-BD87-62508C7E19D8}.Debug.ActiveCfg = Debug|Win32
		{9A307EE5-CD77-47BC-BD87-62508C7E19D8}.Debug.Build.0 = Debug|Win32
		{9A307EE5-CD77-47BC-BD87-62508C7E19D8}.MT DLL Debug.ActiveCfg = MT DLL Debug|Win32
		{9A307EE5-CD77-47BC-BD87-62508C7E19D8}.MT DLL Debug.Build.0 = MT DLL Debug|Win32
		{9A307EE5-CD77-47BC-BD87-62508C7E19D8}.MT DLL Release.ActiveCfg = MT DLL Release|Win32
		{9A307EE5-CD77-47BC-BD87-62508C7E19D8}.MT DLL Release.Build.0 = MT DLL Release|Win32
		{9A307EE5-CD77-47BC-BD87-62508C7E19D8}.Profile.ActiveCfg = MT DLL Release|Win32
		{9A307EE5-CD77-47BC-BD87-62508C7E19D8}.Profile.Build.0 = MT DLL Release|Win32
		{9A307EE5-CD77-47BC-BD87-62508C7E19D8}.Release.ActiveCfg = Release|Win32
		{9A307EE5-CD77-47BC-BD87-62508C7E19D8}.Release.Build.0 = Release|Win32
		{415BFD6E-64CF-422B-AF88-C07F040A7292}.Debug.ActiveCfg = Debug|Win32
		{415BFD6E-64CF-422B-AF88-C07F040A7292}.Debug.Build.0 = Debug|Win32
		{415BFD6E-64CF-422B-AF88-C07F040A7292}.MT DLL Debug.ActiveCfg = MT DLL Debug|Win32
		{415BFD6E-64CF-422B-AF88-C07F040A7292}.MT DLL Debug.Build.0 = MT DLL Debug|Win32
		{415BFD6E-64CF-422B-AF88-C07F040A7292}.MT DLL Release.ActiveCfg = MT DLL Release|Win32
		{415BFD6E-64CF-422B-AF88-C07F040A7292}.MT DLL Release.Build.0 = MT DLL Release|Win32
		{415BFD6E-64CF-422B-AF88-C07F040A7292}.Profile.ActiveCfg = Release|Win32
		{415BFD6E-64CF-422B-AF88-C07F040A7292}.Profile.Build.0 = Release|Win32
		{415BFD6E-64CF-422B-AF88-C07F040A7292}.Release.ActiveCfg = Release|Win32
		{415BFD6E-64CF-422B-AF88-C07F040A7292}.Release.Build.0 = Release|Win32
		{0BB7E1A8-689A-4F02-A073-A3E06F989B25}.Debug.ActiveCfg = Debug|Win32
		{0BB7E1A8-689A-4F02-A073-A3E06F989B25}.Debug.Build.0 = Debug|Win32
		{0BB7E1A8-689A-4F02-A073-A3E06F989B25}.MT DLL Debug.ActiveCfg = Debug|Win32
		{0BB7E1A8-689A-4F02-A073-A3E06F989B25}.MT DLL Debug.Build.0 = Debug|Win32
		{0BB7E1A8-689A-4F02-A073-A3E06F989B25}.MT DLL Release.ActiveCfg = Release|Win32
		{0BB7E1A8-689A-4F02-A073-A3E06F989B25}.MT DLL Release.Build.0 = Release|Win32
		{0BB7E1A8-689A-4F02-A073-A3E06F989B25}.Profile.ActiveCfg = Debug|Win32
		{0BB7E1A8-689A-4F02-A073-A3E06F989B25}.Profile.Build.0 = Debug|Win32
		{0BB7E1A8-689A-4F02-A073-A3E06F989B25}.Release.ActiveCfg = Release|Win32
		{0BB7E1A8-689A-4F02-A073-A3E06F989B25}.Release.Build.0 = Release|Win32
		{FB88301F-F725-401B-ACD7-D2ABBF333B71}.Debug.ActiveCfg = Debug|Win32
		{FB88301F-F725-401B-ACD7-D2ABBF333B71}.Debug.Build.0 = Debug|Win32
		{FB88301F-F725-401B-ACD7-D2ABBF333B71}.MT DLL Debug.ActiveCfg = Debug|Win32
		{FB88301F-F725-401B-ACD7-D2ABBF333B71}.MT DLL Debug.Build.0 = Debug|Win32
		{FB88301F-F725-401B-ACD7-D2ABBF333B71}.MT DLL Release.ActiveCfg = Release|Win32
		{FB88301F-F725-401B-ACD7-D2ABBF333B71}.MT DLL Release.Build.0 = Release|Win32
		{FB88301F-F725-401B-ACD7-D2ABBF333B71}.Profile.ActiveCfg = Debug|Win32
		{FB88301F-F725-401B-ACD7-D2ABBF333B71}.Profile.Build.0 = Debug|Win32
		{FB88301F-F725-401B-ACD7-D2ABBF333B71}.Release.ActiveCfg = Release|Win32
		{FB88301F-F725-401B-ACD7-D2ABBF333B71}.Release.Build.0 = Release|Win32
		{64019BFA-8C14-4FA6-B275-D7598D821FF6}.Debug.ActiveCfg = Debug|Win32
		{64019BFA-8C14-4FA6-B275-D7598D821FF6}.Debug.Build.0 = Debug|Win32
		{64019BFA-8C14-4FA6-B275-D7598D821FF6}.MT DLL Debug.ActiveCfg = Debug|Win32
		{64019BFA-8C14-4FA6-B275-D7598D821FF6}.MT DLL Debug.Build.0 = Debug|Win32
		{64019BFA-8C14-4FA6-B275-D7598D821FF6}.MT DLL Release.ActiveCfg = Release|Win32
		{64019BFA-8C14-4FA6-B275-D7598D821FF6}.MT DLL Release.Build.0 = Release|Win32
		{64019BFA-8C14-4FA6-B275-D7598D821FF6}.Profile.ActiveCfg = Release|Win32
		{64019BFA-8C14-4FA6-B275-D7598D821FF6}.Profile.Build.0 = Release|Win32
		{64019BFA-8C14-4FA6-B275-D7598D821FF6}.Release.ActiveCfg = Release|Win32
		{64019BFA-8C14-4FA6-B275-D7598D821FF6}.Release.Build.0 = Release|Win32
		{5A2EA6DC-1A53-4E87-9166-52870CE3B4EA}.Debug.ActiveCfg = Debug|Win32
		{5A2EA6DC-1A53-4E87-9166-52870CE3B4EA}.Debug.Build.0 = Debug|Win32
		{5A2EA6DC-1A53-4E87-9166-52870CE3B4EA}.MT DLL Debug.ActiveCfg = Debug|Win32
		{5A2EA6DC-1A53-4E87-9166-52870CE3B4EA}.MT DLL Debug.Build.0 = Debug|Win32
		{5A2EA6DC-1A53-4E87-9166-52870CE3B4EA}.MT DLL Release.ActiveCfg = Release|Win32
		{5A2EA6DC-1A53-4E87-9166-52870CE3B4EA}.MT DLL Release.Build.0 = Release|Win32
		{5A2EA6DC-1A53-4E87-9166-52870CE3B4EA}.Profile.ActiveCfg = Release|Win32
		{5A2EA6DC-1A53-4E87-9166-52870CE3B4EA}.Profile.Build.0 = Release|Win32
		{5A2EA6DC-1A53-4E87-9166-52870CE3B4EA}.Release.ActiveCfg = Release|Win32
		{5A2EA6DC-1A53-4E87-9166-52870CE3B4EA}.Release.Build.0 = Release|Win32
		{2AE0D2D9-6A7A-44DE-9EFF-99C9E3257B49}.Debug.ActiveCfg = Debug|Win32
		{2AE0D2D9-6A7A-44DE-9EFF-99C9E3257B49}.Debug.Build.0 = Debug|Win32
		{2AE0D2D9-6A7A-44DE-9EFF-99C9E3257B49}.MT DLL Debug.ActiveCfg = Debug|Win32
		{2AE0D2D9-6A7A-44DE-9EFF-99C9E3257B49}.MT DLL Debug.Build.0 = Debug|Win32
		{2AE0D2D9-6A7A-44DE-9EFF-99C9E3257B49}.MT DLL Release.ActiveCfg = Release|Win32
		{2AE0D2D9-6A7A-44DE-9EFF-99C9E3257B49}.MT DLL Release.Build.0 = Release|Win32
		{2AE0D2D9-6A7A-44DE-9EFF-99C9E3257B49}.Profile.ActiveCfg = Debug|Win32
		{2AE0D2D9-6A7A-44DE-9EFF-99C9E3257B49}.Profile.Build.0 = Debug|Win32
		{2AE0D2D9-6A7A-44DE-9EFF-99C9E3257B49}.Release.ActiveCfg = Release|Win32
		{2AE0D2D9-6A7A-44DE-9EFF-99C9E3257B49}.Release.Build.0 = Release|Win32
		{106AE171-0083-41D6-A949-20DB0E8DC251}.Debug.ActiveCfg = Debug|Win32
		{106AE171-0083-41D6-A949-20DB0E8DC251}.Debug.Build.0 = Debug|Win32
		{106AE171-0083-41D6-A949-20DB0E8DC251}.MT DLL Debug.ActiveCfg = Debug|Win32
		{106AE171-0083-41D6-A949-20DB0E8DC251}.MT DLL Debug.Build.0 = Debug|Win32
		{106AE171-0083-41D6-A949-20DB0E8DC251}.MT DLL Release.ActiveCfg = Release|Win32
		{106AE171-0083-41D6-A949-20DB0E8DC251}.MT DLL Release.Build.0 = Release|Win32
		{106AE171-0083-41D6-A949-20DB0E8DC251}.Profile.ActiveCfg = Debug|Win32
		{106AE171-0083-41D6-A949-20DB0E8DC251}.Profile.Build.0 = Debug|Win32
		{106AE171-0083-41D6-A949-20DB0E8DC251}.Release.ActiveCfg = Release|Win32
		{106AE171-0083-41D6-A949-20DB0E8DC251}.Release.Build.0 = Release|Win32
		{5B1C904C-BBBD-44A0-843A-447CBD6176AF}.Debug.ActiveCfg = Debug|Win32
		{5B1C904C-BBBD-44A0-843A-447CBD6176AF}.Debug.Build.0 = Debug|Win32
		{5B1C904C-BBBD-44A0-843A-447CBD6176AF}.MT DLL Debug.ActiveCfg = Debug|Win32
		{5B1C904C-BBBD-44A0-843A-447CBD6176AF}.MT DLL Debug.Build.0 = Debug|Win32
		{5B1C904C-BBBD-44A0-843A-447CBD6176AF}.MT DLL Release.ActiveCfg = Release|Win32
		{5B1C904C-BBBD-44A0-843A-447CBD6176AF}.MT DLL Release.Build.0 = Release|Win32
		{5B1C904C-BBBD-44A0-843A-447CBD6176AF}.Profile.ActiveCfg = Debug|Win32
		{5B1C904C-BBBD-44A0-843A-447CBD6176AF}.Profile.Build.0 = Debug|Win32
		{5B1C904C-BBBD-44A0-843A-447CBD6176AF}.Release.ActiveCfg = Release|Win32
		{5B1C904C-BBBD-44A0-843A-447CBD6176AF}.Release.Build.0 = Release|Win32
		{E013786A-9575-4F34-81B2-33290357EE87}.Debug.ActiveCfg = Debug|Win32
		{E013786A-9575-4F34-81B2-33290357EE87}.Debug.Build.0 = Debug|Win32
		{E013786A-9575-4F34-81B2-33290357EE87}.MT DLL Debug.ActiveCfg = MT DLL Debug|Win32
		{E013786A-9575-4F34-81B2-33290357EE87}.MT DLL Debug.Build.0 = MT DLL Debug|Win32
		{E013786A-9575-4F34-81B2-33290357EE87}.MT DLL Release.ActiveCfg = MT DLL Release|Win32
		{E013786A-9575-4F34-81B2-33290357EE87}.MT DLL Release.Build.0 = MT DLL Release|Win32
		{E013786A-9575-4F34-81B2-33290357EE87}.Profile.ActiveCfg = Debug|Win32
		{E013786A-9575-4F34-81B2-33290357EE87}.Profile.Build.0 = Debug|Win32
		{E013786A-9575-4F34-81B2-33290357EE87}.Release.ActiveCfg = Release|Win32
		{E013786A-9575-4F34-81B2-33290357EE87}.Release.Build.0 = Release|Win32
		{EADC3C5A-6C51-4F03-8038-1553E7D7F740}.Debug.ActiveCfg = Debug|Win32
		{EADC3C5A-6C51-4F03-8038-1553E7D7F740}.Debug.Build.0 = Debug|Win32
		{EADC3C5A-6C51-4F03-8038-1553E7D7F740}.MT DLL Debug.ActiveCfg = MT DLL Debug|Win32
		{EADC3C5A-6C51-4F03-8038-1553E7D7F740}.MT DLL Debug.Build.0 = MT DLL Debug|Win32
		{EADC3C5A-6C51-4F03-8038-1553E7D7F740}.MT DLL Release.ActiveCfg = MT DLL Release|Win32
		{EADC3C5A-6C51-4F03-8038-1553E7D7F740}.MT DLL Release.Build.0 = MT DLL Release|Win32
		{EADC3C5A-6C51-4F03-8038-1553E7D7F740}.Profile.ActiveCfg = Release|Win32
		{EADC3C5A-6C51-4F03-8038-1553E7D7F740}.Profile.Build.0 = Release|Win32
		{EADC3C5A-6C51-4F03-8038-1553E7D7F740}.Release.ActiveCfg = Release|Win32
		{EADC3C5A-6C51-4F03-8038-1553E7D7F740}.Release.Build.0 = Release|Win32
		{A1CCF5B0-08E1-4F00-B417-8BFAC34E5E90}.Debug.ActiveCfg = Debug|Win32
		{A1CCF5B0-08E1-4F00-B417-8BFAC34E5E90}.Debug.Build.0 = Debug|Win32
		{A1CCF5B0-08E1-4F00-B417-8BFAC34E5E90}.MT DLL Debug.ActiveCfg = Debug|Win32
		{A1CCF5B0-08E1-4F00-B417-8BFAC34E5E90}.MT DLL Debug.Build.0 = Debug|Win32
		{A1CCF5B0-08E1-4F00-B417-8BFAC34E5E90}.MT DLL Release.ActiveCfg = Release|Win32
		{A1CCF5B0-08E1-4F00-B417-8BFAC34E5E90}.MT DLL Release.Build.0 = Release|Win32
		{A1CCF5B0-08E1-4F00-B417-8BFAC34E5E90}.Profile.ActiveCfg = Debug|Win32
		{A1CCF5B0-08E1-4F00-B417-8BFAC34E5E90}.Profile.Build.0 = Debug|Win32
		{A1CCF5B0-08E1-4F00-B417-8BFAC34E5E90}.Release.ActiveCfg = Release|Win32
		{A1CCF5B0-08E1-4F00-B417-8BFAC34E5E90}.Release.Build.0 = Release|Win32
		{DF25E6F2-780C-438B-8AAD-D10CF8B3820A}.Debug.ActiveCfg = MT DLL Debug|Win32
		{DF25E6F2-780C-438B-8AAD-D10CF8B3820A}.Debug.Build.0 = MT DLL Debug|Win32
		{DF25E6F2-780C-438B-8AAD-D10CF8B3820A}.MT DLL Debug.ActiveCfg = MT DLL Debug|Win32
		{DF25E6F2-780C-438B-8AAD-D10CF8B3820A}.MT DLL Debug.Build.0 = MT DLL Debug|Win32
		{DF25E6F2-780C-438B-8AAD-D10CF8B3820A}.MT DLL Release.ActiveCfg = MT DLL Release|Win32
		{DF25E6F2-780C-438B-8AAD-D10CF8B3820A}.MT DLL Release.Build.0 = MT DLL Release|Win32
		{DF25E6F2-780C-438B-8AAD-D10CF8B3820A}.Profile.ActiveCfg = MT DLL Release|Win32
		{DF25E6F2-780C-438B-8AAD-D10CF8B3820A}.Profile.Build.0 = MT DLL Release|Win32
		{DF25E6F2-780C-438B-8AAD-D10CF8B3820A}.Release.ActiveCfg = MT DLL Release|Win32
		{DF25E6F2-780C-438B-8AAD-D10CF8B3820A}.Release.Build.0 = MT DLL Release|Win32
		{D8ABD6A5-1B36-4D62-934E-B5C6801130B0}.Debug.ActiveCfg = Debug|Win32
		{D8ABD6A5-1B36-4D62-934E-B5C6801130B0}.Debug.Build.0 = Debug|Win32
		{D8ABD6A5-1B36-4D62-934E-B5C6801130B0}.MT DLL Debug.ActiveCfg = MT DLL Debug|Win32
		{D8ABD6A5-1B36-4D62-934E-B5C6801130B0}.MT DLL Debug.Build.0 = MT DLL Debug|Win32
		{D8ABD6A5-1B36-4D62-934E-B5C6801130B0}.MT DLL Release.ActiveCfg = MT DLL Release|Win32
		{D8ABD6A5-1B36-4D62-934E-B5C6801130B0}.MT DLL Release.Build.0 = MT DLL Release|Win32
		{D8ABD6A5-1B36-4D62-934E-B5C6801130B0}.Profile.ActiveCfg = Release|Win32
		{D8ABD6A5-1B36-4D62-934E-B5C6801130B0}.Profile.Build.0 = Release|Win32
		{D8ABD6A5-1B36-4D62-934E-B5C6801130B0}.Release.ActiveCfg = Release|Win32
		{D8ABD6A5-1B36-4D62-934E-B5C6801130B0}.Release.Build.0 = Release|Win32
		{3D310C60-6771-48E4-BCCA-D2718CDED898}.Debug.ActiveCfg = Debug|Win32
		{3D310C60-6771-48E4-BCCA-D2718CDED898}.Debug.Build.0 = Debug|Win32
		{3D310C60-6771-48E4-BCCA-D2718CDED898}.MT DLL Debug.ActiveCfg = Debug|Win32
		{3D310C60-6771-48E4-BCCA-D2718CDED898}.MT DLL Debug.Build.0 = Debug|Win32
		{3D310C60-6771-48E4-BCCA-D2718CDED898}.MT DLL Release.ActiveCfg = Release|Win32
		{3D310C60-6771-48E4-BCCA-D2718CDED898}.MT DLL Release.Build.0 = Release|Win32
		{3D310C60-6771-48E4-BCCA-D2718CDED898}.Profile.ActiveCfg = Debug|Win32
		{3D310C60-6771-48E4-BCCA-D2718CDED898}.Profile.Build.0 = Debug|Win32
		{3D310C60-6771-48E4-BCCA-D2718CDED898}.Release.ActiveCfg = Release|Win32
		{3D310C60-6771-48E4-BCCA-D2718CDED898}.Release.Build.0 = Release|Win32
		{8154A59A-CAED-403D-AB94-BC4E7C032666}.Debug.ActiveCfg = Debug|Win32
		{8154A59A-CAED-403D-AB94-BC4E7C032666}.Debug.Build.0 = Debug|Win32
		{8154A59A-CAED-403D-AB94-BC4E7C032666}.MT DLL Debug.ActiveCfg = Debug|Win32
		{8154A59A-CAED-403D-AB94-BC4E7C032666}.MT DLL Debug.Build.0 = Debug|Win32
		{8154A59A-CAED-403D-AB94-BC4E7C032666}.MT DLL Release.ActiveCfg = Release|Win32
		{8154A59A-CAED-403D-AB94-BC4E7C032666}.MT DLL Release.Build.0 = Release|Win32
		{8154A59A-CAED-403D-AB94-BC4E7C032666}.Profile.ActiveCfg = Release|Win32
		{8154A59A-CAED-403D-AB94-BC4E7C032666}.Profile.Build.0 = Release|Win32
		{8154A59A-CAED-403D-AB94-BC4E7C032666}.Release.ActiveCfg = Release|Win32
		{8154A59A-CAED-403D-AB94-BC4E7C032666}.Release.Build.0 = Release|Win32
		{F90BD995-FFA4-4B18-81E8-FA4322C939E8}.Debug.ActiveCfg = Debug|Win32
		{F90BD995-FFA4-4B18-81E8-FA4322C939E8}.Debug.Build.0 = Debug|Win32
		{F90BD995-FFA4-4B18-81E8-FA4322C939E8}.MT DLL Debug.ActiveCfg = MT DLL Debug|Win32
		{F90BD995-FFA4-4B18-81E8-FA4322C939E8}.MT DLL Debug.Build.0 = MT DLL Debug|Win32
		{F90BD995-FFA4-4B18-81E8-FA4322C939E8}.MT DLL Release.ActiveCfg = MT DLL Release|Win32
		{F90BD995-FFA4-4B18-81E8-FA4322C939E8}.MT DLL Release.Build.0 = MT DLL Release|Win32
		{F90BD995-FFA4-4B18-81E8-FA4322C939E8}.Profile.ActiveCfg = MT DLL Release|Win32
		{F90BD995-FFA4-4B18-81E8-FA4322C939E8}.Profile.Build.0 = MT DLL Release|Win32
		{F90BD995-FFA4-4B18-81E8-FA4322C939E8}.Release.ActiveCfg = Release|Win32
		{F90BD995-FFA4-4B18-81E8-FA4322C939E8}.Release.Build.0 = Release|Win32
		{E645CC32-4823-463E-82F0-46ADDE664018}.Debug.ActiveCfg = Debug|Win32
		{E645CC32-4823-463E-82F0-46ADDE664018}.Debug.Build.0 = Debug|Win32
		{E645CC32-4823-463E-82F0-46ADDE664018}.MT DLL Debug.ActiveCfg = MT DLL Debug|Win32
		{E645CC32-4823-463E-82F0-46ADDE664018}.MT DLL Debug.Build.0 = MT DLL Debug|Win32
		{E645CC32-4823-463E-82F0-46ADDE664018}.MT DLL Release.ActiveCfg = MT DLL Release|Win32
		{E645CC32-4823-463E-82F0-46ADDE664018}.MT DLL Release.Build.0 = MT DLL Release|Win32
		{E645CC32-4823-463E-82F0-46ADDE664018}.Profile.ActiveCfg = Release|Win32
		{E645CC32-4823-463E-82F0-46ADDE664018}.Profile.Build.0 = Release|Win32
		{E645CC32-4823-463E-82F0-46ADDE664018}.Release.ActiveCfg = Release|Win32
		{E645CC32-4823-463E-82F0-46ADDE664018}.Release.Build.0 = Release|Win32
		{6E24BF09-9653-4166-A871-F65CC9E98A9B}.Debug.ActiveCfg = Debug|Win32
		{6E24BF09-9653-4166-A871-F65CC9E98A9B}.Debug.Build.0 = Debug|Win32
		{6E24BF09-9653-4166-A871-F65CC9E98A9B}.MT DLL Debug.ActiveCfg = MT DLL Debug|Win32
		{6E24BF09-9653-4166-A871-F65CC9E98A9B}.MT DLL Debug.Build.0 = MT DLL Debug|Win32
		{6E24BF09-9653-4166-A871-F65CC9E98A9B}.MT DLL Release.ActiveCfg = MT DLL Release|Win32
		{6E24BF09-9653-4166-A871-F65CC9E98A9B}.MT DLL Release.Build.0 = MT DLL Release|Win32
		{6E24BF09-9653-4166-A871-F65CC9E98A9B}.Profile.ActiveCfg = MT DLL Debug|Win32
		{6E24BF09-9653-4166-A871-F65CC9E98A9B}.Profile.Build.0 = MT DLL Debug|Win32
		{6E24BF09-9653-4166-A871-F65CC9E98A9B}.Release.ActiveCfg = Release|Win32
		{6E24BF09-9653-4166-A871-F65CC9E98A9B}.Release.Build.0 = Release|Win32
		{6B801390-5F95-4F07-81A7-97FBA046AACC}.Debug.ActiveCfg = Debug|Win32
		{6B801390-5F95-4F07-81A7-97FBA046AACC}.Debug.Build.0 = Debug|Win32
		{6B801390-5F95-4F07-81A7-97FBA046AACC}.MT DLL Debug.ActiveCfg = MT DLL Debug|Win32
		{6B801390-5F95-4F07-81A7-97FBA046AACC}.MT DLL Debug.Build.0 = MT DLL Debug|Win32
		{6B801390-5F95-4F07-81A7-97FBA046AACC}.MT DLL Release.ActiveCfg = MT DLL Release|Win32
		{6B801390-5F95-4F07-81A7-97FBA046AACC}.MT DLL Release.Build.0 = MT DLL Release|Win32
		{6B801390-5F95-4F07-81A7-97FBA046AACC}.Profile.ActiveCfg = MT DLL Debug|Win32
		{6B801390-5F95-4F07-81A7-97FBA046AACC}.Profile.Build.0 = MT DLL Debug|Win32
		{6B801390-5F95-4F07-81A7-97FBA046AACC}.Release.ActiveCfg = Release|Win32
		{6B801390-5F95-4F07-81A7-97FBA046AACC}.Release.Build.0 = Release|Win32
		{0A73055E-4DED-40CD-9F72-9093ED3EEC7E}.Debug.ActiveCfg = Debug|Win32
		{0A73055E-4DED-40CD-9F72-9093ED3EEC7E}.Debug.Build.0 = Debug|Win32
		{0A73055E-4DED-40CD-9F72-9093ED3EEC7E}.MT DLL Debug.ActiveCfg = MT DLL Debug|Win32
		{0A73055E-4DED-40CD-9F72-9093ED3EEC7E}.MT DLL Debug.Build.0 = MT DLL Debug|Win32
		{0A73055E-4DED-40CD-9F72-9093ED3EEC7E}.MT DLL Release.ActiveCfg = MT DLL Release|Win32
		{0A73055E-4DED-40CD-9F72-9093ED3EEC7E}.MT DLL Release.Build.0 = MT DLL Release|Win32
		{0A73055E-4DED-40CD-9F72-9093ED3EEC7E}.Profile.ActiveCfg = Debug|Win32
		{0A73055E-4DED-40CD-9F72-9093ED3EEC7E}.Profile.Build.0 = Debug|Win32
		{0A73055E-4DED-40CD-9F72-9093ED3EEC7E}.Release.ActiveCfg = Release|Win32
		{0A73055E-4DED-40CD-9F72-9093ED3EEC7E}.Release.Build.0 = Release|Win32
		{3648FB9A-C36F-43AB-AED0-1F1361E67FC7}.Debug.ActiveCfg = Debug|Win32
		{3648FB9A-C36F-43AB-AED0-1F1361E67FC7}.Debug.Build.0 = Debug|Win32
		{3648FB9A-C36F-43AB-AED0-1F1361E67FC7}.MT DLL Debug.ActiveCfg = MT DLL Debug|Win32
		{3648FB9A-C36F-43AB-AED0-1F1361E67FC7}.MT DLL Debug.Build.0 = MT DLL Debug|Win32
		{3648FB9A-C36F-43AB-AED0-1F1361E67FC7}.MT DLL Release.ActiveCfg = MT DLL Release|Win32
		{3648FB9A-C36F-43AB-AED0-1F1361E67FC7}.MT DLL Release.Build.0 = MT DLL Release|Win32
		{3648FB9A-C36F-43AB-AED0-1F1361E67FC7}.Profile.ActiveCfg = Release|Win32
		{3648FB9A-C36F-43AB-AED0-1F1361E67FC7}.Profile.Build.0 = Release|Win32
		{3648FB9A-C36F-43AB-AED0-1F1361E67FC7}.Release.ActiveCfg = Release|Win32
		{3648FB9A-C36F-43AB-AED0-1F1361E67FC7}.Release.Build.0 = Release|Win32
		{EC405272-28E3-4840-AAC2-53D6DE4E163D}.Debug.ActiveCfg = Debug|Win32
		{EC405272-28E3-4840-AAC2-53D6DE4E163D}.Debug.Build.0 = Debug|Win32
		{EC405272-28E3-4840-AAC2-53D6DE4E163D}.MT DLL Debug.ActiveCfg = MT DLL Debug|Win32
		{EC405272-28E3-4840-AAC2-53D6DE4E163D}.MT DLL Debug.Build.0 = MT DLL Debug|Win32
		{EC405272-28E3-4840-AAC2-53D6DE4E163D}.MT DLL Release.ActiveCfg = MT DLL Release|Win32
		{EC405272-28E3-4840-AAC2-53D6DE4E163D}.MT DLL Release.Build.0 = MT DLL Release|Win32
		{EC405272-28E3-4840-AAC2-53D6DE4E163D}.Profile.ActiveCfg = Debug|Win32
		{EC405272-28E3-4840-AAC2-53D6DE4E163D}.Profile.Build.0 = Debug|Win32
		{EC405272-28E3-4840-AAC2-53D6DE4E163D}.Release.ActiveCfg = Release|Win32
		{EC405272-28E3-4840-AAC2-53D6DE4E163D}.Release.Build.0 = Release|Win32
		{E109F1A5-FDD3-4F56-A1C4-96867EEA4C5B}.Debug.ActiveCfg = Debug|Win32
		{E109F1A5-FDD3-4F56-A1C4-96867EEA4C5B}.Debug.Build.0 = Debug|Win32
		{E109F1A5-FDD3-4F56-A1C4-96867EEA4C5B}.MT DLL Debug.ActiveCfg = MT DLL Debug|Win32
		{E109F1A5-FDD3-4F56-A1C4-96867EEA4C5B}.MT DLL Debug.Build.0 = MT DLL Debug|Win32
		{E109F1A5-FDD3-4F56-A1C4-96867EEA4C5B}.MT DLL Release.ActiveCfg = MT DLL Release|Win32
		{E109F1A5-FDD3-4F56-A1C4-96867EEA4C5B}.MT DLL Release.Build.0 = MT DLL Release|Win32
		{E109F1A5-FDD3-4F56-A1C4-96867EEA4C5B}.Profile.ActiveCfg = MT DLL Debug|Win32
		{E109F1A5-FDD3-4F56-A1C4-96867EEA4C5B}.Profile.Build.0 = MT DLL Debug|Win32
		{E109F1A5-FDD3-4F56-A1C4-96867EEA4C5B}.Release.ActiveCfg = Release|Win32
		{E109F1A5-FDD3-4F56-A1C4-96867EEA4C5B}.Release.Build.0 = Release|Win32
		{AB590CED-F71F-4A17-A89B-18583ECD633D}.Debug.ActiveCfg = Debug|Win32
		{AB590CED-F71F-4A17-A89B-18583ECD633D}.Debug.Build.0 = Debug|Win32
		{AB590CED-F71F-4A17-A89B-18583ECD633D}.MT DLL Debug.ActiveCfg = MT DLL Debug|Win32
		{AB590CED-F71F-4A17-A89B-18583ECD633D}.MT DLL Debug.Build.0 = MT DLL Debug|Win32
		{AB590CED-F71F-4A17-A89B-18583ECD633D}.MT DLL Release.ActiveCfg = MT DLL Release|Win32
		{AB590CED-F71F-4A17-A89B-18583ECD633D}.MT DLL Release.Build.0 = MT DLL Release|Win32
		{AB590CED-F71F-4A17-A89B-18583ECD633D}.Profile.ActiveCfg = Release|Win32
		{AB590CED-F71F-4A17-A89B-18583ECD633D}.Profile.Build.0 = Release|Win32
		{AB590CED-F71F-4A17-A89B-18583ECD633D}.Release.ActiveCfg = Release|Win32
		{AB590CED-F71F-4A17-A89B-18583ECD633D}.Release.Build.0 = Release|Win32
		{51FB3D48-2467-4BFA-A321-D848252B437E}.Debug.ActiveCfg = Debug|Win32
		{51FB3D48-2467-4BFA-A321-D848252B437E}.Debug.Build.0 = Debug|Win32
		{51FB3D48-2467-4BFA-A321-D848252B437E}.MT DLL Debug.ActiveCfg = MT DLL Debug|Win32
		{51FB3D48-2467-4BFA-A321-D848252B437E}.MT DLL Debug.Build.0 = MT DLL Debug|Win32
		{51FB3D48-2467-4BFA-A321-D848252B437E}.MT DLL Release.ActiveCfg = MT DLL Release|Win32
		{51FB3D48-2467-4BFA-A321-D848252B437E}.MT DLL Release.Build.0 = MT DLL Release|Win32
		{51FB3D48-2467-4BFA-A321-D848252B437E}.Profile.ActiveCfg = MT DLL Debug|Win32
		{51FB3D48-2467-4BFA-A321-D848252B437E}.Profile.Build.0 = MT DLL Debug|Win32
		{51FB3D48-2467-4BFA-A321-D848252B437E}.Release.ActiveCfg = Release|Win32
		{51FB3D48-2467-4BFA-A321-D848252B437E}.Release.Build.0 = Release|Win32
		{32CC75E2-EE85-45E6-8E3D-513F58464F43}.Debug.ActiveCfg = Debug|Win32
		{32CC75E2-EE85-45E6-8E3D-513F58464F43}.Debug.Build.0 = Debug|Win32
		{32CC75E2-EE85-45E6-8E3D-513F58464F43}.MT DLL Debug.ActiveCfg = MT DLL Debug|Win32
		{32CC75E2-EE85-45E6-8E3D-513F58464F43}.MT DLL Debug.Build.0 = MT DLL Debug|Win32
		{32CC75E2-EE85-45E6-8E3D-513F58464F43}.MT DLL Release.ActiveCfg = MT DLL Release|Win32
		{32CC75E2-EE85-45E6-8E3D-513F58464F43}.MT DLL Release.Build.0 = MT DLL Release|Win32
		{32CC75E2-EE85-45E6-8E3D-513F58464F43}.Profile.ActiveCfg = MT DLL Debug|Win32
		{32CC75E2-EE85-45E6-8E3D-513F58464F43}.Profile.Build.0 = MT DLL Debug|Win32
		{32CC75E2-EE85-45E6-8E3D-513F58464F43}.Release.ActiveCfg = Release|Win32
		{32CC75E2-EE85-45E6-8E3D-513F58464F43}.Release.Build.0 = Release|Win32
		{09222F5E-1625-4FF3-A89A-384D16875EE5}.Debug.ActiveCfg = Debug|Win32
		{09222F5E-1625-4FF3-A89A-384D16875EE5}.Debug.Build.0 = Debug|Win32
		{09222F5E-1625-4FF3-A89A-384D16875EE5}.MT DLL Debug.ActiveCfg = MT DLL Debug|Win32
		{09222F5E-1625-4FF3-A89A-384D16875EE5}.MT DLL Debug.Build.0 = MT DLL Debug|Win32
		{09222F5E-1625-4FF3-A89A-384D16875EE5}.MT DLL Release.ActiveCfg = MT DLL Release|Win32
		{09222F5E-1625-4FF3-A89A-384D16875EE5}.MT DLL Release.Build.0 = MT DLL Release|Win32
		{09222F5E-1625-4FF3-A89A-384D16875EE5}.Profile.ActiveCfg = MT DLL Release|Win32
		{09222F5E-1625-4FF3-A89A-384D16875EE5}.Profile.Build.0 = MT DLL Release|Win32
		{09222F5E-1625-4FF3-A89A-384D16875EE5}.Release.ActiveCfg = Release|Win32
		{09222F5E-1625-4FF3-A89A-384D16875EE5}.Release.Build.0 = Release|Win32
		{BAAE3F2B-BCF8-4E84-B8BA-CFB2D64945FE}.Debug.ActiveCfg = Debug|Win32
		{BAAE3F2B-BCF8-4E84-B8BA-CFB2D64945FE}.Debug.Build.0 = Debug|Win32
		{BAAE3F2B-BCF8-4E84-B8BA-CFB2D64945FE}.MT DLL Debug.ActiveCfg = MT DLL Debug|Win32
		{BAAE3F2B-BCF8-4E84-B8BA-CFB2D64945FE}.MT DLL Debug.Build.0 = MT DLL Debug|Win32
		{BAAE3F2B-BCF8-4E84-B8BA-CFB2D64945FE}.MT DLL Release.ActiveCfg = MT DLL Release|Win32
		{BAAE3F2B-BCF8-4E84-B8BA-CFB2D64945FE}.MT DLL Release.Build.0 = MT DLL Release|Win32
		{BAAE3F2B-BCF8-4E84-B8BA-CFB2D64945FE}.Profile.ActiveCfg = Release|Win32
		{BAAE3F2B-BCF8-4E84-B8BA-CFB2D64945FE}.Profile.Build.0 = Release|Win32
		{BAAE3F2B-BCF8-4E84-B8BA-CFB2D64945FE}.Release.ActiveCfg = Release|Win32
		{BAAE3F2B-BCF8-4E84-B8BA-CFB2D64945FE}.Release.Build.0 = Release|Win32
		{F78B7FC9-DE32-465E-9F26-BB0B6B7A2EAF}.Debug.ActiveCfg = Debug|Win32
		{F78B7FC9-DE32-465E-9F26-BB0B6B7A2EAF}.Debug.Build.0 = Debug|Win32
		{F78B7FC9-DE32-465E-9F26-BB0B6B7A2EAF}.MT DLL Debug.ActiveCfg = Debug|Win32
		{F78B7FC9-DE32-465E-9F26-BB0B6B7A2EAF}.MT DLL Debug.Build.0 = Debug|Win32
		{F78B7FC9-DE32-465E-9F26-BB0B6B7A2EAF}.MT DLL Release.ActiveCfg = Release|Win32
		{F78B7FC9-DE32-465E-9F26-BB0B6B7A2EAF}.MT DLL Release.Build.0 = Release|Win32
		{F78B7FC9-DE32-465E-9F26-BB0B6B7A2EAF}.Profile.ActiveCfg = Debug|Win32
		{F78B7FC9-DE32-465E-9F26-BB0B6B7A2EAF}.Profile.Build.0 = Debug|Win32
		{F78B7FC9-DE32-465E-9F26-BB0B6B7A2EAF}.Release.ActiveCfg = Release|Win32
		{F78B7FC9-DE32-465E-9F26-BB0B6B7A2EAF}.Release.Build.0 = Release|Win32
		{BB6AA598-B336-4F8B-9DF9-8CAE7BE71C23}.Debug.ActiveCfg = Debug|Win32
		{BB6AA598-B336-4F8B-9DF9-8CAE7BE71C23}.Debug.Build.0 = Debug|Win32
		{BB6AA598-B336-4F8B-9DF9-8CAE7BE71C23}.MT DLL Debug.ActiveCfg = Debug|Win32
		{BB6AA598-B336-4F8B-9DF9-8CAE7BE71C23}.MT DLL Debug.Build.0 = Debug|Win32
		{BB6AA598-B336-4F8B-9DF9-8CAE7BE71C23}.MT DLL Release.ActiveCfg = Release|Win32
		{BB6AA598-B336-4F8B-9DF9-8CAE7BE71C23}.MT DLL Release.Build.0 = Release|Win32
		{BB6AA598-B336-4F8B-9DF9-8CAE7BE71C23}.Profile.ActiveCfg = Release|Win32
		{BB6AA598-B336-4F8B-9DF9-8CAE7BE71C23}.Profile.Build.0 = Release|Win32
		{BB6AA598-B336-4F8B-9DF9-8CAE7BE71C23}.Release.ActiveCfg = Release|Win32
		{BB6AA598-B336-4F8B-9DF9-8CAE7BE71C23}.Release.Build.0 = Release|Win32
		{727F90AC-ABE6-40BF-8937-C2F2F1D13DEA}.Debug.ActiveCfg = Debug|Win32
		{727F90AC-ABE6-40BF-8937-C2F2F1D13DEA}.Debug.Build.0 = Debug|Win32
		{727F90AC-ABE6-40BF-8937-C2F2F1D13DEA}.MT DLL Debug.ActiveCfg = MT DLL Debug|Win32
		{727F90AC-ABE6-40BF-8937-C2F2F1D13DEA}.MT DLL Debug.Build.0 = MT DLL Debug|Win32
		{727F90AC-ABE6-40BF-8937-C2F2F1D13DEA}.MT DLL Release.ActiveCfg = MT DLL Release|Win32
		{727F90AC-ABE6-40BF-8937-C2F2F1D13DEA}.MT DLL Release.Build.0 = MT DLL Release|Win32
		{727F90AC-ABE6-40BF-8937-C2F2F1D13DEA}.Profile.ActiveCfg = MT DLL Release|Win32
		{727F90AC-ABE6-40BF-8937-C2F2F1D13DEA}.Profile.Build.0 = MT DLL Release|Win32
		{727F90AC-ABE6-40BF-8937-C2F2F1D13DEA}.Release.ActiveCfg = Release|Win32
		{727F90AC-ABE6-40BF-8937-C2F2F1D13DEA}.Release.Build.0 = Release|Win32
		{9625642D-6F20-4FB6-A089-BE7441B223E3}.Debug.ActiveCfg = Debug|Win32
		{9625642D-6F20-4FB6-A089-BE7441B223E3}.Debug.Build.0 = Debug|Win32
		{9625642D-6F20-4FB6-A089-BE7441B223E3}.MT DLL Debug.ActiveCfg = Debug|Win32
		{9625642D-6F20-4FB6-A089-BE7441B223E3}.MT DLL Debug.Build.0 = Debug|Win32
		{9625642D-6F20-4FB6-A089-BE7441B223E3}.MT DLL Release.ActiveCfg = Release|Win32
		{9625642D-6F20-4FB6-A089-BE7441B223E3}.MT DLL Release.Build.0 = Release|Win32
		{9625642D-6F20-4FB6-A089-BE7441B223E3}.Profile.ActiveCfg = Release|Win32
		{9625642D-6F20-4FB6-A089-BE7441B223E3}.Profile.Build.0 = Release|Win32
		{9625642D-6F20-4FB6-A089-BE7441B223E3}.Release.ActiveCfg = Release|Win32
		{9625642D-6F20-4FB6-A089-BE7441B223E3}.Release.Build.0 = Release|Win32
		{9991A3C3-83FE-4AFE-9E18-9D01CB57E879}.Debug.ActiveCfg = Debug|Win32
		{9991A3C3-83FE-4AFE-9E18-9D01CB57E879}.Debug.Build.0 = Debug|Win32
		{9991A3C3-83FE-4AFE-9E18-9D01CB57E879}.MT DLL Debug.ActiveCfg = Debug|Win32
		{9991A3C3-83FE-4AFE-9E18-9D01CB57E879}.MT DLL Debug.Build.0 = Debug|Win32
		{9991A3C3-83FE-4AFE-9E18-9D01CB57E879}.MT DLL Release.ActiveCfg = Release|Win32
		{9991A3C3-83FE-4AFE-9E18-9D01CB57E879}.MT DLL Release.Build.0 = Release|Win32
		{9991A3C3-83FE-4AFE-9E18-9D01CB57E879}.Profile.ActiveCfg = Release|Win32
		{9991A3C3-83FE-4AFE-9E18-9D01CB57E879}.Profile.Build.0 = Release|Win32
		{9991A3C3-83FE-4AFE-9E18-9D01CB57E879}.Release.ActiveCfg = Release|Win32
		{9991A3C3-83FE-4AFE-9E18-9D01CB57E879}.Release.Build.0 = Release|Win32
	EndGlobalSection
	GlobalSection(ExtensibilityGlobals) = postSolution
	EndGlobalSection
	GlobalSection(ExtensibilityAddIns) = postSolution
	EndGlobalSection
EndGlobal
