Microsoft Visual Studio Solution File, Format Version 7.00
Project("{8BC9CEB8-8B4A-11D0-8D11-00A0C91BC942}") = "BKE_blenkernel", "make\msvc_7_0\blender\blenkernel\BKE_blenkernel.vcproj", "{33160798-9543-49ED-9CA9-25186EF70576}"
EndProject
Project("{8BC9CEB8-8B4A-11D0-8D11-00A0C91BC942}") = "BL_avi", "make\msvc_7_0\blender\avi\BL_avi.vcproj", "{FB24A408-8550-4324-A89C-00475B7825F0}"
EndProject
Project("{8BC9CEB8-8B4A-11D0-8D11-00A0C91BC942}") = "blender", "make\msvc_7_0\blender\blender.vcproj", "{CBCAB2F8-B965-4BAD-BAC5-59902A46030C}"
EndProject
Project("{8BC9CEB8-8B4A-11D0-8D11-00A0C91BC942}") = "blenpluginapi", "make\msvc_7_0\blender\blenpluginapi\blenpluginapi.vcproj", "{6B3B77A8-2C91-4F4A-9688-8340BAF2F5DC}"
EndProject
Project("{8BC9CEB8-8B4A-11D0-8D11-00A0C91BC942}") = "DNA_makesdna", "make\msvc_7_0\blender\makesdna\DNA_makesdna.vcproj", "{4096B51C-B6D6-4693-9EF9-A603F329E002}"
EndProject
Project("{8BC9CEB8-8B4A-11D0-8D11-00A0C91BC942}") = "gen_messaging", "make\msvc_7_0\kernel\gen_messaging\gen_messaging.vcproj", "{8C7A5DB2-421E-4CD3-8761-27B47020AB1F}"
EndProject
Project("{8BC9CEB8-8B4A-11D0-8D11-00A0C91BC942}") = "BLI_blenlib", "make\msvc_7_0\blender\blenlib\BLI_blenlib.vcproj", "{4C9DE808-E6B5-4889-986C-2556C93ADD3F}"
EndProject
Project("{8BC9CEB8-8B4A-11D0-8D11-00A0C91BC942}") = "SYS_system", "make\msvc_7_0\kernel\system\SYS_system.vcproj", "{1D09E029-1F0B-4C80-802A-225F38C65577}"
EndProject
Project("{8BC9CEB8-8B4A-11D0-8D11-00A0C91BC942}") = "SND_sound", "make\msvc_7_0\gameengine\sound\SND_sound.vcproj", "{FC6A49F1-C295-4BB9-8E83-7B8A0B1CF25D}"
EndProject
Project("{8BC9CEB8-8B4A-11D0-8D11-00A0C91BC942}") = "SND_openal", "make\msvc_7_0\gameengine\sound\openal\SND_openal.vcproj", "{D0CB909F-1D8D-4F2C-AE00-ED280A14FCB7}"
EndProject
Project("{8BC9CEB8-8B4A-11D0-8D11-00A0C91BC942}") = "BLO_decrypt", "make\msvc_7_0\blender\BLO_decrypt\BLO_decrypt.vcproj", "{BC3194C8-9470-468C-B57F-2A595A27856D}"
EndProject
Project("{8BC9CEB8-8B4A-11D0-8D11-00A0C91BC942}") = "SND_Dummy", "make\msvc_7_0\gameengine\sound\dummy\SND_Dummy.vcproj", "{C26FFB21-E941-4E9E-98E8-A0089CED7E3F}"
EndProject
Project("{8BC9CEB8-8B4A-11D0-8D11-00A0C91BC942}") = "SG_SceneGraph", "make\msvc_7_0\gameengine\scenegraph\SG_SceneGraph.vcproj", "{43A6AE3B-6721-442B-BEEE-0CD823BE1B6B}"
EndProject
Project("{8BC9CEB8-8B4A-11D0-8D11-00A0C91BC942}") = "SCA_GameLogic", "make\msvc_7_0\gameengine\gamelogic\SCA_GameLogic.vcproj", "{D1BBC147-7C5E-450E-9934-736370CCE2BD}"
EndProject
Project("{8BC9CEB8-8B4A-11D0-8D11-00A0C91BC942}") = "RAS_rasterizer", "make\msvc_7_0\gameengine\rasterizer\RAS_rasterizer.vcproj", "{5B601395-A5A4-4982-B201-6425719060A7}"
EndProject
Project("{8BC9CEB8-8B4A-11D0-8D11-00A0C91BC942}") = "RAS_openglrasterizer", "make\msvc_7_0\gameengine\rasterizer\openglrasterizer\RAS_openglrasterizer.vcproj", "{56F9BAF1-71A7-4C61-90E1-83378069932C}"
EndProject
Project("{8BC9CEB8-8B4A-11D0-8D11-00A0C91BC942}") = "PHY_Physics", "make\msvc_7_0\gameengine\physics\PHY_Physics\PHY_Physics.vcproj", "{0545DF04-C5C3-49D7-AE86-BFABD151C344}"
EndProject
Project("{8BC9CEB8-8B4A-11D0-8D11-00A0C91BC942}") = "PHY_Ode", "make\msvc_7_0\gameengine\physics\PHY_Physics\PHY_Ode\PHY_Ode.vcproj", "{8CCBB361-82F8-4DE1-B888-94D8536668F7}"
EndProject
Project("{8BC9CEB8-8B4A-11D0-8D11-00A0C91BC942}") = "PHY_Dummy", "make\msvc_7_0\gameengine\physics\PHY_Physics\PHY_Dummy\PHY_Dummy.vcproj", "{E9CB70F5-053E-4F3A-8663-278AF1EED478}"
EndProject
Project("{8BC9CEB8-8B4A-11D0-8D11-00A0C91BC942}") = "NG_network", "make\msvc_7_0\gameengine\network\network\NG_network.vcproj", "{DE73D9B8-381A-4E2F-A49A-7DBDBC27E2AD}"
EndProject
Project("{8BC9CEB8-8B4A-11D0-8D11-00A0C91BC942}") = "NG_loopbacknetwork", "make\msvc_7_0\gameengine\network\loopbacknetwork\NG_loopbacknetwork.vcproj", "{78FFAD4E-D621-4728-B555-1164E2755BC3}"
EndProject
Project("{8BC9CEB8-8B4A-11D0-8D11-00A0C91BC942}") = "KX_network", "make\msvc_7_0\gameengine\ketsji\network\KX_network.vcproj", "{FEC330A1-9865-4FF7-B537-BDD1B0E2A6C5}"
EndProject
Project("{8BC9CEB8-8B4A-11D0-8D11-00A0C91BC942}") = "KX_ketsji", "make\msvc_7_0\gameengine\ketsji\KX_ketsji.vcproj", "{9F6B60B4-0597-4A14-BFD9-CEC96637D274}"
EndProject
Project("{8BC9CEB8-8B4A-11D0-8D11-00A0C91BC942}") = "KX_converter", "make\msvc_7_0\gameengine\converter\KX_converter.vcproj", "{3112A2A4-2C7D-4F50-BFC9-C8ACAB4A5357}"
EndProject
Project("{8BC9CEB8-8B4A-11D0-8D11-00A0C91BC942}") = "KX_blenderhook", "make\msvc_7_0\gameengine\blenderhook\KX_blenderhook.vcproj", "{E7498162-0427-47A5-88A9-18D7184F606B}"
EndProject
Project("{8BC9CEB8-8B4A-11D0-8D11-00A0C91BC942}") = "BLO_deflate", "make\msvc_7_0\blender\BLO_deflate\BLO_deflate.vcproj", "{8128F7DB-4957-4C17-BDB7-B4900C82BC7E}"
EndProject
Project("{8BC9CEB8-8B4A-11D0-8D11-00A0C91BC942}") = "GP_common", "make\msvc_7_0\gameengine\gameplayer\common\GP_common.vcproj", "{01E7C83A-D480-485D-A9A7-5C8F999CD2C1}"
EndProject
Project("{8BC9CEB8-8B4A-11D0-8D11-00A0C91BC942}") = "BLO_encrypt", "make\msvc_7_0\blender\BLO_encrypt\BLO_encrypt.vcproj", "{C1212004-31D4-4134-8F10-C04F16671D7B}"
EndProject
Project("{8BC9CEB8-8B4A-11D0-8D11-00A0C91BC942}") = "EXP_expressions", "make\msvc_7_0\gameengine\expression\EXP_expressions.vcproj", "{8A5E634D-D1DA-40E9-A3B3-94689A6235DC}"
EndProject
Project("{8BC9CEB8-8B4A-11D0-8D11-00A0C91BC942}") = "BRE_renderconverter", "make\msvc_7_0\blender\renderconverter\BRE_renderconverter.vcproj", "{7C0EAF66-4FAE-4AFD-A4B7-301B3E86F8A2}"
EndProject
Project("{8BC9CEB8-8B4A-11D0-8D11-00A0C91BC942}") = "BRE_render", "make\msvc_7_0\blender\render\BRE_render.vcproj", "{BA50970A-5CF1-4575-846A-393139ABB804}"
EndProject
Project("{8BC9CEB8-8B4A-11D0-8D11-00A0C91BC942}") = "BRA_radiosity", "make\msvc_7_0\blender\radiosity\BRA_radiosity.vcproj", "{54592B50-935C-4E30-9214-05C2B28C89CD}"
EndProject
Project("{8BC9CEB8-8B4A-11D0-8D11-00A0C91BC942}") = "BPY_python", "make\msvc_7_0\blender\bpython\intern\BPY_python\BPY_python.vcproj", "{9AA4E95C-6E41-4C0F-81F4-AB181DD4805B}"
EndProject
Project("{8BC9CEB8-8B4A-11D0-8D11-00A0C91BC942}") = "BL_src_pub", "make\msvc_7_0\blender\src\BL_src_pub.vcproj", "{2E4335D8-1FA9-45E7-9A1E-B2F19F28F7F4}"
EndProject
Project("{8BC9CEB8-8B4A-11D0-8D11-00A0C91BC942}") = "BLO_inflate", "make\msvc_7_0\blender\BLO_inflate\BLO_inflate.vcproj", "{B0FC6B54-D34F-428E-BA21-14609817696E}"
EndProject
Project("{8BC9CEB8-8B4A-11D0-8D11-00A0C91BC942}") = "BL_src", "make\msvc_7_0\blender\src\BL_src.vcproj", "{DDECAF43-CF76-471C-B7A1-12289BBCA182}"
EndProject
Project("{8BC9CEB8-8B4A-11D0-8D11-00A0C91BC942}") = "BL_img", "make\msvc_7_0\blender\img\BL_img.vcproj", "{37964135-3262-470F-82E6-1998A6F6AFED}"
EndProject
Project("{8BC9CEB8-8B4A-11D0-8D11-00A0C91BC942}") = "BL_imbuf", "make\msvc_7_0\blender\imbuf\BL_imbuf.vcproj", "{E9C8BA7E-46C9-44D1-992D-8CA33F5C3888}"
EndProject
Project("{8BC9CEB8-8B4A-11D0-8D11-00A0C91BC942}") = "BLO_writestreamglue_stub", "make\msvc_7_0\blender\BLO_writestreamglue_stub\BLO_writestreamglue_stub.vcproj", "{B92DF135-41E6-488A-8535-36D56FC351B8}"
EndProject
Project("{8BC9CEB8-8B4A-11D0-8D11-00A0C91BC942}") = "BLO_writestreamglue", "make\msvc_7_0\blender\BLO_writestreamglue\BLO_writestreamglue.vcproj", "{F27934C5-4574-4782-92DB-59C4ADA1C884}"
EndProject
Project("{8BC9CEB8-8B4A-11D0-8D11-00A0C91BC942}") = "BLO_writeblenfile", "make\msvc_7_0\blender\BLO_writeblenfile\BLO_writeblenfile.vcproj", "{6A6A8035-BBFC-45BD-8F39-6338A84AD2E2}"
EndProject
Project("{8BC9CEB8-8B4A-11D0-8D11-00A0C91BC942}") = "BLO_verify", "make\msvc_7_0\blender\BLO_verify\BLO_verify.vcproj", "{1D97E046-576B-4B6B-BC18-774C5CDCE376}"
EndProject
Project("{8BC9CEB8-8B4A-11D0-8D11-00A0C91BC942}") = "BLO_sign", "make\msvc_7_0\blender\BLO_sign\BLO_sign.vcproj", "{9A534FAE-E3D0-4B23-983A-AA8CA942C30C}"
EndProject
Project("{8BC9CEB8-8B4A-11D0-8D11-00A0C91BC942}") = "BLO_readstreamglue", "make\msvc_7_0\blender\BLO_readstreamglue\BLO_readstreamglue.vcproj", "{1FBE0676-6FCB-4D72-8A1E-EB73E2B9D3BF}"
EndProject
Project("{8BC9CEB8-8B4A-11D0-8D11-00A0C91BC942}") = "BLO_readblenfile", "make\msvc_7_0\blender\BLO_readblenfile\BLO_readblenfile.vcproj", "{012F7E1D-82C9-4580-9853-0568CBBEFBD3}"
EndProject
Project("{8BC9CEB8-8B4A-11D0-8D11-00A0C91BC942}") = "BLO_loader", "make\msvc_7_0\blender\loader\BLO_loader.vcproj", "{CC04F575-DF86-4B74-BB9D-F2C0FF89FFA5}"
EndProject
Project("{8BC9CEB8-8B4A-11D0-8D11-00A0C91BC942}") = "GP_axctl", "make\msvc_7_0\gameengine\gameplayer\axctl\GP_axctl.vcproj", "{67C9101D-8036-4A52-9D4D-65461EAD821F}"
EndProject
Project("{8BC9CEB8-8B4A-11D0-8D11-00A0C91BC942}") = "GP_ghost", "make\msvc_7_0\gameengine\gameplayer\ghost\GP_ghost.vcproj", "{46CA298C-D091-4F56-BB3A-9FE46099FC29}"
EndProject
Project("{8BC9CEB8-8B4A-11D0-8D11-00A0C91BC942}") = "SND_fmod", "make\msvc_7_0\gameengine\sound\fmod\SND_fmod.vcproj", "{EB7F768F-4D0D-4A3D-A0CF-6D1B32D53271}"
EndProject
Project("{8BC9CEB8-8B4A-11D0-8D11-00A0C91BC942}") = "BL_src_cre", "make\msvc_7_0\blender\src\BL_src_cre.vcproj", "{F5986072-9E1D-4883-8E38-DA0503130BB5}"
EndProject
Project("{8BC9CEB8-8B4A-11D0-8D11-00A0C91BC942}") = "guardedalloc", "intern\guardedalloc\make\msvc_7_0\guardedalloc.vcproj", "{1CC733F1-6AB5-4904-8F63-C08C46B79DD9}"
EndProject
Project("{8BC9CEB8-8B4A-11D0-8D11-00A0C91BC942}") = "bsplib", "intern\bsp\make\msvc_7_0\bsplib.vcproj", "{765F3B06-B3DB-4CD0-B456-CFEE746A2A42}"
EndProject
Project("{8BC9CEB8-8B4A-11D0-8D11-00A0C91BC942}") = "bmfont", "intern\bmfont\make\msvc_7_0\bmfont.vcproj", "{FEF213CF-2097-49FC-91AC-34F5557BFA63}"
EndProject
Project("{8BC9CEB8-8B4A-11D0-8D11-00A0C91BC942}") = "ghost", "intern\ghost\make\msvc_7_0\ghost.vcproj", "{DB1FB610-C4B6-4534-A77B-27A60ED78223}"
EndProject
Project("{8BC9CEB8-8B4A-11D0-8D11-00A0C91BC942}") = "string", "intern\string\make\msvc_7_0\string.vcproj", "{AA65E25E-554C-4AD0-B7C8-F2853D9C7650}"
EndProject
Project("{8BC9CEB8-8B4A-11D0-8D11-00A0C91BC942}") = "decimation", "intern\decimation\make\msvc_7_0\decimation.vcproj", "{34B59A8E-F3EE-42AF-B551-6E9B62400308}"
EndProject
Project("{8BC9CEB8-8B4A-11D0-8D11-00A0C91BC942}") = "blenkey", "intern\keymaker\make\msvc_7_0\blenkey.vcproj", "{CD4BAD8C-B5AA-4A73-8124-6CB21D18106B}"
EndProject
Project("{8BC9CEB8-8B4A-11D0-8D11-00A0C91BC942}") = "iksolver", "intern\iksolver\make\msvc_7_0\iksolver.vcproj", "{51366644-76F8-4A1B-B1F6-569F7DE099E7}"
EndProject
Project("{8BC9CEB8-8B4A-11D0-8D11-00A0C91BC942}") = "MoTo", "intern\moto\make\msvc_7_0\moto.vcproj", "{FC9B8D98-D6DF-4C5A-AF55-164CA68F05CE}"
EndProject
Project("{8BC9CEB8-8B4A-11D0-8D11-00A0C91BC942}") = "BPY_frozen", "make\msvc_7_0\blender\bpython\frozen\BPY_frozen.vcproj", "{418DB447-FA4C-41D8-AB79-ADF1F20DA233}"
EndProject
Project("{8BC9CEB8-8B4A-11D0-8D11-00A0C91BC942}") = "python_freeze", "intern\python\freeze\python_freeze_7.vcproj", "{C56F42B2-2959-47F1-A62F-1867EE7D63EF}"
EndProject
Project("{8BC9CEB8-8B4A-11D0-8D11-00A0C91BC942}") = "FTF_ttfont", "make\msvc_7_0\blender\FTF_ttfont\FTF_ttfont\FTF_ttfont.vcproj", "{EF46B87F-806E-4D17-9897-8FDA1F6DCEC7}"
EndProject
Project("{8BC9CEB8-8B4A-11D0-8D11-00A0C91BC942}") = "quicktime", "make\msvc_7_0\blender\quicktime\quicktime.vcproj", "{13F5D1D0-3E27-4E74-BBD6-E51F0C3E9ECF}"
EndProject
Global
	GlobalSection(SolutionConfiguration) = preSolution
		ConfigName.0 = Debug
		ConfigName.1 = MT DLL Debug
		ConfigName.2 = MT DLL Release
		ConfigName.3 = Profile
		ConfigName.4 = Release
	EndGlobalSection
	GlobalSection(ProjectDependencies) = postSolution
		{CBCAB2F8-B965-4BAD-BAC5-59902A46030C}.0 = {012F7E1D-82C9-4580-9853-0568CBBEFBD3}
		{CBCAB2F8-B965-4BAD-BAC5-59902A46030C}.1 = {9A534FAE-E3D0-4B23-983A-AA8CA942C30C}
		{CBCAB2F8-B965-4BAD-BAC5-59902A46030C}.2 = {6A6A8035-BBFC-45BD-8F39-6338A84AD2E2}
		{CBCAB2F8-B965-4BAD-BAC5-59902A46030C}.3 = {E9C8BA7E-46C9-44D1-992D-8CA33F5C3888}
		{CBCAB2F8-B965-4BAD-BAC5-59902A46030C}.4 = {DDECAF43-CF76-471C-B7A1-12289BBCA182}
		{CBCAB2F8-B965-4BAD-BAC5-59902A46030C}.5 = {2E4335D8-1FA9-45E7-9A1E-B2F19F28F7F4}
		{CBCAB2F8-B965-4BAD-BAC5-59902A46030C}.6 = {54592B50-935C-4E30-9214-05C2B28C89CD}
		{CBCAB2F8-B965-4BAD-BAC5-59902A46030C}.7 = {33160798-9543-49ED-9CA9-25186EF70576}
		{CBCAB2F8-B965-4BAD-BAC5-59902A46030C}.8 = {7C0EAF66-4FAE-4AFD-A4B7-301B3E86F8A2}
		{CBCAB2F8-B965-4BAD-BAC5-59902A46030C}.9 = {C1212004-31D4-4134-8F10-C04F16671D7B}
		{CBCAB2F8-B965-4BAD-BAC5-59902A46030C}.10 = {8128F7DB-4957-4C17-BDB7-B4900C82BC7E}
		{CBCAB2F8-B965-4BAD-BAC5-59902A46030C}.11 = {DE73D9B8-381A-4E2F-A49A-7DBDBC27E2AD}
		{CBCAB2F8-B965-4BAD-BAC5-59902A46030C}.12 = {56F9BAF1-71A7-4C61-90E1-83378069932C}
		{CBCAB2F8-B965-4BAD-BAC5-59902A46030C}.13 = {0545DF04-C5C3-49D7-AE86-BFABD151C344}
		{CBCAB2F8-B965-4BAD-BAC5-59902A46030C}.14 = {8CCBB361-82F8-4DE1-B888-94D8536668F7}
		{CBCAB2F8-B965-4BAD-BAC5-59902A46030C}.15 = {5B601395-A5A4-4982-B201-6425719060A7}
		{CBCAB2F8-B965-4BAD-BAC5-59902A46030C}.16 = {43A6AE3B-6721-442B-BEEE-0CD823BE1B6B}
		{CBCAB2F8-B965-4BAD-BAC5-59902A46030C}.17 = {FC6A49F1-C295-4BB9-8E83-7B8A0B1CF25D}
		{CBCAB2F8-B965-4BAD-BAC5-59902A46030C}.18 = {1D09E029-1F0B-4C80-802A-225F38C65577}
		{CBCAB2F8-B965-4BAD-BAC5-59902A46030C}.19 = {BC3194C8-9470-468C-B57F-2A595A27856D}
		{CBCAB2F8-B965-4BAD-BAC5-59902A46030C}.20 = {8C7A5DB2-421E-4CD3-8761-27B47020AB1F}
		{CBCAB2F8-B965-4BAD-BAC5-59902A46030C}.21 = {4C9DE808-E6B5-4889-986C-2556C93ADD3F}
		{CBCAB2F8-B965-4BAD-BAC5-59902A46030C}.22 = {C26FFB21-E941-4E9E-98E8-A0089CED7E3F}
		{CBCAB2F8-B965-4BAD-BAC5-59902A46030C}.23 = {E9CB70F5-053E-4F3A-8663-278AF1EED478}
		{CBCAB2F8-B965-4BAD-BAC5-59902A46030C}.24 = {78FFAD4E-D621-4728-B555-1164E2755BC3}
		{CBCAB2F8-B965-4BAD-BAC5-59902A46030C}.25 = {BA50970A-5CF1-4575-846A-393139ABB804}
		{CBCAB2F8-B965-4BAD-BAC5-59902A46030C}.26 = {B0FC6B54-D34F-428E-BA21-14609817696E}
		{CBCAB2F8-B965-4BAD-BAC5-59902A46030C}.27 = {37964135-3262-470F-82E6-1998A6F6AFED}
		{CBCAB2F8-B965-4BAD-BAC5-59902A46030C}.28 = {FB24A408-8550-4324-A89C-00475B7825F0}
		{CBCAB2F8-B965-4BAD-BAC5-59902A46030C}.29 = {F27934C5-4574-4782-92DB-59C4ADA1C884}
		{CBCAB2F8-B965-4BAD-BAC5-59902A46030C}.30 = {1D97E046-576B-4B6B-BC18-774C5CDCE376}
		{CBCAB2F8-B965-4BAD-BAC5-59902A46030C}.31 = {1FBE0676-6FCB-4D72-8A1E-EB73E2B9D3BF}
		{CBCAB2F8-B965-4BAD-BAC5-59902A46030C}.32 = {CC04F575-DF86-4B74-BB9D-F2C0FF89FFA5}
		{CBCAB2F8-B965-4BAD-BAC5-59902A46030C}.33 = {9AA4E95C-6E41-4C0F-81F4-AB181DD4805B}
		{CBCAB2F8-B965-4BAD-BAC5-59902A46030C}.34 = {D0CB909F-1D8D-4F2C-AE00-ED280A14FCB7}
		{1D09E029-1F0B-4C80-802A-225F38C65577}.0 = {4C9DE808-E6B5-4889-986C-2556C93ADD3F}
		{FC6A49F1-C295-4BB9-8E83-7B8A0B1CF25D}.0 = {1D09E029-1F0B-4C80-802A-225F38C65577}
		{D0CB909F-1D8D-4F2C-AE00-ED280A14FCB7}.0 = {FC6A49F1-C295-4BB9-8E83-7B8A0B1CF25D}
	EndGlobalSection
	GlobalSection(ProjectConfiguration) = postSolution
		{33160798-9543-49ED-9CA9-25186EF70576}.Debug.ActiveCfg = Debug|Win32
		{33160798-9543-49ED-9CA9-25186EF70576}.Debug.Build.0 = Debug|Win32
		{33160798-9543-49ED-9CA9-25186EF70576}.MT DLL Debug.ActiveCfg = MT DLL Debug|Win32
		{33160798-9543-49ED-9CA9-25186EF70576}.MT DLL Debug.Build.0 = MT DLL Debug|Win32
		{33160798-9543-49ED-9CA9-25186EF70576}.MT DLL Release.ActiveCfg = MT DLL Release|Win32
		{33160798-9543-49ED-9CA9-25186EF70576}.MT DLL Release.Build.0 = MT DLL Release|Win32
		{33160798-9543-49ED-9CA9-25186EF70576}.Profile.ActiveCfg = MT DLL Release|Win32
		{33160798-9543-49ED-9CA9-25186EF70576}.Profile.Build.0 = MT DLL Release|Win32
		{33160798-9543-49ED-9CA9-25186EF70576}.Release.ActiveCfg = Release|Win32
		{33160798-9543-49ED-9CA9-25186EF70576}.Release.Build.0 = Release|Win32
		{FB24A408-8550-4324-A89C-00475B7825F0}.Debug.ActiveCfg = Debug|Win32
		{FB24A408-8550-4324-A89C-00475B7825F0}.Debug.Build.0 = Debug|Win32
		{FB24A408-8550-4324-A89C-00475B7825F0}.MT DLL Debug.ActiveCfg = MT DLL Debug|Win32
		{FB24A408-8550-4324-A89C-00475B7825F0}.MT DLL Debug.Build.0 = MT DLL Debug|Win32
		{FB24A408-8550-4324-A89C-00475B7825F0}.MT DLL Release.ActiveCfg = MT DLL Release|Win32
		{FB24A408-8550-4324-A89C-00475B7825F0}.MT DLL Release.Build.0 = MT DLL Release|Win32
		{FB24A408-8550-4324-A89C-00475B7825F0}.Profile.ActiveCfg = MT DLL Release|Win32
		{FB24A408-8550-4324-A89C-00475B7825F0}.Profile.Build.0 = MT DLL Release|Win32
		{FB24A408-8550-4324-A89C-00475B7825F0}.Release.ActiveCfg = Release|Win32
		{FB24A408-8550-4324-A89C-00475B7825F0}.Release.Build.0 = Release|Win32
		{CBCAB2F8-B965-4BAD-BAC5-59902A46030C}.Debug.ActiveCfg = Debug|Win32
		{CBCAB2F8-B965-4BAD-BAC5-59902A46030C}.Debug.Build.0 = Debug|Win32
		{CBCAB2F8-B965-4BAD-BAC5-59902A46030C}.MT DLL Debug.ActiveCfg = Debug|Win32
		{CBCAB2F8-B965-4BAD-BAC5-59902A46030C}.MT DLL Debug.Build.0 = Debug|Win32
		{CBCAB2F8-B965-4BAD-BAC5-59902A46030C}.MT DLL Release.ActiveCfg = Release|Win32
		{CBCAB2F8-B965-4BAD-BAC5-59902A46030C}.MT DLL Release.Build.0 = Release|Win32
		{CBCAB2F8-B965-4BAD-BAC5-59902A46030C}.Profile.ActiveCfg = Debug|Win32
		{CBCAB2F8-B965-4BAD-BAC5-59902A46030C}.Profile.Build.0 = Debug|Win32
		{CBCAB2F8-B965-4BAD-BAC5-59902A46030C}.Release.ActiveCfg = Release|Win32
		{CBCAB2F8-B965-4BAD-BAC5-59902A46030C}.Release.Build.0 = Release|Win32
		{6B3B77A8-2C91-4F4A-9688-8340BAF2F5DC}.Debug.ActiveCfg = Debug|Win32
		{6B3B77A8-2C91-4F4A-9688-8340BAF2F5DC}.Debug.Build.0 = Debug|Win32
		{6B3B77A8-2C91-4F4A-9688-8340BAF2F5DC}.MT DLL Debug.ActiveCfg = Debug|Win32
		{6B3B77A8-2C91-4F4A-9688-8340BAF2F5DC}.MT DLL Debug.Build.0 = Debug|Win32
		{6B3B77A8-2C91-4F4A-9688-8340BAF2F5DC}.MT DLL Release.ActiveCfg = Release|Win32
		{6B3B77A8-2C91-4F4A-9688-8340BAF2F5DC}.MT DLL Release.Build.0 = Release|Win32
		{6B3B77A8-2C91-4F4A-9688-8340BAF2F5DC}.Profile.ActiveCfg = Release|Win32
		{6B3B77A8-2C91-4F4A-9688-8340BAF2F5DC}.Profile.Build.0 = Release|Win32
		{6B3B77A8-2C91-4F4A-9688-8340BAF2F5DC}.Release.ActiveCfg = Release|Win32
		{6B3B77A8-2C91-4F4A-9688-8340BAF2F5DC}.Release.Build.0 = Release|Win32
		{4096B51C-B6D6-4693-9EF9-A603F329E002}.Debug.ActiveCfg = Debug|Win32
		{4096B51C-B6D6-4693-9EF9-A603F329E002}.Debug.Build.0 = Debug|Win32
		{4096B51C-B6D6-4693-9EF9-A603F329E002}.MT DLL Debug.ActiveCfg = MT DLL Debug|Win32
		{4096B51C-B6D6-4693-9EF9-A603F329E002}.MT DLL Debug.Build.0 = MT DLL Debug|Win32
		{4096B51C-B6D6-4693-9EF9-A603F329E002}.MT DLL Release.ActiveCfg = MT DLL Release|Win32
		{4096B51C-B6D6-4693-9EF9-A603F329E002}.MT DLL Release.Build.0 = MT DLL Release|Win32
		{4096B51C-B6D6-4693-9EF9-A603F329E002}.Profile.ActiveCfg = Debug|Win32
		{4096B51C-B6D6-4693-9EF9-A603F329E002}.Profile.Build.0 = Debug|Win32
		{4096B51C-B6D6-4693-9EF9-A603F329E002}.Release.ActiveCfg = Release|Win32
		{4096B51C-B6D6-4693-9EF9-A603F329E002}.Release.Build.0 = Release|Win32
		{8C7A5DB2-421E-4CD3-8761-27B47020AB1F}.Debug.ActiveCfg = Debug|Win32
		{8C7A5DB2-421E-4CD3-8761-27B47020AB1F}.Debug.Build.0 = Debug|Win32
		{8C7A5DB2-421E-4CD3-8761-27B47020AB1F}.MT DLL Debug.ActiveCfg = MT DLL Debug|Win32
		{8C7A5DB2-421E-4CD3-8761-27B47020AB1F}.MT DLL Debug.Build.0 = MT DLL Debug|Win32
		{8C7A5DB2-421E-4CD3-8761-27B47020AB1F}.MT DLL Release.ActiveCfg = MT DLL Release|Win32
		{8C7A5DB2-421E-4CD3-8761-27B47020AB1F}.MT DLL Release.Build.0 = MT DLL Release|Win32
		{8C7A5DB2-421E-4CD3-8761-27B47020AB1F}.Profile.ActiveCfg = MT DLL Release|Win32
		{8C7A5DB2-421E-4CD3-8761-27B47020AB1F}.Profile.Build.0 = MT DLL Release|Win32
		{8C7A5DB2-421E-4CD3-8761-27B47020AB1F}.Release.ActiveCfg = Release|Win32
		{8C7A5DB2-421E-4CD3-8761-27B47020AB1F}.Release.Build.0 = Release|Win32
		{4C9DE808-E6B5-4889-986C-2556C93ADD3F}.Debug.ActiveCfg = Debug|Win32
		{4C9DE808-E6B5-4889-986C-2556C93ADD3F}.Debug.Build.0 = Debug|Win32
		{4C9DE808-E6B5-4889-986C-2556C93ADD3F}.MT DLL Debug.ActiveCfg = MT DLL Debug|Win32
		{4C9DE808-E6B5-4889-986C-2556C93ADD3F}.MT DLL Debug.Build.0 = MT DLL Debug|Win32
		{4C9DE808-E6B5-4889-986C-2556C93ADD3F}.MT DLL Release.ActiveCfg = MT DLL Release|Win32
		{4C9DE808-E6B5-4889-986C-2556C93ADD3F}.MT DLL Release.Build.0 = MT DLL Release|Win32
		{4C9DE808-E6B5-4889-986C-2556C93ADD3F}.Profile.ActiveCfg = MT DLL Debug|Win32
		{4C9DE808-E6B5-4889-986C-2556C93ADD3F}.Profile.Build.0 = MT DLL Debug|Win32
		{4C9DE808-E6B5-4889-986C-2556C93ADD3F}.Release.ActiveCfg = Release|Win32
		{4C9DE808-E6B5-4889-986C-2556C93ADD3F}.Release.Build.0 = Release|Win32
		{1D09E029-1F0B-4C80-802A-225F38C65577}.Debug.ActiveCfg = Debug|Win32
		{1D09E029-1F0B-4C80-802A-225F38C65577}.Debug.Build.0 = Debug|Win32
		{1D09E029-1F0B-4C80-802A-225F38C65577}.MT DLL Debug.ActiveCfg = MT DLL Debug|Win32
		{1D09E029-1F0B-4C80-802A-225F38C65577}.MT DLL Debug.Build.0 = MT DLL Debug|Win32
		{1D09E029-1F0B-4C80-802A-225F38C65577}.MT DLL Release.ActiveCfg = MT DLL Release|Win32
		{1D09E029-1F0B-4C80-802A-225F38C65577}.MT DLL Release.Build.0 = MT DLL Release|Win32
		{1D09E029-1F0B-4C80-802A-225F38C65577}.Profile.ActiveCfg = Release|Win32
		{1D09E029-1F0B-4C80-802A-225F38C65577}.Profile.Build.0 = Release|Win32
		{1D09E029-1F0B-4C80-802A-225F38C65577}.Release.ActiveCfg = Release|Win32
		{1D09E029-1F0B-4C80-802A-225F38C65577}.Release.Build.0 = Release|Win32
		{FC6A49F1-C295-4BB9-8E83-7B8A0B1CF25D}.Debug.ActiveCfg = Debug|Win32
		{FC6A49F1-C295-4BB9-8E83-7B8A0B1CF25D}.Debug.Build.0 = Debug|Win32
		{FC6A49F1-C295-4BB9-8E83-7B8A0B1CF25D}.MT DLL Debug.ActiveCfg = MT DLL Debug|Win32
		{FC6A49F1-C295-4BB9-8E83-7B8A0B1CF25D}.MT DLL Debug.Build.0 = MT DLL Debug|Win32
		{FC6A49F1-C295-4BB9-8E83-7B8A0B1CF25D}.MT DLL Release.ActiveCfg = MT DLL Release|Win32
		{FC6A49F1-C295-4BB9-8E83-7B8A0B1CF25D}.MT DLL Release.Build.0 = MT DLL Release|Win32
		{FC6A49F1-C295-4BB9-8E83-7B8A0B1CF25D}.Profile.ActiveCfg = Debug|Win32
		{FC6A49F1-C295-4BB9-8E83-7B8A0B1CF25D}.Profile.Build.0 = Debug|Win32
		{FC6A49F1-C295-4BB9-8E83-7B8A0B1CF25D}.Release.ActiveCfg = Release|Win32
		{FC6A49F1-C295-4BB9-8E83-7B8A0B1CF25D}.Release.Build.0 = Release|Win32
		{D0CB909F-1D8D-4F2C-AE00-ED280A14FCB7}.Debug.ActiveCfg = Debug|Win32
		{D0CB909F-1D8D-4F2C-AE00-ED280A14FCB7}.Debug.Build.0 = Debug|Win32
		{D0CB909F-1D8D-4F2C-AE00-ED280A14FCB7}.MT DLL Debug.ActiveCfg = MT DLL Debug|Win32
		{D0CB909F-1D8D-4F2C-AE00-ED280A14FCB7}.MT DLL Debug.Build.0 = MT DLL Debug|Win32
		{D0CB909F-1D8D-4F2C-AE00-ED280A14FCB7}.MT DLL Release.ActiveCfg = MT DLL Release|Win32
		{D0CB909F-1D8D-4F2C-AE00-ED280A14FCB7}.MT DLL Release.Build.0 = MT DLL Release|Win32
		{D0CB909F-1D8D-4F2C-AE00-ED280A14FCB7}.Profile.ActiveCfg = MT DLL Release|Win32
		{D0CB909F-1D8D-4F2C-AE00-ED280A14FCB7}.Profile.Build.0 = MT DLL Release|Win32
		{D0CB909F-1D8D-4F2C-AE00-ED280A14FCB7}.Release.ActiveCfg = Release|Win32
		{D0CB909F-1D8D-4F2C-AE00-ED280A14FCB7}.Release.Build.0 = Release|Win32
		{BC3194C8-9470-468C-B57F-2A595A27856D}.Debug.ActiveCfg = Debug|Win32
		{BC3194C8-9470-468C-B57F-2A595A27856D}.Debug.Build.0 = Debug|Win32
		{BC3194C8-9470-468C-B57F-2A595A27856D}.MT DLL Debug.ActiveCfg = MT DLL Debug|Win32
		{BC3194C8-9470-468C-B57F-2A595A27856D}.MT DLL Debug.Build.0 = MT DLL Debug|Win32
		{BC3194C8-9470-468C-B57F-2A595A27856D}.MT DLL Release.ActiveCfg = MT DLL Release|Win32
		{BC3194C8-9470-468C-B57F-2A595A27856D}.MT DLL Release.Build.0 = MT DLL Release|Win32
		{BC3194C8-9470-468C-B57F-2A595A27856D}.Profile.ActiveCfg = Release|Win32
		{BC3194C8-9470-468C-B57F-2A595A27856D}.Profile.Build.0 = Release|Win32
		{BC3194C8-9470-468C-B57F-2A595A27856D}.Release.ActiveCfg = Release|Win32
		{BC3194C8-9470-468C-B57F-2A595A27856D}.Release.Build.0 = Release|Win32
		{C26FFB21-E941-4E9E-98E8-A0089CED7E3F}.Debug.ActiveCfg = Debug|Win32
		{C26FFB21-E941-4E9E-98E8-A0089CED7E3F}.Debug.Build.0 = Debug|Win32
		{C26FFB21-E941-4E9E-98E8-A0089CED7E3F}.MT DLL Debug.ActiveCfg = MT DLL Debug|Win32
		{C26FFB21-E941-4E9E-98E8-A0089CED7E3F}.MT DLL Debug.Build.0 = MT DLL Debug|Win32
		{C26FFB21-E941-4E9E-98E8-A0089CED7E3F}.MT DLL Release.ActiveCfg = MT DLL Release|Win32
		{C26FFB21-E941-4E9E-98E8-A0089CED7E3F}.MT DLL Release.Build.0 = MT DLL Release|Win32
		{C26FFB21-E941-4E9E-98E8-A0089CED7E3F}.Profile.ActiveCfg = MT DLL Release|Win32
		{C26FFB21-E941-4E9E-98E8-A0089CED7E3F}.Profile.Build.0 = MT DLL Release|Win32
		{C26FFB21-E941-4E9E-98E8-A0089CED7E3F}.Release.ActiveCfg = Release|Win32
		{C26FFB21-E941-4E9E-98E8-A0089CED7E3F}.Release.Build.0 = Release|Win32
		{43A6AE3B-6721-442B-BEEE-0CD823BE1B6B}.Debug.ActiveCfg = Debug|Win32
		{43A6AE3B-6721-442B-BEEE-0CD823BE1B6B}.Debug.Build.0 = Debug|Win32
		{43A6AE3B-6721-442B-BEEE-0CD823BE1B6B}.MT DLL Debug.ActiveCfg = MT DLL Debug|Win32
		{43A6AE3B-6721-442B-BEEE-0CD823BE1B6B}.MT DLL Debug.Build.0 = MT DLL Debug|Win32
		{43A6AE3B-6721-442B-BEEE-0CD823BE1B6B}.MT DLL Release.ActiveCfg = MT DLL Release|Win32
		{43A6AE3B-6721-442B-BEEE-0CD823BE1B6B}.MT DLL Release.Build.0 = MT DLL Release|Win32
		{43A6AE3B-6721-442B-BEEE-0CD823BE1B6B}.Profile.ActiveCfg = MT DLL Release|Win32
		{43A6AE3B-6721-442B-BEEE-0CD823BE1B6B}.Profile.Build.0 = MT DLL Release|Win32
		{43A6AE3B-6721-442B-BEEE-0CD823BE1B6B}.Release.ActiveCfg = Release|Win32
		{43A6AE3B-6721-442B-BEEE-0CD823BE1B6B}.Release.Build.0 = Release|Win32
		{D1BBC147-7C5E-450E-9934-736370CCE2BD}.Debug.ActiveCfg = Debug|Win32
		{D1BBC147-7C5E-450E-9934-736370CCE2BD}.Debug.Build.0 = Debug|Win32
		{D1BBC147-7C5E-450E-9934-736370CCE2BD}.MT DLL Debug.ActiveCfg = MT DLL Debug|Win32
		{D1BBC147-7C5E-450E-9934-736370CCE2BD}.MT DLL Debug.Build.0 = MT DLL Debug|Win32
		{D1BBC147-7C5E-450E-9934-736370CCE2BD}.MT DLL Release.ActiveCfg = MT DLL Release|Win32
		{D1BBC147-7C5E-450E-9934-736370CCE2BD}.MT DLL Release.Build.0 = MT DLL Release|Win32
		{D1BBC147-7C5E-450E-9934-736370CCE2BD}.Profile.ActiveCfg = MT DLL Debug|Win32
		{D1BBC147-7C5E-450E-9934-736370CCE2BD}.Profile.Build.0 = MT DLL Debug|Win32
		{D1BBC147-7C5E-450E-9934-736370CCE2BD}.Release.ActiveCfg = Release|Win32
		{D1BBC147-7C5E-450E-9934-736370CCE2BD}.Release.Build.0 = Release|Win32
		{5B601395-A5A4-4982-B201-6425719060A7}.Debug.ActiveCfg = Debug|Win32
		{5B601395-A5A4-4982-B201-6425719060A7}.Debug.Build.0 = Debug|Win32
		{5B601395-A5A4-4982-B201-6425719060A7}.MT DLL Debug.ActiveCfg = MT DLL Debug|Win32
		{5B601395-A5A4-4982-B201-6425719060A7}.MT DLL Debug.Build.0 = MT DLL Debug|Win32
		{5B601395-A5A4-4982-B201-6425719060A7}.MT DLL Release.ActiveCfg = MT DLL Release|Win32
		{5B601395-A5A4-4982-B201-6425719060A7}.MT DLL Release.Build.0 = MT DLL Release|Win32
		{5B601395-A5A4-4982-B201-6425719060A7}.Profile.ActiveCfg = MT DLL Debug|Win32
		{5B601395-A5A4-4982-B201-6425719060A7}.Profile.Build.0 = MT DLL Debug|Win32
		{5B601395-A5A4-4982-B201-6425719060A7}.Release.ActiveCfg = Release|Win32
		{5B601395-A5A4-4982-B201-6425719060A7}.Release.Build.0 = Release|Win32
		{56F9BAF1-71A7-4C61-90E1-83378069932C}.Debug.ActiveCfg = Debug|Win32
		{56F9BAF1-71A7-4C61-90E1-83378069932C}.Debug.Build.0 = Debug|Win32
		{56F9BAF1-71A7-4C61-90E1-83378069932C}.MT DLL Debug.ActiveCfg = MT DLL Debug|Win32
		{56F9BAF1-71A7-4C61-90E1-83378069932C}.MT DLL Debug.Build.0 = MT DLL Debug|Win32
		{56F9BAF1-71A7-4C61-90E1-83378069932C}.MT DLL Release.ActiveCfg = MT DLL Release|Win32
		{56F9BAF1-71A7-4C61-90E1-83378069932C}.MT DLL Release.Build.0 = MT DLL Release|Win32
		{56F9BAF1-71A7-4C61-90E1-83378069932C}.Profile.ActiveCfg = Release|Win32
		{56F9BAF1-71A7-4C61-90E1-83378069932C}.Profile.Build.0 = Release|Win32
		{56F9BAF1-71A7-4C61-90E1-83378069932C}.Release.ActiveCfg = Release|Win32
		{56F9BAF1-71A7-4C61-90E1-83378069932C}.Release.Build.0 = Release|Win32
		{0545DF04-C5C3-49D7-AE86-BFABD151C344}.Debug.ActiveCfg = Debug|Win32
		{0545DF04-C5C3-49D7-AE86-BFABD151C344}.Debug.Build.0 = Debug|Win32
		{0545DF04-C5C3-49D7-AE86-BFABD151C344}.MT DLL Debug.ActiveCfg = MT DLL Debug|Win32
		{0545DF04-C5C3-49D7-AE86-BFABD151C344}.MT DLL Debug.Build.0 = MT DLL Debug|Win32
		{0545DF04-C5C3-49D7-AE86-BFABD151C344}.MT DLL Release.ActiveCfg = MT DLL Release|Win32
		{0545DF04-C5C3-49D7-AE86-BFABD151C344}.MT DLL Release.Build.0 = MT DLL Release|Win32
		{0545DF04-C5C3-49D7-AE86-BFABD151C344}.Profile.ActiveCfg = MT DLL Debug|Win32
		{0545DF04-C5C3-49D7-AE86-BFABD151C344}.Profile.Build.0 = MT DLL Debug|Win32
		{0545DF04-C5C3-49D7-AE86-BFABD151C344}.Release.ActiveCfg = Release|Win32
		{0545DF04-C5C3-49D7-AE86-BFABD151C344}.Release.Build.0 = Release|Win32
		{8CCBB361-82F8-4DE1-B888-94D8536668F7}.Debug.ActiveCfg = Debug|Win32
		{8CCBB361-82F8-4DE1-B888-94D8536668F7}.Debug.Build.0 = Debug|Win32
		{8CCBB361-82F8-4DE1-B888-94D8536668F7}.MT DLL Debug.ActiveCfg = MT DLL Debug|Win32
		{8CCBB361-82F8-4DE1-B888-94D8536668F7}.MT DLL Debug.Build.0 = MT DLL Debug|Win32
		{8CCBB361-82F8-4DE1-B888-94D8536668F7}.MT DLL Release.ActiveCfg = MT DLL Release|Win32
		{8CCBB361-82F8-4DE1-B888-94D8536668F7}.MT DLL Release.Build.0 = MT DLL Release|Win32
		{8CCBB361-82F8-4DE1-B888-94D8536668F7}.Profile.ActiveCfg = Debug|Win32
		{8CCBB361-82F8-4DE1-B888-94D8536668F7}.Profile.Build.0 = Debug|Win32
		{8CCBB361-82F8-4DE1-B888-94D8536668F7}.Release.ActiveCfg = Release|Win32
		{8CCBB361-82F8-4DE1-B888-94D8536668F7}.Release.Build.0 = Release|Win32
		{E9CB70F5-053E-4F3A-8663-278AF1EED478}.Debug.ActiveCfg = Debug|Win32
		{E9CB70F5-053E-4F3A-8663-278AF1EED478}.Debug.Build.0 = Debug|Win32
		{E9CB70F5-053E-4F3A-8663-278AF1EED478}.MT DLL Debug.ActiveCfg = MT DLL Debug|Win32
		{E9CB70F5-053E-4F3A-8663-278AF1EED478}.MT DLL Debug.Build.0 = MT DLL Debug|Win32
		{E9CB70F5-053E-4F3A-8663-278AF1EED478}.MT DLL Release.ActiveCfg = MT DLL Release|Win32
		{E9CB70F5-053E-4F3A-8663-278AF1EED478}.MT DLL Release.Build.0 = MT DLL Release|Win32
		{E9CB70F5-053E-4F3A-8663-278AF1EED478}.Profile.ActiveCfg = Release|Win32
		{E9CB70F5-053E-4F3A-8663-278AF1EED478}.Profile.Build.0 = Release|Win32
		{E9CB70F5-053E-4F3A-8663-278AF1EED478}.Release.ActiveCfg = Release|Win32
		{E9CB70F5-053E-4F3A-8663-278AF1EED478}.Release.Build.0 = Release|Win32
		{DE73D9B8-381A-4E2F-A49A-7DBDBC27E2AD}.Debug.ActiveCfg = Debug|Win32
		{DE73D9B8-381A-4E2F-A49A-7DBDBC27E2AD}.Debug.Build.0 = Debug|Win32
		{DE73D9B8-381A-4E2F-A49A-7DBDBC27E2AD}.MT DLL Debug.ActiveCfg = MT DLL Debug|Win32
		{DE73D9B8-381A-4E2F-A49A-7DBDBC27E2AD}.MT DLL Debug.Build.0 = MT DLL Debug|Win32
		{DE73D9B8-381A-4E2F-A49A-7DBDBC27E2AD}.MT DLL Release.ActiveCfg = MT DLL Release|Win32
		{DE73D9B8-381A-4E2F-A49A-7DBDBC27E2AD}.MT DLL Release.Build.0 = MT DLL Release|Win32
		{DE73D9B8-381A-4E2F-A49A-7DBDBC27E2AD}.Profile.ActiveCfg = Debug|Win32
		{DE73D9B8-381A-4E2F-A49A-7DBDBC27E2AD}.Profile.Build.0 = Debug|Win32
		{DE73D9B8-381A-4E2F-A49A-7DBDBC27E2AD}.Release.ActiveCfg = Release|Win32
		{DE73D9B8-381A-4E2F-A49A-7DBDBC27E2AD}.Release.Build.0 = Release|Win32
		{78FFAD4E-D621-4728-B555-1164E2755BC3}.Debug.ActiveCfg = Debug|Win32
		{78FFAD4E-D621-4728-B555-1164E2755BC3}.Debug.Build.0 = Debug|Win32
		{78FFAD4E-D621-4728-B555-1164E2755BC3}.MT DLL Debug.ActiveCfg = MT DLL Debug|Win32
		{78FFAD4E-D621-4728-B555-1164E2755BC3}.MT DLL Debug.Build.0 = MT DLL Debug|Win32
		{78FFAD4E-D621-4728-B555-1164E2755BC3}.MT DLL Release.ActiveCfg = MT DLL Release|Win32
		{78FFAD4E-D621-4728-B555-1164E2755BC3}.MT DLL Release.Build.0 = MT DLL Release|Win32
		{78FFAD4E-D621-4728-B555-1164E2755BC3}.Profile.ActiveCfg = MT DLL Debug|Win32
		{78FFAD4E-D621-4728-B555-1164E2755BC3}.Profile.Build.0 = MT DLL Debug|Win32
		{78FFAD4E-D621-4728-B555-1164E2755BC3}.Release.ActiveCfg = Release|Win32
		{78FFAD4E-D621-4728-B555-1164E2755BC3}.Release.Build.0 = Release|Win32
		{FEC330A1-9865-4FF7-B537-BDD1B0E2A6C5}.Debug.ActiveCfg = Debug|Win32
		{FEC330A1-9865-4FF7-B537-BDD1B0E2A6C5}.Debug.Build.0 = Debug|Win32
		{FEC330A1-9865-4FF7-B537-BDD1B0E2A6C5}.MT DLL Debug.ActiveCfg = MT DLL Debug|Win32
		{FEC330A1-9865-4FF7-B537-BDD1B0E2A6C5}.MT DLL Debug.Build.0 = MT DLL Debug|Win32
		{FEC330A1-9865-4FF7-B537-BDD1B0E2A6C5}.MT DLL Release.ActiveCfg = MT DLL Release|Win32
		{FEC330A1-9865-4FF7-B537-BDD1B0E2A6C5}.MT DLL Release.Build.0 = MT DLL Release|Win32
		{FEC330A1-9865-4FF7-B537-BDD1B0E2A6C5}.Profile.ActiveCfg = MT DLL Debug|Win32
		{FEC330A1-9865-4FF7-B537-BDD1B0E2A6C5}.Profile.Build.0 = MT DLL Debug|Win32
		{FEC330A1-9865-4FF7-B537-BDD1B0E2A6C5}.Release.ActiveCfg = Release|Win32
		{FEC330A1-9865-4FF7-B537-BDD1B0E2A6C5}.Release.Build.0 = Release|Win32
		{9F6B60B4-0597-4A14-BFD9-CEC96637D274}.Debug.ActiveCfg = Debug|Win32
		{9F6B60B4-0597-4A14-BFD9-CEC96637D274}.Debug.Build.0 = Debug|Win32
		{9F6B60B4-0597-4A14-BFD9-CEC96637D274}.MT DLL Debug.ActiveCfg = MT DLL Debug|Win32
		{9F6B60B4-0597-4A14-BFD9-CEC96637D274}.MT DLL Debug.Build.0 = MT DLL Debug|Win32
		{9F6B60B4-0597-4A14-BFD9-CEC96637D274}.MT DLL Release.ActiveCfg = MT DLL Release|Win32
		{9F6B60B4-0597-4A14-BFD9-CEC96637D274}.MT DLL Release.Build.0 = MT DLL Release|Win32
		{9F6B60B4-0597-4A14-BFD9-CEC96637D274}.Profile.ActiveCfg = Release|Win32
		{9F6B60B4-0597-4A14-BFD9-CEC96637D274}.Profile.Build.0 = Release|Win32
		{9F6B60B4-0597-4A14-BFD9-CEC96637D274}.Release.ActiveCfg = Release|Win32
		{9F6B60B4-0597-4A14-BFD9-CEC96637D274}.Release.Build.0 = Release|Win32
		{3112A2A4-2C7D-4F50-BFC9-C8ACAB4A5357}.Debug.ActiveCfg = Debug|Win32
		{3112A2A4-2C7D-4F50-BFC9-C8ACAB4A5357}.Debug.Build.0 = Debug|Win32
		{3112A2A4-2C7D-4F50-BFC9-C8ACAB4A5357}.MT DLL Debug.ActiveCfg = MT DLL Debug|Win32
		{3112A2A4-2C7D-4F50-BFC9-C8ACAB4A5357}.MT DLL Debug.Build.0 = MT DLL Debug|Win32
		{3112A2A4-2C7D-4F50-BFC9-C8ACAB4A5357}.MT DLL Release.ActiveCfg = MT DLL Release|Win32
		{3112A2A4-2C7D-4F50-BFC9-C8ACAB4A5357}.MT DLL Release.Build.0 = MT DLL Release|Win32
		{3112A2A4-2C7D-4F50-BFC9-C8ACAB4A5357}.Profile.ActiveCfg = MT DLL Release|Win32
		{3112A2A4-2C7D-4F50-BFC9-C8ACAB4A5357}.Profile.Build.0 = MT DLL Release|Win32
		{3112A2A4-2C7D-4F50-BFC9-C8ACAB4A5357}.Release.ActiveCfg = Release|Win32
		{3112A2A4-2C7D-4F50-BFC9-C8ACAB4A5357}.Release.Build.0 = Release|Win32
		{E7498162-0427-47A5-88A9-18D7184F606B}.Debug.ActiveCfg = Debug|Win32
		{E7498162-0427-47A5-88A9-18D7184F606B}.Debug.Build.0 = Debug|Win32
		{E7498162-0427-47A5-88A9-18D7184F606B}.MT DLL Debug.ActiveCfg = Debug|Win32
		{E7498162-0427-47A5-88A9-18D7184F606B}.MT DLL Debug.Build.0 = Debug|Win32
		{E7498162-0427-47A5-88A9-18D7184F606B}.MT DLL Release.ActiveCfg = Release|Win32
		{E7498162-0427-47A5-88A9-18D7184F606B}.MT DLL Release.Build.0 = Release|Win32
		{E7498162-0427-47A5-88A9-18D7184F606B}.Profile.ActiveCfg = Release|Win32
		{E7498162-0427-47A5-88A9-18D7184F606B}.Profile.Build.0 = Release|Win32
		{E7498162-0427-47A5-88A9-18D7184F606B}.Release.ActiveCfg = Release|Win32
		{E7498162-0427-47A5-88A9-18D7184F606B}.Release.Build.0 = Release|Win32
		{8128F7DB-4957-4C17-BDB7-B4900C82BC7E}.Debug.ActiveCfg = Debug|Win32
		{8128F7DB-4957-4C17-BDB7-B4900C82BC7E}.Debug.Build.0 = Debug|Win32
		{8128F7DB-4957-4C17-BDB7-B4900C82BC7E}.MT DLL Debug.ActiveCfg = MT DLL Debug|Win32
		{8128F7DB-4957-4C17-BDB7-B4900C82BC7E}.MT DLL Debug.Build.0 = MT DLL Debug|Win32
		{8128F7DB-4957-4C17-BDB7-B4900C82BC7E}.MT DLL Release.ActiveCfg = MT DLL Release|Win32
		{8128F7DB-4957-4C17-BDB7-B4900C82BC7E}.MT DLL Release.Build.0 = MT DLL Release|Win32
		{8128F7DB-4957-4C17-BDB7-B4900C82BC7E}.Profile.ActiveCfg = Release|Win32
		{8128F7DB-4957-4C17-BDB7-B4900C82BC7E}.Profile.Build.0 = Release|Win32
		{8128F7DB-4957-4C17-BDB7-B4900C82BC7E}.Release.ActiveCfg = Release|Win32
		{8128F7DB-4957-4C17-BDB7-B4900C82BC7E}.Release.Build.0 = Release|Win32
		{01E7C83A-D480-485D-A9A7-5C8F999CD2C1}.Debug.ActiveCfg = Debug|Win32
		{01E7C83A-D480-485D-A9A7-5C8F999CD2C1}.Debug.Build.0 = Debug|Win32
		{01E7C83A-D480-485D-A9A7-5C8F999CD2C1}.MT DLL Debug.ActiveCfg = MT DLL Debug|Win32
		{01E7C83A-D480-485D-A9A7-5C8F999CD2C1}.MT DLL Debug.Build.0 = MT DLL Debug|Win32
		{01E7C83A-D480-485D-A9A7-5C8F999CD2C1}.MT DLL Release.ActiveCfg = MT DLL Release|Win32
		{01E7C83A-D480-485D-A9A7-5C8F999CD2C1}.MT DLL Release.Build.0 = MT DLL Release|Win32
		{01E7C83A-D480-485D-A9A7-5C8F999CD2C1}.Profile.ActiveCfg = Release|Win32
		{01E7C83A-D480-485D-A9A7-5C8F999CD2C1}.Profile.Build.0 = Release|Win32
		{01E7C83A-D480-485D-A9A7-5C8F999CD2C1}.Release.ActiveCfg = Release|Win32
		{01E7C83A-D480-485D-A9A7-5C8F999CD2C1}.Release.Build.0 = Release|Win32
		{C1212004-31D4-4134-8F10-C04F16671D7B}.Debug.ActiveCfg = Debug|Win32
		{C1212004-31D4-4134-8F10-C04F16671D7B}.Debug.Build.0 = Debug|Win32
		{C1212004-31D4-4134-8F10-C04F16671D7B}.MT DLL Debug.ActiveCfg = MT DLL Debug|Win32
		{C1212004-31D4-4134-8F10-C04F16671D7B}.MT DLL Debug.Build.0 = MT DLL Debug|Win32
		{C1212004-31D4-4134-8F10-C04F16671D7B}.MT DLL Release.ActiveCfg = MT DLL Release|Win32
		{C1212004-31D4-4134-8F10-C04F16671D7B}.MT DLL Release.Build.0 = MT DLL Release|Win32
		{C1212004-31D4-4134-8F10-C04F16671D7B}.Profile.ActiveCfg = Release|Win32
		{C1212004-31D4-4134-8F10-C04F16671D7B}.Profile.Build.0 = Release|Win32
		{C1212004-31D4-4134-8F10-C04F16671D7B}.Release.ActiveCfg = Release|Win32
		{C1212004-31D4-4134-8F10-C04F16671D7B}.Release.Build.0 = Release|Win32
		{8A5E634D-D1DA-40E9-A3B3-94689A6235DC}.Debug.ActiveCfg = Debug|Win32
		{8A5E634D-D1DA-40E9-A3B3-94689A6235DC}.Debug.Build.0 = Debug|Win32
		{8A5E634D-D1DA-40E9-A3B3-94689A6235DC}.MT DLL Debug.ActiveCfg = MT DLL Debug|Win32
		{8A5E634D-D1DA-40E9-A3B3-94689A6235DC}.MT DLL Debug.Build.0 = MT DLL Debug|Win32
		{8A5E634D-D1DA-40E9-A3B3-94689A6235DC}.MT DLL Release.ActiveCfg = MT DLL Release|Win32
		{8A5E634D-D1DA-40E9-A3B3-94689A6235DC}.MT DLL Release.Build.0 = MT DLL Release|Win32
		{8A5E634D-D1DA-40E9-A3B3-94689A6235DC}.Profile.ActiveCfg = Release|Win32
		{8A5E634D-D1DA-40E9-A3B3-94689A6235DC}.Profile.Build.0 = Release|Win32
		{8A5E634D-D1DA-40E9-A3B3-94689A6235DC}.Release.ActiveCfg = Release|Win32
		{8A5E634D-D1DA-40E9-A3B3-94689A6235DC}.Release.Build.0 = Release|Win32
		{7C0EAF66-4FAE-4AFD-A4B7-301B3E86F8A2}.Debug.ActiveCfg = Debug|Win32
		{7C0EAF66-4FAE-4AFD-A4B7-301B3E86F8A2}.Debug.Build.0 = Debug|Win32
		{7C0EAF66-4FAE-4AFD-A4B7-301B3E86F8A2}.MT DLL Debug.ActiveCfg = Debug|Win32
		{7C0EAF66-4FAE-4AFD-A4B7-301B3E86F8A2}.MT DLL Debug.Build.0 = Debug|Win32
		{7C0EAF66-4FAE-4AFD-A4B7-301B3E86F8A2}.MT DLL Release.ActiveCfg = Release|Win32
		{7C0EAF66-4FAE-4AFD-A4B7-301B3E86F8A2}.MT DLL Release.Build.0 = Release|Win32
		{7C0EAF66-4FAE-4AFD-A4B7-301B3E86F8A2}.Profile.ActiveCfg = Debug|Win32
		{7C0EAF66-4FAE-4AFD-A4B7-301B3E86F8A2}.Profile.Build.0 = Debug|Win32
		{7C0EAF66-4FAE-4AFD-A4B7-301B3E86F8A2}.Release.ActiveCfg = Release|Win32
		{7C0EAF66-4FAE-4AFD-A4B7-301B3E86F8A2}.Release.Build.0 = Release|Win32
		{BA50970A-5CF1-4575-846A-393139ABB804}.Debug.ActiveCfg = Debug|Win32
		{BA50970A-5CF1-4575-846A-393139ABB804}.Debug.Build.0 = Debug|Win32
		{BA50970A-5CF1-4575-846A-393139ABB804}.MT DLL Debug.ActiveCfg = Debug|Win32
		{BA50970A-5CF1-4575-846A-393139ABB804}.MT DLL Debug.Build.0 = Debug|Win32
		{BA50970A-5CF1-4575-846A-393139ABB804}.MT DLL Release.ActiveCfg = Release|Win32
		{BA50970A-5CF1-4575-846A-393139ABB804}.MT DLL Release.Build.0 = Release|Win32
		{BA50970A-5CF1-4575-846A-393139ABB804}.Profile.ActiveCfg = Debug|Win32
		{BA50970A-5CF1-4575-846A-393139ABB804}.Profile.Build.0 = Debug|Win32
		{BA50970A-5CF1-4575-846A-393139ABB804}.Release.ActiveCfg = Release|Win32
		{BA50970A-5CF1-4575-846A-393139ABB804}.Release.Build.0 = Release|Win32
		{54592B50-935C-4E30-9214-05C2B28C89CD}.Debug.ActiveCfg = Debug|Win32
		{54592B50-935C-4E30-9214-05C2B28C89CD}.Debug.Build.0 = Debug|Win32
		{54592B50-935C-4E30-9214-05C2B28C89CD}.MT DLL Debug.ActiveCfg = Debug|Win32
		{54592B50-935C-4E30-9214-05C2B28C89CD}.MT DLL Debug.Build.0 = Debug|Win32
		{54592B50-935C-4E30-9214-05C2B28C89CD}.MT DLL Release.ActiveCfg = Release|Win32
		{54592B50-935C-4E30-9214-05C2B28C89CD}.MT DLL Release.Build.0 = Release|Win32
		{54592B50-935C-4E30-9214-05C2B28C89CD}.Profile.ActiveCfg = Debug|Win32
		{54592B50-935C-4E30-9214-05C2B28C89CD}.Profile.Build.0 = Debug|Win32
		{54592B50-935C-4E30-9214-05C2B28C89CD}.Release.ActiveCfg = Release|Win32
		{54592B50-935C-4E30-9214-05C2B28C89CD}.Release.Build.0 = Release|Win32
		{9AA4E95C-6E41-4C0F-81F4-AB181DD4805B}.Debug.ActiveCfg = Debug|Win32
		{9AA4E95C-6E41-4C0F-81F4-AB181DD4805B}.Debug.Build.0 = Debug|Win32
		{9AA4E95C-6E41-4C0F-81F4-AB181DD4805B}.MT DLL Debug.ActiveCfg = Debug|Win32
		{9AA4E95C-6E41-4C0F-81F4-AB181DD4805B}.MT DLL Debug.Build.0 = Debug|Win32
		{9AA4E95C-6E41-4C0F-81F4-AB181DD4805B}.MT DLL Release.ActiveCfg = Release|Win32
		{9AA4E95C-6E41-4C0F-81F4-AB181DD4805B}.MT DLL Release.Build.0 = Release|Win32
		{9AA4E95C-6E41-4C0F-81F4-AB181DD4805B}.Profile.ActiveCfg = Release|Win32
		{9AA4E95C-6E41-4C0F-81F4-AB181DD4805B}.Profile.Build.0 = Release|Win32
		{9AA4E95C-6E41-4C0F-81F4-AB181DD4805B}.Release.ActiveCfg = Release|Win32
		{9AA4E95C-6E41-4C0F-81F4-AB181DD4805B}.Release.Build.0 = Release|Win32
		{2E4335D8-1FA9-45E7-9A1E-B2F19F28F7F4}.Debug.ActiveCfg = Debug|Win32
		{2E4335D8-1FA9-45E7-9A1E-B2F19F28F7F4}.Debug.Build.0 = Debug|Win32
		{2E4335D8-1FA9-45E7-9A1E-B2F19F28F7F4}.MT DLL Debug.ActiveCfg = Debug|Win32
		{2E4335D8-1FA9-45E7-9A1E-B2F19F28F7F4}.MT DLL Debug.Build.0 = Debug|Win32
		{2E4335D8-1FA9-45E7-9A1E-B2F19F28F7F4}.MT DLL Release.ActiveCfg = Release|Win32
		{2E4335D8-1FA9-45E7-9A1E-B2F19F28F7F4}.MT DLL Release.Build.0 = Release|Win32
		{2E4335D8-1FA9-45E7-9A1E-B2F19F28F7F4}.Profile.ActiveCfg = Release|Win32
		{2E4335D8-1FA9-45E7-9A1E-B2F19F28F7F4}.Profile.Build.0 = Release|Win32
		{2E4335D8-1FA9-45E7-9A1E-B2F19F28F7F4}.Release.ActiveCfg = Release|Win32
		{2E4335D8-1FA9-45E7-9A1E-B2F19F28F7F4}.Release.Build.0 = Release|Win32
		{B0FC6B54-D34F-428E-BA21-14609817696E}.Debug.ActiveCfg = Debug|Win32
		{B0FC6B54-D34F-428E-BA21-14609817696E}.Debug.Build.0 = Debug|Win32
		{B0FC6B54-D34F-428E-BA21-14609817696E}.MT DLL Debug.ActiveCfg = MT DLL Debug|Win32
		{B0FC6B54-D34F-428E-BA21-14609817696E}.MT DLL Debug.Build.0 = MT DLL Debug|Win32
		{B0FC6B54-D34F-428E-BA21-14609817696E}.MT DLL Release.ActiveCfg = MT DLL Release|Win32
		{B0FC6B54-D34F-428E-BA21-14609817696E}.MT DLL Release.Build.0 = MT DLL Release|Win32
		{B0FC6B54-D34F-428E-BA21-14609817696E}.Profile.ActiveCfg = MT DLL Release|Win32
		{B0FC6B54-D34F-428E-BA21-14609817696E}.Profile.Build.0 = MT DLL Release|Win32
		{B0FC6B54-D34F-428E-BA21-14609817696E}.Release.ActiveCfg = Release|Win32
		{B0FC6B54-D34F-428E-BA21-14609817696E}.Release.Build.0 = Release|Win32
		{DDECAF43-CF76-471C-B7A1-12289BBCA182}.Debug.ActiveCfg = Debug|Win32
		{DDECAF43-CF76-471C-B7A1-12289BBCA182}.Debug.Build.0 = Debug|Win32
		{DDECAF43-CF76-471C-B7A1-12289BBCA182}.MT DLL Debug.ActiveCfg = Debug|Win32
		{DDECAF43-CF76-471C-B7A1-12289BBCA182}.MT DLL Debug.Build.0 = Debug|Win32
		{DDECAF43-CF76-471C-B7A1-12289BBCA182}.MT DLL Release.ActiveCfg = Release|Win32
		{DDECAF43-CF76-471C-B7A1-12289BBCA182}.MT DLL Release.Build.0 = Release|Win32
		{DDECAF43-CF76-471C-B7A1-12289BBCA182}.Profile.ActiveCfg = Debug|Win32
		{DDECAF43-CF76-471C-B7A1-12289BBCA182}.Profile.Build.0 = Debug|Win32
		{DDECAF43-CF76-471C-B7A1-12289BBCA182}.Release.ActiveCfg = Release|Win32
		{DDECAF43-CF76-471C-B7A1-12289BBCA182}.Release.Build.0 = Release|Win32
		{37964135-3262-470F-82E6-1998A6F6AFED}.Debug.ActiveCfg = Debug|Win32
		{37964135-3262-470F-82E6-1998A6F6AFED}.Debug.Build.0 = Debug|Win32
		{37964135-3262-470F-82E6-1998A6F6AFED}.MT DLL Debug.ActiveCfg = Debug|Win32
		{37964135-3262-470F-82E6-1998A6F6AFED}.MT DLL Debug.Build.0 = Debug|Win32
		{37964135-3262-470F-82E6-1998A6F6AFED}.MT DLL Release.ActiveCfg = Release|Win32
		{37964135-3262-470F-82E6-1998A6F6AFED}.MT DLL Release.Build.0 = Release|Win32
		{37964135-3262-470F-82E6-1998A6F6AFED}.Profile.ActiveCfg = Debug|Win32
		{37964135-3262-470F-82E6-1998A6F6AFED}.Profile.Build.0 = Debug|Win32
		{37964135-3262-470F-82E6-1998A6F6AFED}.Release.ActiveCfg = Release|Win32
		{37964135-3262-470F-82E6-1998A6F6AFED}.Release.Build.0 = Release|Win32
		{E9C8BA7E-46C9-44D1-992D-8CA33F5C3888}.Debug.ActiveCfg = Debug|Win32
		{E9C8BA7E-46C9-44D1-992D-8CA33F5C3888}.Debug.Build.0 = Debug|Win32
		{E9C8BA7E-46C9-44D1-992D-8CA33F5C3888}.MT DLL Debug.ActiveCfg = MT DLL Debug|Win32
		{E9C8BA7E-46C9-44D1-992D-8CA33F5C3888}.MT DLL Debug.Build.0 = MT DLL Debug|Win32
		{E9C8BA7E-46C9-44D1-992D-8CA33F5C3888}.MT DLL Release.ActiveCfg = MT DLL Release|Win32
		{E9C8BA7E-46C9-44D1-992D-8CA33F5C3888}.MT DLL Release.Build.0 = MT DLL Release|Win32
		{E9C8BA7E-46C9-44D1-992D-8CA33F5C3888}.Profile.ActiveCfg = Release|Win32
		{E9C8BA7E-46C9-44D1-992D-8CA33F5C3888}.Profile.Build.0 = Release|Win32
		{E9C8BA7E-46C9-44D1-992D-8CA33F5C3888}.Release.ActiveCfg = Release|Win32
		{E9C8BA7E-46C9-44D1-992D-8CA33F5C3888}.Release.Build.0 = Release|Win32
		{B92DF135-41E6-488A-8535-36D56FC351B8}.Debug.ActiveCfg = Debug|Win32
		{B92DF135-41E6-488A-8535-36D56FC351B8}.Debug.Build.0 = Debug|Win32
		{B92DF135-41E6-488A-8535-36D56FC351B8}.MT DLL Debug.ActiveCfg = MT DLL Debug|Win32
		{B92DF135-41E6-488A-8535-36D56FC351B8}.MT DLL Debug.Build.0 = MT DLL Debug|Win32
		{B92DF135-41E6-488A-8535-36D56FC351B8}.MT DLL Release.ActiveCfg = MT DLL Release|Win32
		{B92DF135-41E6-488A-8535-36D56FC351B8}.MT DLL Release.Build.0 = MT DLL Release|Win32
		{B92DF135-41E6-488A-8535-36D56FC351B8}.Profile.ActiveCfg = Release|Win32
		{B92DF135-41E6-488A-8535-36D56FC351B8}.Profile.Build.0 = Release|Win32
		{B92DF135-41E6-488A-8535-36D56FC351B8}.Release.ActiveCfg = Release|Win32
		{B92DF135-41E6-488A-8535-36D56FC351B8}.Release.Build.0 = Release|Win32
		{F27934C5-4574-4782-92DB-59C4ADA1C884}.Debug.ActiveCfg = Debug|Win32
		{F27934C5-4574-4782-92DB-59C4ADA1C884}.Debug.Build.0 = Debug|Win32
		{F27934C5-4574-4782-92DB-59C4ADA1C884}.MT DLL Debug.ActiveCfg = MT DLL Debug|Win32
		{F27934C5-4574-4782-92DB-59C4ADA1C884}.MT DLL Debug.Build.0 = MT DLL Debug|Win32
		{F27934C5-4574-4782-92DB-59C4ADA1C884}.MT DLL Release.ActiveCfg = MT DLL Release|Win32
		{F27934C5-4574-4782-92DB-59C4ADA1C884}.MT DLL Release.Build.0 = MT DLL Release|Win32
		{F27934C5-4574-4782-92DB-59C4ADA1C884}.Profile.ActiveCfg = MT DLL Release|Win32
		{F27934C5-4574-4782-92DB-59C4ADA1C884}.Profile.Build.0 = MT DLL Release|Win32
		{F27934C5-4574-4782-92DB-59C4ADA1C884}.Release.ActiveCfg = Release|Win32
		{F27934C5-4574-4782-92DB-59C4ADA1C884}.Release.Build.0 = Release|Win32
		{6A6A8035-BBFC-45BD-8F39-6338A84AD2E2}.Debug.ActiveCfg = Debug|Win32
		{6A6A8035-BBFC-45BD-8F39-6338A84AD2E2}.Debug.Build.0 = Debug|Win32
		{6A6A8035-BBFC-45BD-8F39-6338A84AD2E2}.MT DLL Debug.ActiveCfg = Debug|Win32
		{6A6A8035-BBFC-45BD-8F39-6338A84AD2E2}.MT DLL Debug.Build.0 = Debug|Win32
		{6A6A8035-BBFC-45BD-8F39-6338A84AD2E2}.MT DLL Release.ActiveCfg = Release|Win32
		{6A6A8035-BBFC-45BD-8F39-6338A84AD2E2}.MT DLL Release.Build.0 = Release|Win32
		{6A6A8035-BBFC-45BD-8F39-6338A84AD2E2}.Profile.ActiveCfg = Debug|Win32
		{6A6A8035-BBFC-45BD-8F39-6338A84AD2E2}.Profile.Build.0 = Debug|Win32
		{6A6A8035-BBFC-45BD-8F39-6338A84AD2E2}.Release.ActiveCfg = Release|Win32
		{6A6A8035-BBFC-45BD-8F39-6338A84AD2E2}.Release.Build.0 = Release|Win32
		{1D97E046-576B-4B6B-BC18-774C5CDCE376}.Debug.ActiveCfg = Debug|Win32
		{1D97E046-576B-4B6B-BC18-774C5CDCE376}.Debug.Build.0 = Debug|Win32
		{1D97E046-576B-4B6B-BC18-774C5CDCE376}.MT DLL Debug.ActiveCfg = MT DLL Debug|Win32
		{1D97E046-576B-4B6B-BC18-774C5CDCE376}.MT DLL Debug.Build.0 = MT DLL Debug|Win32
		{1D97E046-576B-4B6B-BC18-774C5CDCE376}.MT DLL Release.ActiveCfg = MT DLL Release|Win32
		{1D97E046-576B-4B6B-BC18-774C5CDCE376}.MT DLL Release.Build.0 = MT DLL Release|Win32
		{1D97E046-576B-4B6B-BC18-774C5CDCE376}.Profile.ActiveCfg = MT DLL Release|Win32
		{1D97E046-576B-4B6B-BC18-774C5CDCE376}.Profile.Build.0 = MT DLL Release|Win32
		{1D97E046-576B-4B6B-BC18-774C5CDCE376}.Release.ActiveCfg = Release|Win32
		{1D97E046-576B-4B6B-BC18-774C5CDCE376}.Release.Build.0 = Release|Win32
		{9A534FAE-E3D0-4B23-983A-AA8CA942C30C}.Debug.ActiveCfg = Debug|Win32
		{9A534FAE-E3D0-4B23-983A-AA8CA942C30C}.Debug.Build.0 = Debug|Win32
		{9A534FAE-E3D0-4B23-983A-AA8CA942C30C}.MT DLL Debug.ActiveCfg = MT DLL Debug|Win32
		{9A534FAE-E3D0-4B23-983A-AA8CA942C30C}.MT DLL Debug.Build.0 = MT DLL Debug|Win32
		{9A534FAE-E3D0-4B23-983A-AA8CA942C30C}.MT DLL Release.ActiveCfg = MT DLL Release|Win32
		{9A534FAE-E3D0-4B23-983A-AA8CA942C30C}.MT DLL Release.Build.0 = MT DLL Release|Win32
		{9A534FAE-E3D0-4B23-983A-AA8CA942C30C}.Profile.ActiveCfg = Release|Win32
		{9A534FAE-E3D0-4B23-983A-AA8CA942C30C}.Profile.Build.0 = Release|Win32
		{9A534FAE-E3D0-4B23-983A-AA8CA942C30C}.Release.ActiveCfg = Release|Win32
		{9A534FAE-E3D0-4B23-983A-AA8CA942C30C}.Release.Build.0 = Release|Win32
		{1FBE0676-6FCB-4D72-8A1E-EB73E2B9D3BF}.Debug.ActiveCfg = Debug|Win32
		{1FBE0676-6FCB-4D72-8A1E-EB73E2B9D3BF}.Debug.Build.0 = Debug|Win32
		{1FBE0676-6FCB-4D72-8A1E-EB73E2B9D3BF}.MT DLL Debug.ActiveCfg = MT DLL Debug|Win32
		{1FBE0676-6FCB-4D72-8A1E-EB73E2B9D3BF}.MT DLL Debug.Build.0 = MT DLL Debug|Win32
		{1FBE0676-6FCB-4D72-8A1E-EB73E2B9D3BF}.MT DLL Release.ActiveCfg = MT DLL Release|Win32
		{1FBE0676-6FCB-4D72-8A1E-EB73E2B9D3BF}.MT DLL Release.Build.0 = MT DLL Release|Win32
		{1FBE0676-6FCB-4D72-8A1E-EB73E2B9D3BF}.Profile.ActiveCfg = Debug|Win32
		{1FBE0676-6FCB-4D72-8A1E-EB73E2B9D3BF}.Profile.Build.0 = Debug|Win32
		{1FBE0676-6FCB-4D72-8A1E-EB73E2B9D3BF}.Release.ActiveCfg = Release|Win32
		{1FBE0676-6FCB-4D72-8A1E-EB73E2B9D3BF}.Release.Build.0 = Release|Win32
		{012F7E1D-82C9-4580-9853-0568CBBEFBD3}.Debug.ActiveCfg = Debug|Win32
		{012F7E1D-82C9-4580-9853-0568CBBEFBD3}.Debug.Build.0 = Debug|Win32
		{012F7E1D-82C9-4580-9853-0568CBBEFBD3}.MT DLL Debug.ActiveCfg = MT DLL Debug|Win32
		{012F7E1D-82C9-4580-9853-0568CBBEFBD3}.MT DLL Debug.Build.0 = MT DLL Debug|Win32
		{012F7E1D-82C9-4580-9853-0568CBBEFBD3}.MT DLL Release.ActiveCfg = MT DLL Release|Win32
		{012F7E1D-82C9-4580-9853-0568CBBEFBD3}.MT DLL Release.Build.0 = MT DLL Release|Win32
		{012F7E1D-82C9-4580-9853-0568CBBEFBD3}.Profile.ActiveCfg = Release|Win32
		{012F7E1D-82C9-4580-9853-0568CBBEFBD3}.Profile.Build.0 = Release|Win32
		{012F7E1D-82C9-4580-9853-0568CBBEFBD3}.Release.ActiveCfg = Release|Win32
		{012F7E1D-82C9-4580-9853-0568CBBEFBD3}.Release.Build.0 = Release|Win32
		{CC04F575-DF86-4B74-BB9D-F2C0FF89FFA5}.Debug.ActiveCfg = Debug|Win32
		{CC04F575-DF86-4B74-BB9D-F2C0FF89FFA5}.Debug.Build.0 = Debug|Win32
		{CC04F575-DF86-4B74-BB9D-F2C0FF89FFA5}.MT DLL Debug.ActiveCfg = MT DLL Debug|Win32
		{CC04F575-DF86-4B74-BB9D-F2C0FF89FFA5}.MT DLL Debug.Build.0 = MT DLL Debug|Win32
		{CC04F575-DF86-4B74-BB9D-F2C0FF89FFA5}.MT DLL Release.ActiveCfg = MT DLL Release|Win32
		{CC04F575-DF86-4B74-BB9D-F2C0FF89FFA5}.MT DLL Release.Build.0 = MT DLL Release|Win32
		{CC04F575-DF86-4B74-BB9D-F2C0FF89FFA5}.Profile.ActiveCfg = Release|Win32
		{CC04F575-DF86-4B74-BB9D-F2C0FF89FFA5}.Profile.Build.0 = Release|Win32
		{CC04F575-DF86-4B74-BB9D-F2C0FF89FFA5}.Release.ActiveCfg = Release|Win32
		{CC04F575-DF86-4B74-BB9D-F2C0FF89FFA5}.Release.Build.0 = Release|Win32
		{67C9101D-8036-4A52-9D4D-65461EAD821F}.Debug.ActiveCfg = MT DLL Debug|Win32
		{67C9101D-8036-4A52-9D4D-65461EAD821F}.Debug.Build.0 = MT DLL Debug|Win32
		{67C9101D-8036-4A52-9D4D-65461EAD821F}.MT DLL Debug.ActiveCfg = MT DLL Debug|Win32
		{67C9101D-8036-4A52-9D4D-65461EAD821F}.MT DLL Debug.Build.0 = MT DLL Debug|Win32
		{67C9101D-8036-4A52-9D4D-65461EAD821F}.MT DLL Release.ActiveCfg = MT DLL Release|Win32
		{67C9101D-8036-4A52-9D4D-65461EAD821F}.MT DLL Release.Build.0 = MT DLL Release|Win32
		{67C9101D-8036-4A52-9D4D-65461EAD821F}.Profile.ActiveCfg = MT DLL Release|Win32
		{67C9101D-8036-4A52-9D4D-65461EAD821F}.Profile.Build.0 = MT DLL Release|Win32
		{67C9101D-8036-4A52-9D4D-65461EAD821F}.Release.ActiveCfg = MT DLL Release|Win32
		{67C9101D-8036-4A52-9D4D-65461EAD821F}.Release.Build.0 = MT DLL Release|Win32
		{46CA298C-D091-4F56-BB3A-9FE46099FC29}.Debug.ActiveCfg = Debug|Win32
		{46CA298C-D091-4F56-BB3A-9FE46099FC29}.Debug.Build.0 = Debug|Win32
		{46CA298C-D091-4F56-BB3A-9FE46099FC29}.MT DLL Debug.ActiveCfg = Debug|Win32
		{46CA298C-D091-4F56-BB3A-9FE46099FC29}.MT DLL Debug.Build.0 = Debug|Win32
		{46CA298C-D091-4F56-BB3A-9FE46099FC29}.MT DLL Release.ActiveCfg = Release|Win32
		{46CA298C-D091-4F56-BB3A-9FE46099FC29}.MT DLL Release.Build.0 = Release|Win32
		{46CA298C-D091-4F56-BB3A-9FE46099FC29}.Profile.ActiveCfg = Debug|Win32
		{46CA298C-D091-4F56-BB3A-9FE46099FC29}.Profile.Build.0 = Debug|Win32
		{46CA298C-D091-4F56-BB3A-9FE46099FC29}.Release.ActiveCfg = Release|Win32
		{46CA298C-D091-4F56-BB3A-9FE46099FC29}.Release.Build.0 = Release|Win32
		{EB7F768F-4D0D-4A3D-A0CF-6D1B32D53271}.Debug.ActiveCfg = Debug|Win32
		{EB7F768F-4D0D-4A3D-A0CF-6D1B32D53271}.Debug.Build.0 = Debug|Win32
		{EB7F768F-4D0D-4A3D-A0CF-6D1B32D53271}.MT DLL Debug.ActiveCfg = MT DLL Debug|Win32
		{EB7F768F-4D0D-4A3D-A0CF-6D1B32D53271}.MT DLL Debug.Build.0 = MT DLL Debug|Win32
		{EB7F768F-4D0D-4A3D-A0CF-6D1B32D53271}.MT DLL Release.ActiveCfg = MT DLL Release|Win32
		{EB7F768F-4D0D-4A3D-A0CF-6D1B32D53271}.MT DLL Release.Build.0 = MT DLL Release|Win32
		{EB7F768F-4D0D-4A3D-A0CF-6D1B32D53271}.Profile.ActiveCfg = MT DLL Debug|Win32
		{EB7F768F-4D0D-4A3D-A0CF-6D1B32D53271}.Profile.Build.0 = MT DLL Debug|Win32
		{EB7F768F-4D0D-4A3D-A0CF-6D1B32D53271}.Release.ActiveCfg = Release|Win32
		{EB7F768F-4D0D-4A3D-A0CF-6D1B32D53271}.Release.Build.0 = Release|Win32
		{F5986072-9E1D-4883-8E38-DA0503130BB5}.Debug.ActiveCfg = Debug|Win32
		{F5986072-9E1D-4883-8E38-DA0503130BB5}.Debug.Build.0 = Debug|Win32
		{F5986072-9E1D-4883-8E38-DA0503130BB5}.MT DLL Debug.ActiveCfg = Debug|Win32
		{F5986072-9E1D-4883-8E38-DA0503130BB5}.MT DLL Debug.Build.0 = Debug|Win32
		{F5986072-9E1D-4883-8E38-DA0503130BB5}.MT DLL Release.ActiveCfg = Release|Win32
		{F5986072-9E1D-4883-8E38-DA0503130BB5}.MT DLL Release.Build.0 = Release|Win32
		{F5986072-9E1D-4883-8E38-DA0503130BB5}.Profile.ActiveCfg = Release|Win32
		{F5986072-9E1D-4883-8E38-DA0503130BB5}.Profile.Build.0 = Release|Win32
		{F5986072-9E1D-4883-8E38-DA0503130BB5}.Release.ActiveCfg = Release|Win32
		{F5986072-9E1D-4883-8E38-DA0503130BB5}.Release.Build.0 = Release|Win32
		{1CC733F1-6AB5-4904-8F63-C08C46B79DD9}.Debug.ActiveCfg = Debug|Win32
		{1CC733F1-6AB5-4904-8F63-C08C46B79DD9}.Debug.Build.0 = Debug|Win32
		{1CC733F1-6AB5-4904-8F63-C08C46B79DD9}.MT DLL Debug.ActiveCfg = Debug|Win32
		{1CC733F1-6AB5-4904-8F63-C08C46B79DD9}.MT DLL Debug.Build.0 = Debug|Win32
		{1CC733F1-6AB5-4904-8F63-C08C46B79DD9}.MT DLL Release.ActiveCfg = Release|Win32
		{1CC733F1-6AB5-4904-8F63-C08C46B79DD9}.MT DLL Release.Build.0 = Release|Win32
		{1CC733F1-6AB5-4904-8F63-C08C46B79DD9}.Profile.ActiveCfg = Debug|Win32
		{1CC733F1-6AB5-4904-8F63-C08C46B79DD9}.Profile.Build.0 = Debug|Win32
		{1CC733F1-6AB5-4904-8F63-C08C46B79DD9}.Release.ActiveCfg = Release|Win32
		{1CC733F1-6AB5-4904-8F63-C08C46B79DD9}.Release.Build.0 = Release|Win32
		{765F3B06-B3DB-4CD0-B456-CFEE746A2A42}.Debug.ActiveCfg = Debug|Win32
		{765F3B06-B3DB-4CD0-B456-CFEE746A2A42}.Debug.Build.0 = Debug|Win32
		{765F3B06-B3DB-4CD0-B456-CFEE746A2A42}.MT DLL Debug.ActiveCfg = Debug|Win32
		{765F3B06-B3DB-4CD0-B456-CFEE746A2A42}.MT DLL Debug.Build.0 = Debug|Win32
		{765F3B06-B3DB-4CD0-B456-CFEE746A2A42}.MT DLL Release.ActiveCfg = Release|Win32
		{765F3B06-B3DB-4CD0-B456-CFEE746A2A42}.MT DLL Release.Build.0 = Release|Win32
		{765F3B06-B3DB-4CD0-B456-CFEE746A2A42}.Profile.ActiveCfg = Release|Win32
		{765F3B06-B3DB-4CD0-B456-CFEE746A2A42}.Profile.Build.0 = Release|Win32
		{765F3B06-B3DB-4CD0-B456-CFEE746A2A42}.Release.ActiveCfg = Release|Win32
		{765F3B06-B3DB-4CD0-B456-CFEE746A2A42}.Release.Build.0 = Release|Win32
		{FEF213CF-2097-49FC-91AC-34F5557BFA63}.Debug.ActiveCfg = Debug|Win32
		{FEF213CF-2097-49FC-91AC-34F5557BFA63}.Debug.Build.0 = Debug|Win32
		{FEF213CF-2097-49FC-91AC-34F5557BFA63}.MT DLL Debug.ActiveCfg = Debug|Win32
		{FEF213CF-2097-49FC-91AC-34F5557BFA63}.MT DLL Debug.Build.0 = Debug|Win32
		{FEF213CF-2097-49FC-91AC-34F5557BFA63}.MT DLL Release.ActiveCfg = Release|Win32
		{FEF213CF-2097-49FC-91AC-34F5557BFA63}.MT DLL Release.Build.0 = Release|Win32
		{FEF213CF-2097-49FC-91AC-34F5557BFA63}.Profile.ActiveCfg = Debug|Win32
		{FEF213CF-2097-49FC-91AC-34F5557BFA63}.Profile.Build.0 = Debug|Win32
		{FEF213CF-2097-49FC-91AC-34F5557BFA63}.Release.ActiveCfg = Release|Win32
		{FEF213CF-2097-49FC-91AC-34F5557BFA63}.Release.Build.0 = Release|Win32
		{DB1FB610-C4B6-4534-A77B-27A60ED78223}.Debug.ActiveCfg = Debug|Win32
		{DB1FB610-C4B6-4534-A77B-27A60ED78223}.Debug.Build.0 = Debug|Win32
		{DB1FB610-C4B6-4534-A77B-27A60ED78223}.MT DLL Debug.ActiveCfg = Debug|Win32
		{DB1FB610-C4B6-4534-A77B-27A60ED78223}.MT DLL Debug.Build.0 = Debug|Win32
		{DB1FB610-C4B6-4534-A77B-27A60ED78223}.MT DLL Release.ActiveCfg = Release|Win32
		{DB1FB610-C4B6-4534-A77B-27A60ED78223}.MT DLL Release.Build.0 = Release|Win32
		{DB1FB610-C4B6-4534-A77B-27A60ED78223}.Profile.ActiveCfg = Debug|Win32
		{DB1FB610-C4B6-4534-A77B-27A60ED78223}.Profile.Build.0 = Debug|Win32
		{DB1FB610-C4B6-4534-A77B-27A60ED78223}.Release.ActiveCfg = Release|Win32
		{DB1FB610-C4B6-4534-A77B-27A60ED78223}.Release.Build.0 = Release|Win32
		{AA65E25E-554C-4AD0-B7C8-F2853D9C7650}.Debug.ActiveCfg = Debug|Win32
		{AA65E25E-554C-4AD0-B7C8-F2853D9C7650}.Debug.Build.0 = Debug|Win32
		{AA65E25E-554C-4AD0-B7C8-F2853D9C7650}.MT DLL Debug.ActiveCfg = Debug|Win32
		{AA65E25E-554C-4AD0-B7C8-F2853D9C7650}.MT DLL Debug.Build.0 = Debug|Win32
		{AA65E25E-554C-4AD0-B7C8-F2853D9C7650}.MT DLL Release.ActiveCfg = Release|Win32
		{AA65E25E-554C-4AD0-B7C8-F2853D9C7650}.MT DLL Release.Build.0 = Release|Win32
		{AA65E25E-554C-4AD0-B7C8-F2853D9C7650}.Profile.ActiveCfg = Release|Win32
		{AA65E25E-554C-4AD0-B7C8-F2853D9C7650}.Profile.Build.0 = Release|Win32
		{AA65E25E-554C-4AD0-B7C8-F2853D9C7650}.Release.ActiveCfg = Release|Win32
		{AA65E25E-554C-4AD0-B7C8-F2853D9C7650}.Release.Build.0 = Release|Win32
		{34B59A8E-F3EE-42AF-B551-6E9B62400308}.Debug.ActiveCfg = Debug|Win32
		{34B59A8E-F3EE-42AF-B551-6E9B62400308}.Debug.Build.0 = Debug|Win32
		{34B59A8E-F3EE-42AF-B551-6E9B62400308}.MT DLL Debug.ActiveCfg = Debug|Win32
		{34B59A8E-F3EE-42AF-B551-6E9B62400308}.MT DLL Debug.Build.0 = Debug|Win32
		{34B59A8E-F3EE-42AF-B551-6E9B62400308}.MT DLL Release.ActiveCfg = Release|Win32
		{34B59A8E-F3EE-42AF-B551-6E9B62400308}.MT DLL Release.Build.0 = Release|Win32
		{34B59A8E-F3EE-42AF-B551-6E9B62400308}.Profile.ActiveCfg = Release|Win32
		{34B59A8E-F3EE-42AF-B551-6E9B62400308}.Profile.Build.0 = Release|Win32
		{34B59A8E-F3EE-42AF-B551-6E9B62400308}.Release.ActiveCfg = Release|Win32
		{34B59A8E-F3EE-42AF-B551-6E9B62400308}.Release.Build.0 = Release|Win32
		{CD4BAD8C-B5AA-4A73-8124-6CB21D18106B}.Debug.ActiveCfg = Debug|Win32
		{CD4BAD8C-B5AA-4A73-8124-6CB21D18106B}.Debug.Build.0 = Debug|Win32
		{CD4BAD8C-B5AA-4A73-8124-6CB21D18106B}.MT DLL Debug.ActiveCfg = Debug|Win32
		{CD4BAD8C-B5AA-4A73-8124-6CB21D18106B}.MT DLL Debug.Build.0 = Debug|Win32
		{CD4BAD8C-B5AA-4A73-8124-6CB21D18106B}.MT DLL Release.ActiveCfg = Release|Win32
		{CD4BAD8C-B5AA-4A73-8124-6CB21D18106B}.MT DLL Release.Build.0 = Release|Win32
		{CD4BAD8C-B5AA-4A73-8124-6CB21D18106B}.Profile.ActiveCfg = Release|Win32
		{CD4BAD8C-B5AA-4A73-8124-6CB21D18106B}.Profile.Build.0 = Release|Win32
		{CD4BAD8C-B5AA-4A73-8124-6CB21D18106B}.Release.ActiveCfg = Release|Win32
		{CD4BAD8C-B5AA-4A73-8124-6CB21D18106B}.Release.Build.0 = Release|Win32
		{51366644-76F8-4A1B-B1F6-569F7DE099E7}.Debug.ActiveCfg = Debug|Win32
		{51366644-76F8-4A1B-B1F6-569F7DE099E7}.Debug.Build.0 = Debug|Win32
		{51366644-76F8-4A1B-B1F6-569F7DE099E7}.MT DLL Debug.ActiveCfg = Debug|Win32
		{51366644-76F8-4A1B-B1F6-569F7DE099E7}.MT DLL Debug.Build.0 = Debug|Win32
		{51366644-76F8-4A1B-B1F6-569F7DE099E7}.MT DLL Release.ActiveCfg = Release|Win32
		{51366644-76F8-4A1B-B1F6-569F7DE099E7}.MT DLL Release.Build.0 = Release|Win32
		{51366644-76F8-4A1B-B1F6-569F7DE099E7}.Profile.ActiveCfg = Debug|Win32
		{51366644-76F8-4A1B-B1F6-569F7DE099E7}.Profile.Build.0 = Debug|Win32
		{51366644-76F8-4A1B-B1F6-569F7DE099E7}.Release.ActiveCfg = Release|Win32
		{51366644-76F8-4A1B-B1F6-569F7DE099E7}.Release.Build.0 = Release|Win32
		{FC9B8D98-D6DF-4C5A-AF55-164CA68F05CE}.Debug.ActiveCfg = Debug|Win32
		{FC9B8D98-D6DF-4C5A-AF55-164CA68F05CE}.Debug.Build.0 = Debug|Win32
		{FC9B8D98-D6DF-4C5A-AF55-164CA68F05CE}.MT DLL Debug.ActiveCfg = Debug|Win32
		{FC9B8D98-D6DF-4C5A-AF55-164CA68F05CE}.MT DLL Debug.Build.0 = Debug|Win32
		{FC9B8D98-D6DF-4C5A-AF55-164CA68F05CE}.MT DLL Release.ActiveCfg = Release|Win32
		{FC9B8D98-D6DF-4C5A-AF55-164CA68F05CE}.MT DLL Release.Build.0 = Release|Win32
		{FC9B8D98-D6DF-4C5A-AF55-164CA68F05CE}.Profile.ActiveCfg = Debug|Win32
		{FC9B8D98-D6DF-4C5A-AF55-164CA68F05CE}.Profile.Build.0 = Debug|Win32
		{FC9B8D98-D6DF-4C5A-AF55-164CA68F05CE}.Release.ActiveCfg = Release|Win32
		{FC9B8D98-D6DF-4C5A-AF55-164CA68F05CE}.Release.Build.0 = Release|Win32
		{418DB447-FA4C-41D8-AB79-ADF1F20DA233}.Debug.ActiveCfg = Debug|Win32
		{418DB447-FA4C-41D8-AB79-ADF1F20DA233}.Debug.Build.0 = Debug|Win32
		{418DB447-FA4C-41D8-AB79-ADF1F20DA233}.MT DLL Debug.ActiveCfg = Debug|Win32
		{418DB447-FA4C-41D8-AB79-ADF1F20DA233}.MT DLL Debug.Build.0 = Debug|Win32
		{418DB447-FA4C-41D8-AB79-ADF1F20DA233}.MT DLL Release.ActiveCfg = Release|Win32
		{418DB447-FA4C-41D8-AB79-ADF1F20DA233}.MT DLL Release.Build.0 = Release|Win32
		{418DB447-FA4C-41D8-AB79-ADF1F20DA233}.Profile.ActiveCfg = Debug|Win32
		{418DB447-FA4C-41D8-AB79-ADF1F20DA233}.Profile.Build.0 = Debug|Win32
		{418DB447-FA4C-41D8-AB79-ADF1F20DA233}.Release.ActiveCfg = Release|Win32
		{418DB447-FA4C-41D8-AB79-ADF1F20DA233}.Release.Build.0 = Release|Win32
		{C56F42B2-2959-47F1-A62F-1867EE7D63EF}.Debug.ActiveCfg = Debug|Win32
		{C56F42B2-2959-47F1-A62F-1867EE7D63EF}.Debug.Build.0 = Debug|Win32
		{C56F42B2-2959-47F1-A62F-1867EE7D63EF}.MT DLL Debug.ActiveCfg = Debug|Win32
		{C56F42B2-2959-47F1-A62F-1867EE7D63EF}.MT DLL Debug.Build.0 = Debug|Win32
		{C56F42B2-2959-47F1-A62F-1867EE7D63EF}.MT DLL Release.ActiveCfg = Release|Win32
		{C56F42B2-2959-47F1-A62F-1867EE7D63EF}.MT DLL Release.Build.0 = Release|Win32
		{C56F42B2-2959-47F1-A62F-1867EE7D63EF}.Profile.ActiveCfg = Debug|Win32
		{C56F42B2-2959-47F1-A62F-1867EE7D63EF}.Profile.Build.0 = Debug|Win32
		{C56F42B2-2959-47F1-A62F-1867EE7D63EF}.Release.ActiveCfg = Release|Win32
		{C56F42B2-2959-47F1-A62F-1867EE7D63EF}.Release.Build.0 = Release|Win32
		{EF46B87F-806E-4D17-9897-8FDA1F6DCEC7}.Debug.ActiveCfg = Debug|Win32
		{EF46B87F-806E-4D17-9897-8FDA1F6DCEC7}.Debug.Build.0 = Debug|Win32
		{EF46B87F-806E-4D17-9897-8FDA1F6DCEC7}.MT DLL Debug.ActiveCfg = Debug|Win32
		{EF46B87F-806E-4D17-9897-8FDA1F6DCEC7}.MT DLL Debug.Build.0 = Debug|Win32
		{EF46B87F-806E-4D17-9897-8FDA1F6DCEC7}.MT DLL Release.ActiveCfg = Release|Win32
		{EF46B87F-806E-4D17-9897-8FDA1F6DCEC7}.MT DLL Release.Build.0 = Release|Win32
		{EF46B87F-806E-4D17-9897-8FDA1F6DCEC7}.Profile.ActiveCfg = Release|Win32
		{EF46B87F-806E-4D17-9897-8FDA1F6DCEC7}.Profile.Build.0 = Release|Win32
		{EF46B87F-806E-4D17-9897-8FDA1F6DCEC7}.Release.ActiveCfg = Release|Win32
		{EF46B87F-806E-4D17-9897-8FDA1F6DCEC7}.Release.Build.0 = Release|Win32
		{13F5D1D0-3E27-4E74-BBD6-E51F0C3E9ECF}.Debug.ActiveCfg = Debug|Win32
		{13F5D1D0-3E27-4E74-BBD6-E51F0C3E9ECF}.Debug.Build.0 = Debug|Win32
		{13F5D1D0-3E27-4E74-BBD6-E51F0C3E9ECF}.MT DLL Debug.ActiveCfg = Debug|Win32
		{13F5D1D0-3E27-4E74-BBD6-E51F0C3E9ECF}.MT DLL Debug.Build.0 = Debug|Win32
		{13F5D1D0-3E27-4E74-BBD6-E51F0C3E9ECF}.MT DLL Release.ActiveCfg = Release|Win32
		{13F5D1D0-3E27-4E74-BBD6-E51F0C3E9ECF}.MT DLL Release.Build.0 = Release|Win32
		{13F5D1D0-3E27-4E74-BBD6-E51F0C3E9ECF}.Profile.ActiveCfg = Release|Win32
		{13F5D1D0-3E27-4E74-BBD6-E51F0C3E9ECF}.Profile.Build.0 = Release|Win32
		{13F5D1D0-3E27-4E74-BBD6-E51F0C3E9ECF}.Release.ActiveCfg = Release|Win32
		{13F5D1D0-3E27-4E74-BBD6-E51F0C3E9ECF}.Release.Build.0 = Release|Win32
	EndGlobalSection
	GlobalSection(ExtensibilityGlobals) = postSolution
	EndGlobalSection
	GlobalSection(ExtensibilityAddIns) = postSolution
	EndGlobalSection
EndGlobal
