Microsoft Visual Studio Solution File, Format Version 7.00
Project("{8BC9CEB8-8B4A-11D0-8D11-00A0C91BC942}") = "BLO_loader", "..\..\..\blender\loader\BLO_loader.vcproj", "{352D2F3D-4A94-4938-9A00-CD404DB8C865}"
EndProject
Project("{8BC9CEB8-8B4A-11D0-8D11-00A0C91BC942}") = "EXP_expressions", "..\..\expression\EXP_expressions.vcproj", "{82E916FB-CB37-4B97-9AC9-FC500A9A1D6B}"
EndProject
Project("{8BC9CEB8-8B4A-11D0-8D11-00A0C91BC942}") = "SCA_GameLogic", "..\..\gamelogic\SCA_GameLogic.vcproj", "{E17560B0-E3B0-4514-AE4C-56140FCB104D}"
EndProject
Project("{8BC9CEB8-8B4A-11D0-8D11-00A0C91BC942}") = "KX_ketsji", "..\..\ketsji\KX_ketsji.vcproj", "{01AE366E-179B-484C-A472-C955462E8C85}"
EndProject
Project("{8BC9CEB8-8B4A-11D0-8D11-00A0C91BC942}") = "KX_network", "..\..\ketsji\network\KX_network.vcproj", "{37B78BC2-5933-4C4A-92F9-A49838DBB530}"
EndProject
Project("{8BC9CEB8-8B4A-11D0-8D11-00A0C91BC942}") = "SG_SceneGraph", "..\..\scenegraph\SG_SceneGraph.vcproj", "{5AC3CBCC-946B-48B4-B222-E9FC7E1D9C72}"
EndProject
Project("{8BC9CEB8-8B4A-11D0-8D11-00A0C91BC942}") = "NG_loopbacknetwork", "..\..\network\loopbacknetwork\NG_loopbacknetwork.vcproj", "{F2AB8ABF-7B91-407E-83CA-2731C85CA8D9}"
EndProject
Project("{8BC9CEB8-8B4A-11D0-8D11-00A0C91BC942}") = "NG_network", "..\..\network\network\NG_network.vcproj", "{0A4A062B-A8AC-4F1B-9F95-FF89AD752281}"
EndProject
Project("{8BC9CEB8-8B4A-11D0-8D11-00A0C91BC942}") = "RAS_openglrasterizer", "..\..\rasterizer\openglrasterizer\RAS_openglrasterizer.vcproj", "{7DCA5E53-B386-4680-A940-9FF0C7A8920C}"
EndProject
Project("{8BC9CEB8-8B4A-11D0-8D11-00A0C91BC942}") = "RAS_rasterizer", "..\..\rasterizer\RAS_rasterizer.vcproj", "{FC341814-26F2-4ECB-ACA3-ED2B3B388A33}"
EndProject
Project("{8BC9CEB8-8B4A-11D0-8D11-00A0C91BC942}") = "SM_fuzzics", "..\..\..\sumo\fuzzics\SM_fuzzics.vcproj", "{7296B180-3753-490A-A0F7-0A5DFC770B3A}"
EndProject
Project("{8BC9CEB8-8B4A-11D0-8D11-00A0C91BC942}") = "SM_moto", "..\..\..\sumo\moto\SM_moto.vcproj", "{89FA51E4-CDC4-43DD-BF07-DE6E176032A4}"
EndProject
Project("{8BC9CEB8-8B4A-11D0-8D11-00A0C91BC942}") = "SM_solid", "..\..\..\sumo\solid\SM_solid.vcproj", "{2C408CC2-83FF-4F3A-BA4D-CE4EBF916C0F}"
EndProject
Project("{8BC9CEB8-8B4A-11D0-8D11-00A0C91BC942}") = "SND_openal", "..\..\sound\openal\SND_openal.vcproj", "{7E3C1F0D-B34A-4A39-A9F6-DA2EFF574A56}"
EndProject
Project("{8BC9CEB8-8B4A-11D0-8D11-00A0C91BC942}") = "SND_sound", "..\..\sound\SND_sound.vcproj", "{99AEE691-EE90-45FD-99CF-7DC8B88412DA}"
EndProject
Project("{8BC9CEB8-8B4A-11D0-8D11-00A0C91BC942}") = "SYS_system", "..\..\..\kernel\system\SYS_system.vcproj", "{8FBB3B15-C96A-463B-ACAB-204F72EEE528}"
EndProject
Project("{8BC9CEB8-8B4A-11D0-8D11-00A0C91BC942}") = "gp", "gp.vcproj", "{3762B5C0-738D-49CF-956F-8C9D7DA04BE9}"
EndProject
Project("{8BC9CEB8-8B4A-11D0-8D11-00A0C91BC942}") = "gpplugin", "gpplugin.vcproj", "{A95B20E5-BBAF-4574-A992-86C34367680F}"
EndProject
Global
	GlobalSection(SolutionConfiguration) = preSolution
		ConfigName.0 = Debug
		ConfigName.1 = MT DLL Debug
		ConfigName.2 = MT DLL Release
		ConfigName.3 = Profile
		ConfigName.4 = Release
	EndGlobalSection
	GlobalSection(ProjectDependencies) = postSolution
		{3762B5C0-738D-49CF-956F-8C9D7DA04BE9}.0 = {8FBB3B15-C96A-463B-ACAB-204F72EEE528}
		{3762B5C0-738D-49CF-956F-8C9D7DA04BE9}.1 = {99AEE691-EE90-45FD-99CF-7DC8B88412DA}
		{3762B5C0-738D-49CF-956F-8C9D7DA04BE9}.2 = {7E3C1F0D-B34A-4A39-A9F6-DA2EFF574A56}
		{3762B5C0-738D-49CF-956F-8C9D7DA04BE9}.3 = {2C408CC2-83FF-4F3A-BA4D-CE4EBF916C0F}
		{3762B5C0-738D-49CF-956F-8C9D7DA04BE9}.4 = {89FA51E4-CDC4-43DD-BF07-DE6E176032A4}
		{3762B5C0-738D-49CF-956F-8C9D7DA04BE9}.5 = {7296B180-3753-490A-A0F7-0A5DFC770B3A}
		{3762B5C0-738D-49CF-956F-8C9D7DA04BE9}.6 = {FC341814-26F2-4ECB-ACA3-ED2B3B388A33}
		{3762B5C0-738D-49CF-956F-8C9D7DA04BE9}.7 = {7DCA5E53-B386-4680-A940-9FF0C7A8920C}
		{3762B5C0-738D-49CF-956F-8C9D7DA04BE9}.8 = {0A4A062B-A8AC-4F1B-9F95-FF89AD752281}
		{3762B5C0-738D-49CF-956F-8C9D7DA04BE9}.9 = {F2AB8ABF-7B91-407E-83CA-2731C85CA8D9}
		{3762B5C0-738D-49CF-956F-8C9D7DA04BE9}.10 = {5AC3CBCC-946B-48B4-B222-E9FC7E1D9C72}
		{3762B5C0-738D-49CF-956F-8C9D7DA04BE9}.11 = {37B78BC2-5933-4C4A-92F9-A49838DBB530}
		{3762B5C0-738D-49CF-956F-8C9D7DA04BE9}.12 = {01AE366E-179B-484C-A472-C955462E8C85}
		{3762B5C0-738D-49CF-956F-8C9D7DA04BE9}.13 = {E17560B0-E3B0-4514-AE4C-56140FCB104D}
		{3762B5C0-738D-49CF-956F-8C9D7DA04BE9}.14 = {82E916FB-CB37-4B97-9AC9-FC500A9A1D6B}
		{A95B20E5-BBAF-4574-A992-86C34367680F}.0 = {8FBB3B15-C96A-463B-ACAB-204F72EEE528}
		{A95B20E5-BBAF-4574-A992-86C34367680F}.1 = {99AEE691-EE90-45FD-99CF-7DC8B88412DA}
		{A95B20E5-BBAF-4574-A992-86C34367680F}.2 = {7E3C1F0D-B34A-4A39-A9F6-DA2EFF574A56}
		{A95B20E5-BBAF-4574-A992-86C34367680F}.3 = {2C408CC2-83FF-4F3A-BA4D-CE4EBF916C0F}
		{A95B20E5-BBAF-4574-A992-86C34367680F}.4 = {89FA51E4-CDC4-43DD-BF07-DE6E176032A4}
		{A95B20E5-BBAF-4574-A992-86C34367680F}.5 = {7296B180-3753-490A-A0F7-0A5DFC770B3A}
		{A95B20E5-BBAF-4574-A992-86C34367680F}.6 = {FC341814-26F2-4ECB-ACA3-ED2B3B388A33}
		{A95B20E5-BBAF-4574-A992-86C34367680F}.7 = {7DCA5E53-B386-4680-A940-9FF0C7A8920C}
		{A95B20E5-BBAF-4574-A992-86C34367680F}.8 = {0A4A062B-A8AC-4F1B-9F95-FF89AD752281}
		{A95B20E5-BBAF-4574-A992-86C34367680F}.9 = {F2AB8ABF-7B91-407E-83CA-2731C85CA8D9}
		{A95B20E5-BBAF-4574-A992-86C34367680F}.10 = {5AC3CBCC-946B-48B4-B222-E9FC7E1D9C72}
		{A95B20E5-BBAF-4574-A992-86C34367680F}.11 = {37B78BC2-5933-4C4A-92F9-A49838DBB530}
		{A95B20E5-BBAF-4574-A992-86C34367680F}.12 = {01AE366E-179B-484C-A472-C955462E8C85}
		{A95B20E5-BBAF-4574-A992-86C34367680F}.13 = {E17560B0-E3B0-4514-AE4C-56140FCB104D}
		{A95B20E5-BBAF-4574-A992-86C34367680F}.14 = {82E916FB-CB37-4B97-9AC9-FC500A9A1D6B}
	EndGlobalSection
	GlobalSection(ProjectConfiguration) = postSolution
		{352D2F3D-4A94-4938-9A00-CD404DB8C865}.Debug.ActiveCfg = Debug|Win32
		{352D2F3D-4A94-4938-9A00-CD404DB8C865}.Debug.Build.0 = Debug|Win32
		{352D2F3D-4A94-4938-9A00-CD404DB8C865}.MT DLL Debug.ActiveCfg = MT DLL Debug|Win32
		{352D2F3D-4A94-4938-9A00-CD404DB8C865}.MT DLL Debug.Build.0 = MT DLL Debug|Win32
		{352D2F3D-4A94-4938-9A00-CD404DB8C865}.MT DLL Release.ActiveCfg = MT DLL Release|Win32
		{352D2F3D-4A94-4938-9A00-CD404DB8C865}.MT DLL Release.Build.0 = MT DLL Release|Win32
		{352D2F3D-4A94-4938-9A00-CD404DB8C865}.Profile.ActiveCfg = Release|Win32
		{352D2F3D-4A94-4938-9A00-CD404DB8C865}.Profile.Build.0 = Release|Win32
		{352D2F3D-4A94-4938-9A00-CD404DB8C865}.Release.ActiveCfg = Release|Win32
		{352D2F3D-4A94-4938-9A00-CD404DB8C865}.Release.Build.0 = Release|Win32
		{82E916FB-CB37-4B97-9AC9-FC500A9A1D6B}.Debug.ActiveCfg = Debug|Win32
		{82E916FB-CB37-4B97-9AC9-FC500A9A1D6B}.Debug.Build.0 = Debug|Win32
		{82E916FB-CB37-4B97-9AC9-FC500A9A1D6B}.MT DLL Debug.ActiveCfg = MT DLL Debug|Win32
		{82E916FB-CB37-4B97-9AC9-FC500A9A1D6B}.MT DLL Debug.Build.0 = MT DLL Debug|Win32
		{82E916FB-CB37-4B97-9AC9-FC500A9A1D6B}.MT DLL Release.ActiveCfg = MT DLL Release|Win32
		{82E916FB-CB37-4B97-9AC9-FC500A9A1D6B}.MT DLL Release.Build.0 = MT DLL Release|Win32
		{82E916FB-CB37-4B97-9AC9-FC500A9A1D6B}.Profile.ActiveCfg = Release|Win32
		{82E916FB-CB37-4B97-9AC9-FC500A9A1D6B}.Profile.Build.0 = Release|Win32
		{82E916FB-CB37-4B97-9AC9-FC500A9A1D6B}.Release.ActiveCfg = Release|Win32
		{82E916FB-CB37-4B97-9AC9-FC500A9A1D6B}.Release.Build.0 = Release|Win32
		{E17560B0-E3B0-4514-AE4C-56140FCB104D}.Debug.ActiveCfg = Debug|Win32
		{E17560B0-E3B0-4514-AE4C-56140FCB104D}.Debug.Build.0 = Debug|Win32
		{E17560B0-E3B0-4514-AE4C-56140FCB104D}.MT DLL Debug.ActiveCfg = MT DLL Debug|Win32
		{E17560B0-E3B0-4514-AE4C-56140FCB104D}.MT DLL Debug.Build.0 = MT DLL Debug|Win32
		{E17560B0-E3B0-4514-AE4C-56140FCB104D}.MT DLL Release.ActiveCfg = MT DLL Release|Win32
		{E17560B0-E3B0-4514-AE4C-56140FCB104D}.MT DLL Release.Build.0 = MT DLL Release|Win32
		{E17560B0-E3B0-4514-AE4C-56140FCB104D}.Profile.ActiveCfg = MT DLL Debug|Win32
		{E17560B0-E3B0-4514-AE4C-56140FCB104D}.Profile.Build.0 = MT DLL Debug|Win32
		{E17560B0-E3B0-4514-AE4C-56140FCB104D}.Release.ActiveCfg = Release|Win32
		{E17560B0-E3B0-4514-AE4C-56140FCB104D}.Release.Build.0 = Release|Win32
		{01AE366E-179B-484C-A472-C955462E8C85}.Debug.ActiveCfg = Debug|Win32
		{01AE366E-179B-484C-A472-C955462E8C85}.Debug.Build.0 = Debug|Win32
		{01AE366E-179B-484C-A472-C955462E8C85}.MT DLL Debug.ActiveCfg = MT DLL Debug|Win32
		{01AE366E-179B-484C-A472-C955462E8C85}.MT DLL Debug.Build.0 = MT DLL Debug|Win32
		{01AE366E-179B-484C-A472-C955462E8C85}.MT DLL Release.ActiveCfg = MT DLL Release|Win32
		{01AE366E-179B-484C-A472-C955462E8C85}.MT DLL Release.Build.0 = MT DLL Release|Win32
		{01AE366E-179B-484C-A472-C955462E8C85}.Profile.ActiveCfg = Release|Win32
		{01AE366E-179B-484C-A472-C955462E8C85}.Profile.Build.0 = Release|Win32
		{01AE366E-179B-484C-A472-C955462E8C85}.Release.ActiveCfg = Release|Win32
		{01AE366E-179B-484C-A472-C955462E8C85}.Release.Build.0 = Release|Win32
		{37B78BC2-5933-4C4A-92F9-A49838DBB530}.Debug.ActiveCfg = Debug|Win32
		{37B78BC2-5933-4C4A-92F9-A49838DBB530}.Debug.Build.0 = Debug|Win32
		{37B78BC2-5933-4C4A-92F9-A49838DBB530}.MT DLL Debug.ActiveCfg = MT DLL Debug|Win32
		{37B78BC2-5933-4C4A-92F9-A49838DBB530}.MT DLL Debug.Build.0 = MT DLL Debug|Win32
		{37B78BC2-5933-4C4A-92F9-A49838DBB530}.MT DLL Release.ActiveCfg = MT DLL Release|Win32
		{37B78BC2-5933-4C4A-92F9-A49838DBB530}.MT DLL Release.Build.0 = MT DLL Release|Win32
		{37B78BC2-5933-4C4A-92F9-A49838DBB530}.Profile.ActiveCfg = MT DLL Debug|Win32
		{37B78BC2-5933-4C4A-92F9-A49838DBB530}.Profile.Build.0 = MT DLL Debug|Win32
		{37B78BC2-5933-4C4A-92F9-A49838DBB530}.Release.ActiveCfg = Release|Win32
		{37B78BC2-5933-4C4A-92F9-A49838DBB530}.Release.Build.0 = Release|Win32
		{5AC3CBCC-946B-48B4-B222-E9FC7E1D9C72}.Debug.ActiveCfg = Debug|Win32
		{5AC3CBCC-946B-48B4-B222-E9FC7E1D9C72}.Debug.Build.0 = Debug|Win32
		{5AC3CBCC-946B-48B4-B222-E9FC7E1D9C72}.MT DLL Debug.ActiveCfg = MT DLL Debug|Win32
		{5AC3CBCC-946B-48B4-B222-E9FC7E1D9C72}.MT DLL Debug.Build.0 = MT DLL Debug|Win32
		{5AC3CBCC-946B-48B4-B222-E9FC7E1D9C72}.MT DLL Release.ActiveCfg = MT DLL Release|Win32
		{5AC3CBCC-946B-48B4-B222-E9FC7E1D9C72}.MT DLL Release.Build.0 = MT DLL Release|Win32
		{5AC3CBCC-946B-48B4-B222-E9FC7E1D9C72}.Profile.ActiveCfg = MT DLL Release|Win32
		{5AC3CBCC-946B-48B4-B222-E9FC7E1D9C72}.Profile.Build.0 = MT DLL Release|Win32
		{5AC3CBCC-946B-48B4-B222-E9FC7E1D9C72}.Release.ActiveCfg = Release|Win32
		{5AC3CBCC-946B-48B4-B222-E9FC7E1D9C72}.Release.Build.0 = Release|Win32
		{F2AB8ABF-7B91-407E-83CA-2731C85CA8D9}.Debug.ActiveCfg = Debug|Win32
		{F2AB8ABF-7B91-407E-83CA-2731C85CA8D9}.Debug.Build.0 = Debug|Win32
		{F2AB8ABF-7B91-407E-83CA-2731C85CA8D9}.MT DLL Debug.ActiveCfg = MT DLL Debug|Win32
		{F2AB8ABF-7B91-407E-83CA-2731C85CA8D9}.MT DLL Debug.Build.0 = MT DLL Debug|Win32
		{F2AB8ABF-7B91-407E-83CA-2731C85CA8D9}.MT DLL Release.ActiveCfg = MT DLL Release|Win32
		{F2AB8ABF-7B91-407E-83CA-2731C85CA8D9}.MT DLL Release.Build.0 = MT DLL Release|Win32
		{F2AB8ABF-7B91-407E-83CA-2731C85CA8D9}.Profile.ActiveCfg = MT DLL Debug|Win32
		{F2AB8ABF-7B91-407E-83CA-2731C85CA8D9}.Profile.Build.0 = MT DLL Debug|Win32
		{F2AB8ABF-7B91-407E-83CA-2731C85CA8D9}.Release.ActiveCfg = Release|Win32
		{F2AB8ABF-7B91-407E-83CA-2731C85CA8D9}.Release.Build.0 = Release|Win32
		{0A4A062B-A8AC-4F1B-9F95-FF89AD752281}.Debug.ActiveCfg = Debug|Win32
		{0A4A062B-A8AC-4F1B-9F95-FF89AD752281}.Debug.Build.0 = Debug|Win32
		{0A4A062B-A8AC-4F1B-9F95-FF89AD752281}.MT DLL Debug.ActiveCfg = MT DLL Debug|Win32
		{0A4A062B-A8AC-4F1B-9F95-FF89AD752281}.MT DLL Debug.Build.0 = MT DLL Debug|Win32
		{0A4A062B-A8AC-4F1B-9F95-FF89AD752281}.MT DLL Release.ActiveCfg = MT DLL Release|Win32
		{0A4A062B-A8AC-4F1B-9F95-FF89AD752281}.MT DLL Release.Build.0 = MT DLL Release|Win32
		{0A4A062B-A8AC-4F1B-9F95-FF89AD752281}.Profile.ActiveCfg = Debug|Win32
		{0A4A062B-A8AC-4F1B-9F95-FF89AD752281}.Profile.Build.0 = Debug|Win32
		{0A4A062B-A8AC-4F1B-9F95-FF89AD752281}.Release.ActiveCfg = Release|Win32
		{0A4A062B-A8AC-4F1B-9F95-FF89AD752281}.Release.Build.0 = Release|Win32
		{7DCA5E53-B386-4680-A940-9FF0C7A8920C}.Debug.ActiveCfg = Debug|Win32
		{7DCA5E53-B386-4680-A940-9FF0C7A8920C}.Debug.Build.0 = Debug|Win32
		{7DCA5E53-B386-4680-A940-9FF0C7A8920C}.MT DLL Debug.ActiveCfg = MT DLL Debug|Win32
		{7DCA5E53-B386-4680-A940-9FF0C7A8920C}.MT DLL Debug.Build.0 = MT DLL Debug|Win32
		{7DCA5E53-B386-4680-A940-9FF0C7A8920C}.MT DLL Release.ActiveCfg = MT DLL Release|Win32
		{7DCA5E53-B386-4680-A940-9FF0C7A8920C}.MT DLL Release.Build.0 = MT DLL Release|Win32
		{7DCA5E53-B386-4680-A940-9FF0C7A8920C}.Profile.ActiveCfg = Release|Win32
		{7DCA5E53-B386-4680-A940-9FF0C7A8920C}.Profile.Build.0 = Release|Win32
		{7DCA5E53-B386-4680-A940-9FF0C7A8920C}.Release.ActiveCfg = Release|Win32
		{7DCA5E53-B386-4680-A940-9FF0C7A8920C}.Release.Build.0 = Release|Win32
		{FC341814-26F2-4ECB-ACA3-ED2B3B388A33}.Debug.ActiveCfg = Debug|Win32
		{FC341814-26F2-4ECB-ACA3-ED2B3B388A33}.Debug.Build.0 = Debug|Win32
		{FC341814-26F2-4ECB-ACA3-ED2B3B388A33}.MT DLL Debug.ActiveCfg = MT DLL Debug|Win32
		{FC341814-26F2-4ECB-ACA3-ED2B3B388A33}.MT DLL Debug.Build.0 = MT DLL Debug|Win32
		{FC341814-26F2-4ECB-ACA3-ED2B3B388A33}.MT DLL Release.ActiveCfg = MT DLL Release|Win32
		{FC341814-26F2-4ECB-ACA3-ED2B3B388A33}.MT DLL Release.Build.0 = MT DLL Release|Win32
		{FC341814-26F2-4ECB-ACA3-ED2B3B388A33}.Profile.ActiveCfg = MT DLL Debug|Win32
		{FC341814-26F2-4ECB-ACA3-ED2B3B388A33}.Profile.Build.0 = MT DLL Debug|Win32
		{FC341814-26F2-4ECB-ACA3-ED2B3B388A33}.Release.ActiveCfg = Release|Win32
		{FC341814-26F2-4ECB-ACA3-ED2B3B388A33}.Release.Build.0 = Release|Win32
		{7296B180-3753-490A-A0F7-0A5DFC770B3A}.Debug.ActiveCfg = Debug|Win32
		{7296B180-3753-490A-A0F7-0A5DFC770B3A}.Debug.Build.0 = Debug|Win32
		{7296B180-3753-490A-A0F7-0A5DFC770B3A}.MT DLL Debug.ActiveCfg = MT DLL Debug|Win32
		{7296B180-3753-490A-A0F7-0A5DFC770B3A}.MT DLL Debug.Build.0 = MT DLL Debug|Win32
		{7296B180-3753-490A-A0F7-0A5DFC770B3A}.MT DLL Release.ActiveCfg = MT DLL Release|Win32
		{7296B180-3753-490A-A0F7-0A5DFC770B3A}.MT DLL Release.Build.0 = MT DLL Release|Win32
		{7296B180-3753-490A-A0F7-0A5DFC770B3A}.Profile.ActiveCfg = Profile|Win32
		{7296B180-3753-490A-A0F7-0A5DFC770B3A}.Profile.Build.0 = Profile|Win32
		{7296B180-3753-490A-A0F7-0A5DFC770B3A}.Release.ActiveCfg = Release|Win32
		{7296B180-3753-490A-A0F7-0A5DFC770B3A}.Release.Build.0 = Release|Win32
		{89FA51E4-CDC4-43DD-BF07-DE6E176032A4}.Debug.ActiveCfg = Debug|Win32
		{89FA51E4-CDC4-43DD-BF07-DE6E176032A4}.Debug.Build.0 = Debug|Win32
		{89FA51E4-CDC4-43DD-BF07-DE6E176032A4}.MT DLL Debug.ActiveCfg = MT DLL Debug|Win32
		{89FA51E4-CDC4-43DD-BF07-DE6E176032A4}.MT DLL Debug.Build.0 = MT DLL Debug|Win32
		{89FA51E4-CDC4-43DD-BF07-DE6E176032A4}.MT DLL Release.ActiveCfg = MT DLL Release|Win32
		{89FA51E4-CDC4-43DD-BF07-DE6E176032A4}.MT DLL Release.Build.0 = MT DLL Release|Win32
		{89FA51E4-CDC4-43DD-BF07-DE6E176032A4}.Profile.ActiveCfg = Profile|Win32
		{89FA51E4-CDC4-43DD-BF07-DE6E176032A4}.Profile.Build.0 = Profile|Win32
		{89FA51E4-CDC4-43DD-BF07-DE6E176032A4}.Release.ActiveCfg = Release|Win32
		{89FA51E4-CDC4-43DD-BF07-DE6E176032A4}.Release.Build.0 = Release|Win32
		{2C408CC2-83FF-4F3A-BA4D-CE4EBF916C0F}.Debug.ActiveCfg = Debug|Win32
		{2C408CC2-83FF-4F3A-BA4D-CE4EBF916C0F}.Debug.Build.0 = Debug|Win32
		{2C408CC2-83FF-4F3A-BA4D-CE4EBF916C0F}.MT DLL Debug.ActiveCfg = MT DLL Debug|Win32
		{2C408CC2-83FF-4F3A-BA4D-CE4EBF916C0F}.MT DLL Debug.Build.0 = MT DLL Debug|Win32
		{2C408CC2-83FF-4F3A-BA4D-CE4EBF916C0F}.MT DLL Release.ActiveCfg = MT DLL Release|Win32
		{2C408CC2-83FF-4F3A-BA4D-CE4EBF916C0F}.MT DLL Release.Build.0 = MT DLL Release|Win32
		{2C408CC2-83FF-4F3A-BA4D-CE4EBF916C0F}.Profile.ActiveCfg = MT DLL Release|Win32
		{2C408CC2-83FF-4F3A-BA4D-CE4EBF916C0F}.Profile.Build.0 = MT DLL Release|Win32
		{2C408CC2-83FF-4F3A-BA4D-CE4EBF916C0F}.Release.ActiveCfg = Release|Win32
		{2C408CC2-83FF-4F3A-BA4D-CE4EBF916C0F}.Release.Build.0 = Release|Win32
		{7E3C1F0D-B34A-4A39-A9F6-DA2EFF574A56}.Debug.ActiveCfg = Debug|Win32
		{7E3C1F0D-B34A-4A39-A9F6-DA2EFF574A56}.Debug.Build.0 = Debug|Win32
		{7E3C1F0D-B34A-4A39-A9F6-DA2EFF574A56}.MT DLL Debug.ActiveCfg = MT DLL Debug|Win32
		{7E3C1F0D-B34A-4A39-A9F6-DA2EFF574A56}.MT DLL Debug.Build.0 = MT DLL Debug|Win32
		{7E3C1F0D-B34A-4A39-A9F6-DA2EFF574A56}.MT DLL Release.ActiveCfg = MT DLL Release|Win32
		{7E3C1F0D-B34A-4A39-A9F6-DA2EFF574A56}.MT DLL Release.Build.0 = MT DLL Release|Win32
		{7E3C1F0D-B34A-4A39-A9F6-DA2EFF574A56}.Profile.ActiveCfg = MT DLL Release|Win32
		{7E3C1F0D-B34A-4A39-A9F6-DA2EFF574A56}.Profile.Build.0 = MT DLL Release|Win32
		{7E3C1F0D-B34A-4A39-A9F6-DA2EFF574A56}.Release.ActiveCfg = Release|Win32
		{7E3C1F0D-B34A-4A39-A9F6-DA2EFF574A56}.Release.Build.0 = Release|Win32
		{99AEE691-EE90-45FD-99CF-7DC8B88412DA}.Debug.ActiveCfg = Debug|Win32
		{99AEE691-EE90-45FD-99CF-7DC8B88412DA}.Debug.Build.0 = Debug|Win32
		{99AEE691-EE90-45FD-99CF-7DC8B88412DA}.MT DLL Debug.ActiveCfg = MT DLL Debug|Win32
		{99AEE691-EE90-45FD-99CF-7DC8B88412DA}.MT DLL Debug.Build.0 = MT DLL Debug|Win32
		{99AEE691-EE90-45FD-99CF-7DC8B88412DA}.MT DLL Release.ActiveCfg = MT DLL Release|Win32
		{99AEE691-EE90-45FD-99CF-7DC8B88412DA}.MT DLL Release.Build.0 = MT DLL Release|Win32
		{99AEE691-EE90-45FD-99CF-7DC8B88412DA}.Profile.ActiveCfg = Debug|Win32
		{99AEE691-EE90-45FD-99CF-7DC8B88412DA}.Profile.Build.0 = Debug|Win32
		{99AEE691-EE90-45FD-99CF-7DC8B88412DA}.Release.ActiveCfg = Release|Win32
		{99AEE691-EE90-45FD-99CF-7DC8B88412DA}.Release.Build.0 = Release|Win32
		{8FBB3B15-C96A-463B-ACAB-204F72EEE528}.Debug.ActiveCfg = Debug|Win32
		{8FBB3B15-C96A-463B-ACAB-204F72EEE528}.Debug.Build.0 = Debug|Win32
		{8FBB3B15-C96A-463B-ACAB-204F72EEE528}.MT DLL Debug.ActiveCfg = MT DLL Debug|Win32
		{8FBB3B15-C96A-463B-ACAB-204F72EEE528}.MT DLL Debug.Build.0 = MT DLL Debug|Win32
		{8FBB3B15-C96A-463B-ACAB-204F72EEE528}.MT DLL Release.ActiveCfg = MT DLL Release|Win32
		{8FBB3B15-C96A-463B-ACAB-204F72EEE528}.MT DLL Release.Build.0 = MT DLL Release|Win32
		{8FBB3B15-C96A-463B-ACAB-204F72EEE528}.Profile.ActiveCfg = Release|Win32
		{8FBB3B15-C96A-463B-ACAB-204F72EEE528}.Profile.Build.0 = Release|Win32
		{8FBB3B15-C96A-463B-ACAB-204F72EEE528}.Release.ActiveCfg = Release|Win32
		{8FBB3B15-C96A-463B-ACAB-204F72EEE528}.Release.Build.0 = Release|Win32
		{3762B5C0-738D-49CF-956F-8C9D7DA04BE9}.Debug.ActiveCfg = Debug|Win32
		{3762B5C0-738D-49CF-956F-8C9D7DA04BE9}.Debug.Build.0 = Debug|Win32
		{3762B5C0-738D-49CF-956F-8C9D7DA04BE9}.MT DLL Debug.ActiveCfg = Debug|Win32
		{3762B5C0-738D-49CF-956F-8C9D7DA04BE9}.MT DLL Debug.Build.0 = Debug|Win32
		{3762B5C0-738D-49CF-956F-8C9D7DA04BE9}.MT DLL Release.ActiveCfg = Release|Win32
		{3762B5C0-738D-49CF-956F-8C9D7DA04BE9}.MT DLL Release.Build.0 = Release|Win32
		{3762B5C0-738D-49CF-956F-8C9D7DA04BE9}.Profile.ActiveCfg = Debug|Win32
		{3762B5C0-738D-49CF-956F-8C9D7DA04BE9}.Profile.Build.0 = Debug|Win32
		{3762B5C0-738D-49CF-956F-8C9D7DA04BE9}.Release.ActiveCfg = Release|Win32
		{3762B5C0-738D-49CF-956F-8C9D7DA04BE9}.Release.Build.0 = Release|Win32
		{A95B20E5-BBAF-4574-A992-86C34367680F}.Debug.ActiveCfg = Debug|Win32
		{A95B20E5-BBAF-4574-A992-86C34367680F}.Debug.Build.0 = Debug|Win32
		{A95B20E5-BBAF-4574-A992-86C34367680F}.MT DLL Debug.ActiveCfg = Debug|Win32
		{A95B20E5-BBAF-4574-A992-86C34367680F}.MT DLL Debug.Build.0 = Debug|Win32
		{A95B20E5-BBAF-4574-A992-86C34367680F}.MT DLL Release.ActiveCfg = Release|Win32
		{A95B20E5-BBAF-4574-A992-86C34367680F}.MT DLL Release.Build.0 = Release|Win32
		{A95B20E5-BBAF-4574-A992-86C34367680F}.Profile.ActiveCfg = Release|Win32
		{A95B20E5-BBAF-4574-A992-86C34367680F}.Profile.Build.0 = Release|Win32
		{A95B20E5-BBAF-4574-A992-86C34367680F}.Release.ActiveCfg = Release|Win32
		{A95B20E5-BBAF-4574-A992-86C34367680F}.Release.Build.0 = Release|Win32
	EndGlobalSection
	GlobalSection(ExtensibilityGlobals) = postSolution
	EndGlobalSection
	GlobalSection(ExtensibilityAddIns) = postSolution
	EndGlobalSection
EndGlobal
