
Microsoft Visual Studio Solution File, Format Version 9.00
# Visual C++ Express 2005
Project("{8BC9CEB8-8B4A-11D0-8D11-00A0C91BC942}") = "Freestyle", "app\app.vcproj", "{B56F2464-158F-32C1-A9F7-EE85397706EC}"
	ProjectSection(ProjectDependencies) = postProject
		{555B73B2-B07B-3865-9D41-0FB69091E0C9} = {555B73B2-B07B-3865-9D41-0FB69091E0C9}
		{F6589FA0-9FA2-31F9-BD0F-FFE303DE8759} = {F6589FA0-9FA2-31F9-BD0F-FFE303DE8759}
		{9A93A87D-09E4-3492-A68C-A7B1A38DE002} = {9A93A87D-09E4-3492-A68C-A7B1A38DE002}
		{3804962B-1D5B-382E-B69E-96FFB2372A46} = {3804962B-1D5B-382E-B69E-96FFB2372A46}
		{A494B81F-F5EC-35DE-8DDC-4F6FD6B536D5} = {A494B81F-F5EC-35DE-8DDC-4F6FD6B536D5}
		{35891119-E049-35BB-AB8E-8536817F5CEE} = {35891119-E049-35BB-AB8E-8536817F5CEE}
		{0FDD8610-0785-3089-900D-53F786E9AC9B} = {0FDD8610-0785-3089-900D-53F786E9AC9B}
		{1D57A40D-AE4B-3E40-A023-4F37C9D7446C} = {1D57A40D-AE4B-3E40-A023-4F37C9D7446C}
	EndProjectSection
EndProject
Project("{8BC9CEB8-8B4A-11D0-8D11-00A0C91BC942}") = "FreestyleGeometry", "geometry\geometry.vcproj", "{1D57A40D-AE4B-3E40-A023-4F37C9D7446C}"
EndProject
Project("{8BC9CEB8-8B4A-11D0-8D11-00A0C91BC942}") = "FreestyleImage", "image\image.vcproj", "{A494B81F-F5EC-35DE-8DDC-4F6FD6B536D5}"
EndProject
Project("{8BC9CEB8-8B4A-11D0-8D11-00A0C91BC942}") = "FreestyleRendering", "rendering\rendering.vcproj", "{0FDD8610-0785-3089-900D-53F786E9AC9B}"
	ProjectSection(ProjectDependencies) = postProject
		{1D57A40D-AE4B-3E40-A023-4F37C9D7446C} = {1D57A40D-AE4B-3E40-A023-4F37C9D7446C}
		{35891119-E049-35BB-AB8E-8536817F5CEE} = {35891119-E049-35BB-AB8E-8536817F5CEE}
		{3804962B-1D5B-382E-B69E-96FFB2372A46} = {3804962B-1D5B-382E-B69E-96FFB2372A46}
		{9A93A87D-09E4-3492-A68C-A7B1A38DE002} = {9A93A87D-09E4-3492-A68C-A7B1A38DE002}
	EndProjectSection
EndProject
Project("{8BC9CEB8-8B4A-11D0-8D11-00A0C91BC942}") = "FreestyleSceneGraph", "scene_graph\scene_graph.vcproj", "{35891119-E049-35BB-AB8E-8536817F5CEE}"
	ProjectSection(ProjectDependencies) = postProject
		{3804962B-1D5B-382E-B69E-96FFB2372A46} = {3804962B-1D5B-382E-B69E-96FFB2372A46}
		{1D57A40D-AE4B-3E40-A023-4F37C9D7446C} = {1D57A40D-AE4B-3E40-A023-4F37C9D7446C}
	EndProjectSection
EndProject
Project("{8BC9CEB8-8B4A-11D0-8D11-00A0C91BC942}") = "FreestyleStroke", "stroke\stroke.vcproj", "{9A93A87D-09E4-3492-A68C-A7B1A38DE002}"
	ProjectSection(ProjectDependencies) = postProject
		{1D57A40D-AE4B-3E40-A023-4F37C9D7446C} = {1D57A40D-AE4B-3E40-A023-4F37C9D7446C}
		{35891119-E049-35BB-AB8E-8536817F5CEE} = {35891119-E049-35BB-AB8E-8536817F5CEE}
		{3804962B-1D5B-382E-B69E-96FFB2372A46} = {3804962B-1D5B-382E-B69E-96FFB2372A46}
		{F6589FA0-9FA2-31F9-BD0F-FFE303DE8759} = {F6589FA0-9FA2-31F9-BD0F-FFE303DE8759}
		{555B73B2-B07B-3865-9D41-0FB69091E0C9} = {555B73B2-B07B-3865-9D41-0FB69091E0C9}
	EndProjectSection
EndProject
Project("{8BC9CEB8-8B4A-11D0-8D11-00A0C91BC942}") = "FreestyleSystem", "system\system.vcproj", "{3804962B-1D5B-382E-B69E-96FFB2372A46}"
EndProject
Project("{8BC9CEB8-8B4A-11D0-8D11-00A0C91BC942}") = "FreestyleViewMap", "view_map\view_map.vcproj", "{F6589FA0-9FA2-31F9-BD0F-FFE303DE8759}"
	ProjectSection(ProjectDependencies) = postProject
		{555B73B2-B07B-3865-9D41-0FB69091E0C9} = {555B73B2-B07B-3865-9D41-0FB69091E0C9}
		{3804962B-1D5B-382E-B69E-96FFB2372A46} = {3804962B-1D5B-382E-B69E-96FFB2372A46}
		{35891119-E049-35BB-AB8E-8536817F5CEE} = {35891119-E049-35BB-AB8E-8536817F5CEE}
		{1D57A40D-AE4B-3E40-A023-4F37C9D7446C} = {1D57A40D-AE4B-3E40-A023-4F37C9D7446C}
	EndProjectSection
EndProject
Project("{8BC9CEB8-8B4A-11D0-8D11-00A0C91BC942}") = "FreestyleWingedEdge", "winged_edge\winged_edge.vcproj", "{555B73B2-B07B-3865-9D41-0FB69091E0C9}"
	ProjectSection(ProjectDependencies) = postProject
		{1D57A40D-AE4B-3E40-A023-4F37C9D7446C} = {1D57A40D-AE4B-3E40-A023-4F37C9D7446C}
		{35891119-E049-35BB-AB8E-8536817F5CEE} = {35891119-E049-35BB-AB8E-8536817F5CEE}
		{3804962B-1D5B-382E-B69E-96FFB2372A46} = {3804962B-1D5B-382E-B69E-96FFB2372A46}
	EndProjectSection
EndProject
Global
	GlobalSection(SolutionConfigurationPlatforms) = preSolution
		Release|Win32 = Release|Win32
	EndGlobalSection
	GlobalSection(ProjectConfigurationPlatforms) = postSolution
		{B56F2464-158F-32C1-A9F7-EE85397706EC}.Release|Win32.ActiveCfg = Release|Win32
		{B56F2464-158F-32C1-A9F7-EE85397706EC}.Release|Win32.Build.0 = Release|Win32
		{1D57A40D-AE4B-3E40-A023-4F37C9D7446C}.Release|Win32.ActiveCfg = Release|Win32
		{1D57A40D-AE4B-3E40-A023-4F37C9D7446C}.Release|Win32.Build.0 = Release|Win32
		{A494B81F-F5EC-35DE-8DDC-4F6FD6B536D5}.Release|Win32.ActiveCfg = Release|Win32
		{A494B81F-F5EC-35DE-8DDC-4F6FD6B536D5}.Release|Win32.Build.0 = Release|Win32
		{0FDD8610-0785-3089-900D-53F786E9AC9B}.Release|Win32.ActiveCfg = Release|Win32
		{0FDD8610-0785-3089-900D-53F786E9AC9B}.Release|Win32.Build.0 = Release|Win32
		{35891119-E049-35BB-AB8E-8536817F5CEE}.Release|Win32.ActiveCfg = Release|Win32
		{35891119-E049-35BB-AB8E-8536817F5CEE}.Release|Win32.Build.0 = Release|Win32
		{9A93A87D-09E4-3492-A68C-A7B1A38DE002}.Release|Win32.ActiveCfg = Release|Win32
		{9A93A87D-09E4-3492-A68C-A7B1A38DE002}.Release|Win32.Build.0 = Release|Win32
		{3804962B-1D5B-382E-B69E-96FFB2372A46}.Release|Win32.ActiveCfg = Release|Win32
		{3804962B-1D5B-382E-B69E-96FFB2372A46}.Release|Win32.Build.0 = Release|Win32
		{F6589FA0-9FA2-31F9-BD0F-FFE303DE8759}.Release|Win32.ActiveCfg = Release|Win32
		{F6589FA0-9FA2-31F9-BD0F-FFE303DE8759}.Release|Win32.Build.0 = Release|Win32
		{555B73B2-B07B-3865-9D41-0FB69091E0C9}.Release|Win32.ActiveCfg = Release|Win32
		{555B73B2-B07B-3865-9D41-0FB69091E0C9}.Release|Win32.Build.0 = Release|Win32
	EndGlobalSection
	GlobalSection(SolutionProperties) = preSolution
		HideSolutionNode = FALSE
	EndGlobalSection
EndGlobal
